
Microsoft Visual Studio Solution File, Format Version 12.00
# Visual Studio 2012
Project("{FAE04EC0-301F-11D3-BF4B-00C04F79EFBC}") = "HOK.ColorSchemeEditor", "HOK.ColorSchemeEditor\HOK.ColorSchemeEditor.csproj", "{77211E54-127B-41FC-A7BE-64E05A21D23B}"
EndProject
Global
	GlobalSection(SolutionConfigurationPlatforms) = preSolution
		2014|Any CPU = 2014|Any CPU
		2015|Any CPU = 2015|Any CPU
		2016|Any CPU = 2016|Any CPU
		Debug|Any CPU = Debug|Any CPU
		Release|Any CPU = Release|Any CPU
	EndGlobalSection
	GlobalSection(ProjectConfigurationPlatforms) = postSolution
		{77211E54-127B-41FC-A7BE-64E05A21D23B}.2014|Any CPU.ActiveCfg = 2014|Any CPU
		{77211E54-127B-41FC-A7BE-64E05A21D23B}.2014|Any CPU.Build.0 = 2014|Any CPU
		{77211E54-127B-41FC-A7BE-64E05A21D23B}.2015|Any CPU.ActiveCfg = 2015|Any CPU
		{77211E54-127B-41FC-A7BE-64E05A21D23B}.2015|Any CPU.Build.0 = 2015|Any CPU
		{77211E54-127B-41FC-A7BE-64E05A21D23B}.2016|Any CPU.ActiveCfg = 2016|Any CPU
		{77211E54-127B-41FC-A7BE-64E05A21D23B}.2016|Any CPU.Build.0 = 2016|Any CPU
		{77211E54-127B-41FC-A7BE-64E05A21D23B}.Debug|Any CPU.ActiveCfg = Debug|Any CPU
		{77211E54-127B-41FC-A7BE-64E05A21D23B}.Debug|Any CPU.Build.0 = Debug|Any CPU
		{77211E54-127B-41FC-A7BE-64E05A21D23B}.Release|Any CPU.ActiveCfg = Release|Any CPU
		{77211E54-127B-41FC-A7BE-64E05A21D23B}.Release|Any CPU.Build.0 = Release|Any CPU
	EndGlobalSection
	GlobalSection(SolutionProperties) = preSolution
		HideSolutionNode = FALSE
	EndGlobalSection
EndGlobal
