
Microsoft Visual Studio Solution File, Format Version 11.00
# Visual Studio 2010
Project("{FAE04EC0-301F-11D3-BF4B-00C04F79EFBC}") = "HOK.BatchExporter", "HOK.BatchExporter\HOK.BatchExporter.csproj", "{E8D11900-6DFA-4ABB-8CB3-FA2EE513C565}"
EndProject
Global
	GlobalSection(SolutionConfigurationPlatforms) = preSolution
		Debug|x86 = Debug|x86
		Release|x86 = Release|x86
	EndGlobalSection
	GlobalSection(ProjectConfigurationPlatforms) = postSolution
		{E8D11900-6DFA-4ABB-8CB3-FA2EE513C565}.Debug|x86.ActiveCfg = Debug|x86
		{E8D11900-6DFA-4ABB-8CB3-FA2EE513C565}.Debug|x86.Build.0 = Debug|x86
		{E8D11900-6DFA-4ABB-8CB3-FA2EE513C565}.Release|x86.ActiveCfg = Release|x86
		{E8D11900-6DFA-4ABB-8CB3-FA2EE513C565}.Release|x86.Build.0 = Release|x86
	EndGlobalSection
	GlobalSection(SolutionProperties) = preSolution
		HideSolutionNode = FALSE
	EndGlobalSection
EndGlobal
