
Microsoft Visual Studio Solution File, Format Version 12.00
# Visual Studio 15
VisualStudioVersion = 15.0.26403.7
MinimumVisualStudioVersion = 10.0.40219.1
Project("{FAE04EC0-301F-11D3-BF4B-00C04F79EFBC}") = "HOK.MoveBackup", "HOK.MoveBackup\HOK.MoveBackup.csproj", "{3E194BD3-48D6-4C94-81C4-0A6434D0D48E}"
EndProject
Global
	GlobalSection(SolutionConfigurationPlatforms) = preSolution
		2018|x64 = 2018|x64
		2019|x64 = 2019|x64
		2020|x64 = 2020|x64
		2021|x64 = 2021|x64
		2022|x64 = 2022|x64
		2023|x64 = 2023|x64
		2024|x64 = 2024|x64
		Debug|x64 = Debug|x64
		Release|x64 = Release|x64
	EndGlobalSection
	GlobalSection(ProjectConfigurationPlatforms) = postSolution
		{3E194BD3-48D6-4C94-81C4-0A6434D0D48E}.2018|x64.ActiveCfg = 2018|x64
		{3E194BD3-48D6-4C94-81C4-0A6434D0D48E}.2018|x64.Build.0 = 2018|x64
		{3E194BD3-48D6-4C94-81C4-0A6434D0D48E}.2019|x64.ActiveCfg = 2019|x64
		{3E194BD3-48D6-4C94-81C4-0A6434D0D48E}.2019|x64.Build.0 = 2019|x64
		{3E194BD3-48D6-4C94-81C4-0A6434D0D48E}.2020|x64.ActiveCfg = 2020|x64
		{3E194BD3-48D6-4C94-81C4-0A6434D0D48E}.2020|x64.Build.0 = 2020|x64
		{3E194BD3-48D6-4C94-81C4-0A6434D0D48E}.2021|x64.ActiveCfg = 2021|x64
		{3E194BD3-48D6-4C94-81C4-0A6434D0D48E}.2021|x64.Build.0 = 2021|x64
		{3E194BD3-48D6-4C94-81C4-0A6434D0D48E}.2022|x64.ActiveCfg = 2022|x64
		{3E194BD3-48D6-4C94-81C4-0A6434D0D48E}.2022|x64.Build.0 = 2022|x64
		{3E194BD3-48D6-4C94-81C4-0A6434D0D48E}.2023|x64.ActiveCfg = 2023|x64
		{3E194BD3-48D6-4C94-81C4-0A6434D0D48E}.2023|x64.Build.0 = 2023|x64
		{3E194BD3-48D6-4C94-81C4-0A6434D0D48E}.2024|x64.ActiveCfg = 2024|x64
		{3E194BD3-48D6-4C94-81C4-0A6434D0D48E}.2024|x64.Build.0 = 2024|x64
		{3E194BD3-48D6-4C94-81C4-0A6434D0D48E}.Debug|x64.ActiveCfg = Debug|x64
		{3E194BD3-48D6-4C94-81C4-0A6434D0D48E}.Debug|x64.Build.0 = Debug|x64
		{3E194BD3-48D6-4C94-81C4-0A6434D0D48E}.Release|x64.ActiveCfg = Release|x64
		{3E194BD3-48D6-4C94-81C4-0A6434D0D48E}.Release|x64.Build.0 = Release|x64
	EndGlobalSection
	GlobalSection(SolutionProperties) = preSolution
		HideSolutionNode = FALSE
	EndGlobalSection
	GlobalSection(ExtensibilityGlobals) = postSolution
		SolutionGuid = {A731B2C6-C410-4005-A856-0B9AEFFA1BFF}
	EndGlobalSection
EndGlobal
