Microsoft Visual Studio Solution File, Format Version 12.00
# Visual Studio Version 17
VisualStudioVersion = 17.10.35013.160
MinimumVisualStudioVersion = 10.0.40219.1
Project("{9A19103F-16F7-4668-BE54-9A1E7A4F7556}") = "HOK.MissionControl", "HOK.MissionControl\HOK.MissionControl.csproj", "{8F2BB60A-09BC-41EC-A013-2AE8BE5BCEC9}"
EndProject
Project("{9A19103F-16F7-4668-BE54-9A1E7A4F7556}") = "HOK.MissionControl.Core", "HOK.MissionControl.Core\HOK.MissionControl.Core.csproj", "{09FDA7EE-7A4B-4D34-8B22-4CE0AF04CCE0}"
EndProject
Project("{9A19103F-16F7-4668-BE54-9A1E7A4F7556}") = "HOK.MissionControl.FamilyPublish", "HOK.MissionControl.FamilyPublish\HOK.MissionControl.FamilyPublish.csproj", "{8E18902C-90D5-44DA-B72D-E3F129A67161}"
EndProject
Project("{FAE04EC0-301F-11D3-BF4B-00C04F79EFBC}") = "HOK.MissionControl.LinksManager", "HOK.MissionControl.LinksManager\HOK.MissionControl.LinksManager.csproj", "{E991EB9A-F941-4D5F-800B-70256741AB0E}"
EndProject
Project("{9A19103F-16F7-4668-BE54-9A1E7A4F7556}") = "HOK.MissionControl.GroupsManager", "HOK.MissionControl.GroupsManager\HOK.MissionControl.GroupsManager.csproj", "{FF7AE329-D079-40EC-AA8B-25862DD65E01}"
EndProject
Project("{FAE04EC0-301F-11D3-BF4B-00C04F79EFBC}") = "HOK.MissionControl.StylesManager", "HOK.MissionControl.StylesManager\HOK.MissionControl.StylesManager.csproj", "{D2C4685D-4A9C-4B59-9C4A-161748710CDF}"
EndProject
Global
	GlobalSection(SolutionConfigurationPlatforms) = preSolution
		Debug R19|x64 = Debug R19|x64
		Debug R20|x64 = Debug R20|x64
		Debug R21|x64 = Debug R21|x64
		Debug R22|x64 = Debug R22|x64
		Debug R23|x64 = Debug R23|x64
		Debug R24|x64 = Debug R24|x64
		Debug R25|x64 = Debug R25|x64
		Debug R26|x64 = Debug R26|x64
		Release R19|x64 = Release R19|x64
		Release R20|x64 = Release R20|x64
		Release R21|x64 = Release R21|x64
		Release R22|x64 = Release R22|x64
		Release R23|x64 = Release R23|x64
		Release R24|x64 = Release R24|x64
		Release R25|x64 = Release R25|x64
		Release R26|x64 = Release R26|x64
	EndGlobalSection
	GlobalSection(ProjectConfigurationPlatforms) = postSolution
		{8F2BB60A-09BC-41EC-A013-2AE8BE5BCEC9}.Debug R19|x64.ActiveCfg = Debug R19|x64
		{8F2BB60A-09BC-41EC-A013-2AE8BE5BCEC9}.Debug R19|x64.Build.0 = Debug R19|x64
		{8F2BB60A-09BC-41EC-A013-2AE8BE5BCEC9}.Debug R20|x64.ActiveCfg = Debug R20|x64
		{8F2BB60A-09BC-41EC-A013-2AE8BE5BCEC9}.Debug R20|x64.Build.0 = Debug R20|x64
		{8F2BB60A-09BC-41EC-A013-2AE8BE5BCEC9}.Debug R21|x64.ActiveCfg = Debug R21|x64
		{8F2BB60A-09BC-41EC-A013-2AE8BE5BCEC9}.Debug R21|x64.Build.0 = Debug R21|x64
		{8F2BB60A-09BC-41EC-A013-2AE8BE5BCEC9}.Debug R22|x64.ActiveCfg = Debug R22|x64
		{8F2BB60A-09BC-41EC-A013-2AE8BE5BCEC9}.Debug R22|x64.Build.0 = Debug R22|x64
		{8F2BB60A-09BC-41EC-A013-2AE8BE5BCEC9}.Debug R23|x64.ActiveCfg = Debug R23|x64
		{8F2BB60A-09BC-41EC-A013-2AE8BE5BCEC9}.Debug R23|x64.Build.0 = Debug R23|x64
		{8F2BB60A-09BC-41EC-A013-2AE8BE5BCEC9}.Debug R24|x64.ActiveCfg = Debug R24|x64
		{8F2BB60A-09BC-41EC-A013-2AE8BE5BCEC9}.Debug R24|x64.Build.0 = Debug R24|x64
		{8F2BB60A-09BC-41EC-A013-2AE8BE5BCEC9}.Debug R25|x64.ActiveCfg = Debug R25|x64
		{8F2BB60A-09BC-41EC-A013-2AE8BE5BCEC9}.Debug R25|x64.Build.0 = Debug R25|x64
		{8F2BB60A-09BC-41EC-A013-2AE8BE5BCEC9}.Debug R26|x64.ActiveCfg = Debug R26|x64
		{8F2BB60A-09BC-41EC-A013-2AE8BE5BCEC9}.Debug R26|x64.Build.0= Debug R26|x64
		{8F2BB60A-09BC-41EC-A013-2AE8BE5BCEC9}.Release R19|x64.ActiveCfg = Release R19|x64
		{8F2BB60A-09BC-41EC-A013-2AE8BE5BCEC9}.Release R19|x64.Build.0 = Release R19|x64
		{8F2BB60A-09BC-41EC-A013-2AE8BE5BCEC9}.Release R20|x64.ActiveCfg = Release R20|x64
		{8F2BB60A-09BC-41EC-A013-2AE8BE5BCEC9}.Release R20|x64.Build.0 = Release R20|x64
		{8F2BB60A-09BC-41EC-A013-2AE8BE5BCEC9}.Release R21|x64.ActiveCfg = Release R21|x64
		{8F2BB60A-09BC-41EC-A013-2AE8BE5BCEC9}.Release R21|x64.Build.0 = Release R21|x64
		{8F2BB60A-09BC-41EC-A013-2AE8BE5BCEC9}.Release R22|x64.ActiveCfg = Release R22|x64
		{8F2BB60A-09BC-41EC-A013-2AE8BE5BCEC9}.Release R22|x64.Build.0 = Release R22|x64
		{8F2BB60A-09BC-41EC-A013-2AE8BE5BCEC9}.Release R23|x64.ActiveCfg = Release R23|x64
		{8F2BB60A-09BC-41EC-A013-2AE8BE5BCEC9}.Release R23|x64.Build.0 = Release R23|x64
		{8F2BB60A-09BC-41EC-A013-2AE8BE5BCEC9}.Release R24|x64.ActiveCfg = Release R24|x64
		{8F2BB60A-09BC-41EC-A013-2AE8BE5BCEC9}.Release R24|x64.Build.0 = Release R24|x64
		{8F2BB60A-09BC-41EC-A013-2AE8BE5BCEC9}.Release R25|x64.ActiveCfg = Release R25|x64
		{8F2BB60A-09BC-41EC-A013-2AE8BE5BCEC9}.Release R25|x64.Build.0 = Release R25|x64
		{8F2BB60A-09BC-41EC-A013-2AE8BE5BCEC9}.Release R26|x64.ActiveCfg = Release R26|x64
		{8F2BB60A-09BC-41EC-A013-2AE8BE5BCEC9}.Release R26|x64.Build.0= Release R26|x64
		{09FDA7EE-7A4B-4D34-8B22-4CE0AF04CCE0}.Debug R19|x64.ActiveCfg = Debug R19|Any CPU
		{09FDA7EE-7A4B-4D34-8B22-4CE0AF04CCE0}.Debug R19|x64.Build.0 = Debug R19|Any CPU
		{09FDA7EE-7A4B-4D34-8B22-4CE0AF04CCE0}.Debug R20|x64.ActiveCfg = Debug R20|x64
		{09FDA7EE-7A4B-4D34-8B22-4CE0AF04CCE0}.Debug R20|x64.Build.0 = Debug R20|x64
		{09FDA7EE-7A4B-4D34-8B22-4CE0AF04CCE0}.Debug R21|x64.ActiveCfg = Debug R21|x64
		{09FDA7EE-7A4B-4D34-8B22-4CE0AF04CCE0}.Debug R21|x64.Build.0 = Debug R21|x64
		{09FDA7EE-7A4B-4D34-8B22-4CE0AF04CCE0}.Debug R22|x64.ActiveCfg = Debug R22|x64
		{09FDA7EE-7A4B-4D34-8B22-4CE0AF04CCE0}.Debug R22|x64.Build.0 = Debug R22|x64
		{09FDA7EE-7A4B-4D34-8B22-4CE0AF04CCE0}.Debug R23|x64.ActiveCfg = Debug R23|x64
		{09FDA7EE-7A4B-4D34-8B22-4CE0AF04CCE0}.Debug R23|x64.Build.0 = Debug R23|x64
		{09FDA7EE-7A4B-4D34-8B22-4CE0AF04CCE0}.Debug R24|x64.ActiveCfg = Debug R24|x64
		{09FDA7EE-7A4B-4D34-8B22-4CE0AF04CCE0}.Debug R24|x64.Build.0 = Debug R24|x64
		{09FDA7EE-7A4B-4D34-8B22-4CE0AF04CCE0}.Debug R25|x64.ActiveCfg = Debug R25|x64
		{09FDA7EE-7A4B-4D34-8B22-4CE0AF04CCE0}.Debug R25|x64.Build.0 = Debug R25|x64
		{09FDA7EE-7A4B-4D34-8B22-4CE0AF04CCE0}.Debug R26|x64.ActiveCfg = Debug R26|x64
		{09FDA7EE-7A4B-4D34-8B22-4CE0AF04CCE0}.Debug R26|x64.Build.0= Debug R26|x64
		{09FDA7EE-7A4B-4D34-8B22-4CE0AF04CCE0}.Release R19|x64.ActiveCfg = Release R19|x64
		{09FDA7EE-7A4B-4D34-8B22-4CE0AF04CCE0}.Release R19|x64.Build.0 = Release R19|x64
		{09FDA7EE-7A4B-4D34-8B22-4CE0AF04CCE0}.Release R20|x64.ActiveCfg = Release R20|x64
		{09FDA7EE-7A4B-4D34-8B22-4CE0AF04CCE0}.Release R20|x64.Build.0 = Release R20|x64
		{09FDA7EE-7A4B-4D34-8B22-4CE0AF04CCE0}.Release R21|x64.ActiveCfg = Release R21|x64
		{09FDA7EE-7A4B-4D34-8B22-4CE0AF04CCE0}.Release R21|x64.Build.0 = Release R21|x64
		{09FDA7EE-7A4B-4D34-8B22-4CE0AF04CCE0}.Release R22|x64.ActiveCfg = Release R22|x64
		{09FDA7EE-7A4B-4D34-8B22-4CE0AF04CCE0}.Release R22|x64.Build.0 = Release R22|x64
		{09FDA7EE-7A4B-4D34-8B22-4CE0AF04CCE0}.Release R23|x64.ActiveCfg = Release R23|x64
		{09FDA7EE-7A4B-4D34-8B22-4CE0AF04CCE0}.Release R23|x64.Build.0 = Release R23|x64
		{09FDA7EE-7A4B-4D34-8B22-4CE0AF04CCE0}.Release R24|x64.ActiveCfg = Release R24|x64
		{09FDA7EE-7A4B-4D34-8B22-4CE0AF04CCE0}.Release R24|x64.Build.0 = Release R24|x64
		{09FDA7EE-7A4B-4D34-8B22-4CE0AF04CCE0}.Release R25|x64.ActiveCfg = Release R25|x64
		{09FDA7EE-7A4B-4D34-8B22-4CE0AF04CCE0}.Release R25|x64.Build.0 = Release R25|x64
		{09FDA7EE-7A4B-4D34-8B22-4CE0AF04CCE0}.Release R26|x64.ActiveCfg = Release R26|x64
		{09FDA7EE-7A4B-4D34-8B22-4CE0AF04CCE0}.Release R26|x64.Build.0= Release R26|x64
		{8E18902C-90D5-44DA-B72D-E3F129A67161}.Debug R19|x64.ActiveCfg = Debug R19|Any CPU
		{8E18902C-90D5-44DA-B72D-E3F129A67161}.Debug R19|x64.Build.0 = Debug R19|Any CPU
		{8E18902C-90D5-44DA-B72D-E3F129A67161}.Debug R20|x64.ActiveCfg = Debug R20|x64
		{8E18902C-90D5-44DA-B72D-E3F129A67161}.Debug R20|x64.Build.0 = Debug R20|x64
		{8E18902C-90D5-44DA-B72D-E3F129A67161}.Debug R21|x64.ActiveCfg = Debug R21|x64
		{8E18902C-90D5-44DA-B72D-E3F129A67161}.Debug R21|x64.Build.0 = Debug R21|x64
		{8E18902C-90D5-44DA-B72D-E3F129A67161}.Debug R22|x64.ActiveCfg = Debug R22|x64
		{8E18902C-90D5-44DA-B72D-E3F129A67161}.Debug R22|x64.Build.0 = Debug R22|x64
		{8E18902C-90D5-44DA-B72D-E3F129A67161}.Debug R23|x64.ActiveCfg = Debug R23|x64
		{8E18902C-90D5-44DA-B72D-E3F129A67161}.Debug R23|x64.Build.0 = Debug R23|x64
		{8E18902C-90D5-44DA-B72D-E3F129A67161}.Debug R24|x64.ActiveCfg = Debug R24|x64
		{8E18902C-90D5-44DA-B72D-E3F129A67161}.Debug R24|x64.Build.0 = Debug R24|x64
		{8E18902C-90D5-44DA-B72D-E3F129A67161}.Debug R25|x64.ActiveCfg = Debug R25|x64
		{8E18902C-90D5-44DA-B72D-E3F129A67161}.Debug R25|x64.Build.0 = Debug R25|x64
		{8E18902C-90D5-44DA-B72D-E3F129A67161}.Debug R26|x64.ActiveCfg = Debug R26|x64
		{8E18902C-90D5-44DA-B72D-E3F129A67161}.Debug R26|x64.Build.0= Debug R26|x64
		{8E18902C-90D5-44DA-B72D-E3F129A67161}.Release R19|x64.ActiveCfg = Release R19|x64
		{8E18902C-90D5-44DA-B72D-E3F129A67161}.Release R19|x64.Build.0 = Release R19|x64
		{8E18902C-90D5-44DA-B72D-E3F129A67161}.Release R20|x64.ActiveCfg = Release R20|x64
		{8E18902C-90D5-44DA-B72D-E3F129A67161}.Release R20|x64.Build.0 = Release R20|x64
		{8E18902C-90D5-44DA-B72D-E3F129A67161}.Release R21|x64.ActiveCfg = Release R21|x64
		{8E18902C-90D5-44DA-B72D-E3F129A67161}.Release R21|x64.Build.0 = Release R21|x64
		{8E18902C-90D5-44DA-B72D-E3F129A67161}.Release R22|x64.ActiveCfg = Release R22|x64
		{8E18902C-90D5-44DA-B72D-E3F129A67161}.Release R22|x64.Build.0 = Release R22|x64
		{8E18902C-90D5-44DA-B72D-E3F129A67161}.Release R23|x64.ActiveCfg = Release R23|x64
		{8E18902C-90D5-44DA-B72D-E3F129A67161}.Release R23|x64.Build.0 = Release R23|x64
		{8E18902C-90D5-44DA-B72D-E3F129A67161}.Release R24|x64.ActiveCfg = Release R24|x64
		{8E18902C-90D5-44DA-B72D-E3F129A67161}.Release R24|x64.Build.0 = Release R24|x64
		{8E18902C-90D5-44DA-B72D-E3F129A67161}.Release R25|x64.ActiveCfg = Release R25|x64
		{8E18902C-90D5-44DA-B72D-E3F129A67161}.Release R25|x64.Build.0 = Release R25|x64
		{8E18902C-90D5-44DA-B72D-E3F129A67161}.Release R26|x64.ActiveCfg = Release R26|x64
		{8E18902C-90D5-44DA-B72D-E3F129A67161}.Release R26|x64.Build.0= Release R26|x64
		{E991EB9A-F941-4D5F-800B-70256741AB0E}.Debug R19|x64.ActiveCfg = Debug R19|Any CPU
		{E991EB9A-F941-4D5F-800B-70256741AB0E}.Debug R19|x64.Build.0 = Debug R19|Any CPU
		{E991EB9A-F941-4D5F-800B-70256741AB0E}.Debug R20|x64.ActiveCfg = Debug R20|x64
		{E991EB9A-F941-4D5F-800B-70256741AB0E}.Debug R20|x64.Build.0 = Debug R20|x64
		{E991EB9A-F941-4D5F-800B-70256741AB0E}.Debug R21|x64.ActiveCfg = Debug R21|x64
		{E991EB9A-F941-4D5F-800B-70256741AB0E}.Debug R21|x64.Build.0 = Debug R21|x64
		{E991EB9A-F941-4D5F-800B-70256741AB0E}.Debug R22|x64.ActiveCfg = Debug R22|x64
		{E991EB9A-F941-4D5F-800B-70256741AB0E}.Debug R22|x64.Build.0 = Debug R22|x64
		{E991EB9A-F941-4D5F-800B-70256741AB0E}.Debug R23|x64.ActiveCfg = Debug R23|x64
		{E991EB9A-F941-4D5F-800B-70256741AB0E}.Debug R23|x64.Build.0 = Debug R23|x64
		{E991EB9A-F941-4D5F-800B-70256741AB0E}.Debug R24|x64.ActiveCfg = Debug R24|x64
		{E991EB9A-F941-4D5F-800B-70256741AB0E}.Debug R24|x64.Build.0 = Debug R24|x64
		{E991EB9A-F941-4D5F-800B-70256741AB0E}.Debug R25|x64.ActiveCfg = Debug R25|x64
		{E991EB9A-F941-4D5F-800B-70256741AB0E}.Debug R25|x64.Build.0 = Debug R25|x64
		{E991EB9A-F941-4D5F-800B-70256741AB0E}.Debug R26|x64.ActiveCfg = Debug R26|x64
		{E991EB9A-F941-4D5F-800B-70256741AB0E}.Debug R26|x64.Build.0= Debug R26|x64
		{E991EB9A-F941-4D5F-800B-70256741AB0E}.Release R19|x64.ActiveCfg = Release R19|x64
		{E991EB9A-F941-4D5F-800B-70256741AB0E}.Release R19|x64.Build.0 = Release R19|x64
		{E991EB9A-F941-4D5F-800B-70256741AB0E}.Release R20|x64.ActiveCfg = Release R20|x64
		{E991EB9A-F941-4D5F-800B-70256741AB0E}.Release R20|x64.Build.0 = Release R20|x64
		{E991EB9A-F941-4D5F-800B-70256741AB0E}.Release R21|x64.ActiveCfg = Release R21|x64
		{E991EB9A-F941-4D5F-800B-70256741AB0E}.Release R21|x64.Build.0 = Release R21|x64
		{E991EB9A-F941-4D5F-800B-70256741AB0E}.Release R22|x64.ActiveCfg = Release R22|x64
		{E991EB9A-F941-4D5F-800B-70256741AB0E}.Release R22|x64.Build.0 = Release R22|x64
		{E991EB9A-F941-4D5F-800B-70256741AB0E}.Release R23|x64.ActiveCfg = Release R23|x64
		{E991EB9A-F941-4D5F-800B-70256741AB0E}.Release R23|x64.Build.0 = Release R23|x64
		{E991EB9A-F941-4D5F-800B-70256741AB0E}.Release R24|x64.ActiveCfg = Release R24|x64
		{E991EB9A-F941-4D5F-800B-70256741AB0E}.Release R24|x64.Build.0 = Release R24|x64
		{E991EB9A-F941-4D5F-800B-70256741AB0E}.Release R25|x64.ActiveCfg = Release R25|x64
		{E991EB9A-F941-4D5F-800B-70256741AB0E}.Release R25|x64.Build.0 = Release R25|x64
		{E991EB9A-F941-4D5F-800B-70256741AB0E}.Release R26|x64.ActiveCfg = Release R26|x64
		{E991EB9A-F941-4D5F-800B-70256741AB0E}.Release R26|x64.Build.0= Release R26|x64
		{FF7AE329-D079-40EC-AA8B-25862DD65E01}.Debug R19|x64.ActiveCfg = Debug R19|Any CPU
		{FF7AE329-D079-40EC-AA8B-25862DD65E01}.Debug R19|x64.Build.0 = Debug R19|Any CPU
		{FF7AE329-D079-40EC-AA8B-25862DD65E01}.Debug R20|x64.ActiveCfg = Debug R20|x64
		{FF7AE329-D079-40EC-AA8B-25862DD65E01}.Debug R20|x64.Build.0 = Debug R20|x64
		{FF7AE329-D079-40EC-AA8B-25862DD65E01}.Debug R21|x64.ActiveCfg = Debug R21|x64
		{FF7AE329-D079-40EC-AA8B-25862DD65E01}.Debug R21|x64.Build.0 = Debug R21|x64
		{FF7AE329-D079-40EC-AA8B-25862DD65E01}.Debug R22|x64.ActiveCfg = Debug R22|x64
		{FF7AE329-D079-40EC-AA8B-25862DD65E01}.Debug R22|x64.Build.0 = Debug R22|x64
		{FF7AE329-D079-40EC-AA8B-25862DD65E01}.Debug R23|x64.ActiveCfg = Debug R23|x64
		{FF7AE329-D079-40EC-AA8B-25862DD65E01}.Debug R23|x64.Build.0 = Debug R23|x64
		{FF7AE329-D079-40EC-AA8B-25862DD65E01}.Debug R24|x64.ActiveCfg = Debug R24|x64
		{FF7AE329-D079-40EC-AA8B-25862DD65E01}.Debug R24|x64.Build.0 = Debug R24|x64
		{FF7AE329-D079-40EC-AA8B-25862DD65E01}.Debug R25|x64.ActiveCfg = Debug R25|x64
		{FF7AE329-D079-40EC-AA8B-25862DD65E01}.Debug R25|x64.Build.0 = Debug R25|x64
		{FF7AE329-D079-40EC-AA8B-25862DD65E01}.Debug R26|x64.ActiveCfg = Debug R26|x64
		{FF7AE329-D079-40EC-AA8B-25862DD65E01}.Debug R26|x64.Build.0= Debug R26|x64
		{FF7AE329-D079-40EC-AA8B-25862DD65E01}.Release R19|x64.ActiveCfg = Release R19|x64
		{FF7AE329-D079-40EC-AA8B-25862DD65E01}.Release R19|x64.Build.0 = Release R19|x64
		{FF7AE329-D079-40EC-AA8B-25862DD65E01}.Release R20|x64.ActiveCfg = Release R20|x64
		{FF7AE329-D079-40EC-AA8B-25862DD65E01}.Release R20|x64.Build.0 = Release R20|x64
		{FF7AE329-D079-40EC-AA8B-25862DD65E01}.Release R21|x64.ActiveCfg = Release R21|x64
		{FF7AE329-D079-40EC-AA8B-25862DD65E01}.Release R21|x64.Build.0 = Release R21|x64
		{FF7AE329-D079-40EC-AA8B-25862DD65E01}.Release R22|x64.ActiveCfg = Release R22|x64
		{FF7AE329-D079-40EC-AA8B-25862DD65E01}.Release R22|x64.Build.0 = Release R22|x64
		{FF7AE329-D079-40EC-AA8B-25862DD65E01}.Release R23|x64.ActiveCfg = Release R23|x64
		{FF7AE329-D079-40EC-AA8B-25862DD65E01}.Release R23|x64.Build.0 = Release R23|x64
		{FF7AE329-D079-40EC-AA8B-25862DD65E01}.Release R24|x64.ActiveCfg = Release R24|x64
		{FF7AE329-D079-40EC-AA8B-25862DD65E01}.Release R24|x64.Build.0 = Release R24|x64
		{FF7AE329-D079-40EC-AA8B-25862DD65E01}.Release R25|x64.ActiveCfg = Release R25|x64
		{FF7AE329-D079-40EC-AA8B-25862DD65E01}.Release R25|x64.Build.0 = Release R25|x64
		{FF7AE329-D079-40EC-AA8B-25862DD65E01}.Release R26|x64.ActiveCfg = Release R26|x64
		{FF7AE329-D079-40EC-AA8B-25862DD65E01}.Release R26|x64.Build.0= Release R26|x64
		{D2C4685D-4A9C-4B59-9C4A-161748710CDF}.Debug R19|x64.ActiveCfg = Debug R19|Any CPU
		{D2C4685D-4A9C-4B59-9C4A-161748710CDF}.Debug R19|x64.Build.0 = Debug R19|Any CPU
		{D2C4685D-4A9C-4B59-9C4A-161748710CDF}.Debug R20|x64.ActiveCfg = Debug R20|x64
		{D2C4685D-4A9C-4B59-9C4A-161748710CDF}.Debug R20|x64.Build.0 = Debug R20|x64
		{D2C4685D-4A9C-4B59-9C4A-161748710CDF}.Debug R21|x64.ActiveCfg = Debug R21|x64
		{D2C4685D-4A9C-4B59-9C4A-161748710CDF}.Debug R21|x64.Build.0 = Debug R21|x64
		{D2C4685D-4A9C-4B59-9C4A-161748710CDF}.Debug R22|x64.ActiveCfg = Debug R22|x64
		{D2C4685D-4A9C-4B59-9C4A-161748710CDF}.Debug R22|x64.Build.0 = Debug R22|x64
		{D2C4685D-4A9C-4B59-9C4A-161748710CDF}.Debug R23|x64.ActiveCfg = Debug R23|x64
		{D2C4685D-4A9C-4B59-9C4A-161748710CDF}.Debug R23|x64.Build.0 = Debug R23|x64
		{D2C4685D-4A9C-4B59-9C4A-161748710CDF}.Debug R24|x64.ActiveCfg = Debug R24|x64
		{D2C4685D-4A9C-4B59-9C4A-161748710CDF}.Debug R24|x64.Build.0 = Debug R24|x64
		{D2C4685D-4A9C-4B59-9C4A-161748710CDF}.Debug R25|x64.ActiveCfg = Debug R25|x64
		{D2C4685D-4A9C-4B59-9C4A-161748710CDF}.Debug R25|x64.Build.0 = Debug R25|x64
		{D2C4685D-4A9C-4B59-9C4A-161748710CDF}.Debug R26|x64.ActiveCfg = Debug R26|x64
		{D2C4685D-4A9C-4B59-9C4A-161748710CDF}.Debug R26|x64.Build.0= Debug R26|x64
		{D2C4685D-4A9C-4B59-9C4A-161748710CDF}.Release R19|x64.ActiveCfg = Release R19|x64
		{D2C4685D-4A9C-4B59-9C4A-161748710CDF}.Release R19|x64.Build.0 = Release R19|x64
		{D2C4685D-4A9C-4B59-9C4A-161748710CDF}.Release R20|x64.ActiveCfg = Release R20|x64
		{D2C4685D-4A9C-4B59-9C4A-161748710CDF}.Release R20|x64.Build.0 = Release R20|x64
		{D2C4685D-4A9C-4B59-9C4A-161748710CDF}.Release R21|x64.ActiveCfg = Release R21|x64
		{D2C4685D-4A9C-4B59-9C4A-161748710CDF}.Release R21|x64.Build.0 = Release R21|x64
		{D2C4685D-4A9C-4B59-9C4A-161748710CDF}.Release R22|x64.ActiveCfg = Release R22|x64
		{D2C4685D-4A9C-4B59-9C4A-161748710CDF}.Release R22|x64.Build.0 = Release R22|x64
		{D2C4685D-4A9C-4B59-9C4A-161748710CDF}.Release R23|x64.ActiveCfg = Release R23|x64
		{D2C4685D-4A9C-4B59-9C4A-161748710CDF}.Release R23|x64.Build.0 = Release R23|x64
		{D2C4685D-4A9C-4B59-9C4A-161748710CDF}.Release R24|x64.ActiveCfg = Release R24|x64
		{D2C4685D-4A9C-4B59-9C4A-161748710CDF}.Release R24|x64.Build.0 = Release R24|x64
		{D2C4685D-4A9C-4B59-9C4A-161748710CDF}.Release R25|x64.ActiveCfg = Release R25|x64
		{D2C4685D-4A9C-4B59-9C4A-161748710CDF}.Release R25|x64.Build.0 = Release R25|x64
		{D2C4685D-4A9C-4B59-9C4A-161748710CDF}.Release R26|x64.ActiveCfg = Release R26|x64
		{D2C4685D-4A9C-4B59-9C4A-161748710CDF}.Release R26|x64.Build.0= Release R26|x64
	EndGlobalSection
	GlobalSection(SolutionProperties) = preSolution
		HideSolutionNode = FALSE
	EndGlobalSection
	GlobalSection(ExtensibilityGlobals) = postSolution
		SolutionGuid = {26847AD3-E434-44CA-AC5F-FDA35D67CC8F}
	EndGlobalSection
EndGlobal
