
Microsoft Visual Studio Solution File, Format Version 12.00
# Visual Studio 15
VisualStudioVersion = 15.0.26403.7
MinimumVisualStudioVersion = 10.0.40219.1
Project("{FAE04EC0-301F-11D3-BF4B-00C04F79EFBC}") = "HOK.MissionControl", "HOK.MissionControl\HOK.MissionControl.csproj", "{8F2BB60A-09BC-41EC-A013-2AE8BE5BCEC9}"
EndProject
Project("{FAE04EC0-301F-11D3-BF4B-00C04F79EFBC}") = "HOK.MissionControl.Core", "HOK.MissionControl.Core\HOK.MissionControl.Core.csproj", "{09FDA7EE-7A4B-4D34-8B22-4CE0AF04CCE0}"
EndProject
Project("{FAE04EC0-301F-11D3-BF4B-00C04F79EFBC}") = "HOK.MissionControl.FamilyPublish", "HOK.MissionControl.FamilyPublish\HOK.MissionControl.FamilyPublish.csproj", "{8E18902C-90D5-44DA-B72D-E3F129A67161}"
EndProject
Project("{FAE04EC0-301F-11D3-BF4B-00C04F79EFBC}") = "HOK.MissionControl.LinksManager", "HOK.MissionControl.LinksManager\HOK.MissionControl.LinksManager.csproj", "{E991EB9A-F941-4D5F-800B-70256741AB0E}"
EndProject
Project("{FAE04EC0-301F-11D3-BF4B-00C04F79EFBC}") = "HOK.MissionControl.GroupsManager", "HOK.MissionControl.GroupsManager\HOK.MissionControl.GroupsManager.csproj", "{FF7AE329-D079-40EC-AA8B-25862DD65E01}"
EndProject
Project("{FAE04EC0-301F-11D3-BF4B-00C04F79EFBC}") = "HOK.MissionControl.StylesManager", "HOK.MissionControl.StylesManager\HOK.MissionControl.StylesManager.csproj", "{D2C4685D-4A9C-4B59-9C4A-161748710CDF}"
EndProject
Global
	GlobalSection(SolutionConfigurationPlatforms) = preSolution
		2018|x64 = 2018|x64
		2019|x64 = 2019|x64
		2020|x64 = 2020|x64
		2021|x64 = 2021|x64
		2022|x64 = 2022|x64
		Debug|x64 = Debug|x64
		Release|x64 = Release|x64
	EndGlobalSection
	GlobalSection(ProjectConfigurationPlatforms) = postSolution
		{8F2BB60A-09BC-41EC-A013-2AE8BE5BCEC9}.2018|x64.ActiveCfg = 2018|x64
		{8F2BB60A-09BC-41EC-A013-2AE8BE5BCEC9}.2018|x64.Build.0 = 2018|x64
		{8F2BB60A-09BC-41EC-A013-2AE8BE5BCEC9}.2019|x64.ActiveCfg = 2019|x64
		{8F2BB60A-09BC-41EC-A013-2AE8BE5BCEC9}.2019|x64.Build.0 = 2019|x64
		{8F2BB60A-09BC-41EC-A013-2AE8BE5BCEC9}.2020|x64.ActiveCfg = 2020|x64
		{8F2BB60A-09BC-41EC-A013-2AE8BE5BCEC9}.2020|x64.Build.0 = 2020|x64
		{8F2BB60A-09BC-41EC-A013-2AE8BE5BCEC9}.2021|x64.ActiveCfg = 2021|x64
		{8F2BB60A-09BC-41EC-A013-2AE8BE5BCEC9}.2021|x64.Build.0 = 2021|x64
		{8F2BB60A-09BC-41EC-A013-2AE8BE5BCEC9}.2022|x64.ActiveCfg = 2022|x64
		{8F2BB60A-09BC-41EC-A013-2AE8BE5BCEC9}.2022|x64.Build.0 = 2022|x64
		{8F2BB60A-09BC-41EC-A013-2AE8BE5BCEC9}.Debug|x64.ActiveCfg = Debug|x64
		{8F2BB60A-09BC-41EC-A013-2AE8BE5BCEC9}.Debug|x64.Build.0 = Debug|x64
		{8F2BB60A-09BC-41EC-A013-2AE8BE5BCEC9}.Release|x64.ActiveCfg = Release|x64
		{8F2BB60A-09BC-41EC-A013-2AE8BE5BCEC9}.Release|x64.Build.0 = Release|x64
		{09FDA7EE-7A4B-4D34-8B22-4CE0AF04CCE0}.2018|x64.ActiveCfg = 2018|x64
		{09FDA7EE-7A4B-4D34-8B22-4CE0AF04CCE0}.2018|x64.Build.0 = 2018|x64
		{09FDA7EE-7A4B-4D34-8B22-4CE0AF04CCE0}.2019|x64.ActiveCfg = 2019|x64
		{09FDA7EE-7A4B-4D34-8B22-4CE0AF04CCE0}.2019|x64.Build.0 = 2019|x64
		{09FDA7EE-7A4B-4D34-8B22-4CE0AF04CCE0}.2020|x64.ActiveCfg = 2020|x64
		{09FDA7EE-7A4B-4D34-8B22-4CE0AF04CCE0}.2020|x64.Build.0 = 2020|x64
		{09FDA7EE-7A4B-4D34-8B22-4CE0AF04CCE0}.2021|x64.ActiveCfg = 2021|x64
		{09FDA7EE-7A4B-4D34-8B22-4CE0AF04CCE0}.2021|x64.Build.0 = 2021|x64
		{09FDA7EE-7A4B-4D34-8B22-4CE0AF04CCE0}.2022|x64.ActiveCfg = 2022|x64
		{09FDA7EE-7A4B-4D34-8B22-4CE0AF04CCE0}.2022|x64.Build.0 = 2022|x64
		{09FDA7EE-7A4B-4D34-8B22-4CE0AF04CCE0}.Debug|x64.ActiveCfg = Debug|x64
		{09FDA7EE-7A4B-4D34-8B22-4CE0AF04CCE0}.Debug|x64.Build.0 = Debug|x64
		{09FDA7EE-7A4B-4D34-8B22-4CE0AF04CCE0}.Release|x64.ActiveCfg = Release|x64
		{09FDA7EE-7A4B-4D34-8B22-4CE0AF04CCE0}.Release|x64.Build.0 = Release|x64
		{8E18902C-90D5-44DA-B72D-E3F129A67161}.2018|x64.ActiveCfg = 2018|x64
		{8E18902C-90D5-44DA-B72D-E3F129A67161}.2018|x64.Build.0 = 2018|x64
		{8E18902C-90D5-44DA-B72D-E3F129A67161}.2019|x64.ActiveCfg = 2019|x64
		{8E18902C-90D5-44DA-B72D-E3F129A67161}.2019|x64.Build.0 = 2019|x64
		{8E18902C-90D5-44DA-B72D-E3F129A67161}.2020|x64.ActiveCfg = 2020|x64
		{8E18902C-90D5-44DA-B72D-E3F129A67161}.2020|x64.Build.0 = 2020|x64
		{8E18902C-90D5-44DA-B72D-E3F129A67161}.2021|x64.ActiveCfg = 2021|x64
		{8E18902C-90D5-44DA-B72D-E3F129A67161}.2021|x64.Build.0 = 2021|x64
		{8E18902C-90D5-44DA-B72D-E3F129A67161}.2022|x64.ActiveCfg = 2022|x64
		{8E18902C-90D5-44DA-B72D-E3F129A67161}.2022|x64.Build.0 = 2022|x64
		{8E18902C-90D5-44DA-B72D-E3F129A67161}.Debug|x64.ActiveCfg = Debug|x64
		{8E18902C-90D5-44DA-B72D-E3F129A67161}.Debug|x64.Build.0 = Debug|x64
		{8E18902C-90D5-44DA-B72D-E3F129A67161}.Release|x64.ActiveCfg = Release|x64
		{8E18902C-90D5-44DA-B72D-E3F129A67161}.Release|x64.Build.0 = Release|x64
		{E991EB9A-F941-4D5F-800B-70256741AB0E}.2018|x64.ActiveCfg = 2018|x64
		{E991EB9A-F941-4D5F-800B-70256741AB0E}.2018|x64.Build.0 = 2018|x64
		{E991EB9A-F941-4D5F-800B-70256741AB0E}.2019|x64.ActiveCfg = 2019|x64
		{E991EB9A-F941-4D5F-800B-70256741AB0E}.2019|x64.Build.0 = 2019|x64
		{E991EB9A-F941-4D5F-800B-70256741AB0E}.2020|x64.ActiveCfg = 2020|x64
		{E991EB9A-F941-4D5F-800B-70256741AB0E}.2020|x64.Build.0 = 2020|x64
		{E991EB9A-F941-4D5F-800B-70256741AB0E}.2021|x64.ActiveCfg = 2021|x64
		{E991EB9A-F941-4D5F-800B-70256741AB0E}.2021|x64.Build.0 = 2021|x64
		{E991EB9A-F941-4D5F-800B-70256741AB0E}.2022|x64.ActiveCfg = 2022|x64
		{E991EB9A-F941-4D5F-800B-70256741AB0E}.2022|x64.Build.0 = 2022|x64
		{E991EB9A-F941-4D5F-800B-70256741AB0E}.Debug|x64.ActiveCfg = Debug|x64
		{E991EB9A-F941-4D5F-800B-70256741AB0E}.Debug|x64.Build.0 = Debug|x64
		{E991EB9A-F941-4D5F-800B-70256741AB0E}.Release|x64.ActiveCfg = Release|x64
		{E991EB9A-F941-4D5F-800B-70256741AB0E}.Release|x64.Build.0 = Release|x64
		{FF7AE329-D079-40EC-AA8B-25862DD65E01}.2018|x64.ActiveCfg = 2018|x64
		{FF7AE329-D079-40EC-AA8B-25862DD65E01}.2018|x64.Build.0 = 2018|x64
		{FF7AE329-D079-40EC-AA8B-25862DD65E01}.2019|x64.ActiveCfg = 2019|x64
		{FF7AE329-D079-40EC-AA8B-25862DD65E01}.2019|x64.Build.0 = 2019|x64
		{FF7AE329-D079-40EC-AA8B-25862DD65E01}.2020|x64.ActiveCfg = 2020|x64
		{FF7AE329-D079-40EC-AA8B-25862DD65E01}.2020|x64.Build.0 = 2020|x64
		{FF7AE329-D079-40EC-AA8B-25862DD65E01}.2021|x64.ActiveCfg = 2021|x64
		{FF7AE329-D079-40EC-AA8B-25862DD65E01}.2021|x64.Build.0 = 2021|x64
		{FF7AE329-D079-40EC-AA8B-25862DD65E01}.2022|x64.ActiveCfg = 2022|x64
		{FF7AE329-D079-40EC-AA8B-25862DD65E01}.2022|x64.Build.0 = 2022|x64
		{FF7AE329-D079-40EC-AA8B-25862DD65E01}.Debug|x64.ActiveCfg = Debug|x64
		{FF7AE329-D079-40EC-AA8B-25862DD65E01}.Debug|x64.Build.0 = Debug|x64
		{FF7AE329-D079-40EC-AA8B-25862DD65E01}.Release|x64.ActiveCfg = Release|x64
		{FF7AE329-D079-40EC-AA8B-25862DD65E01}.Release|x64.Build.0 = Release|x64
		{D2C4685D-4A9C-4B59-9C4A-161748710CDF}.2018|x64.ActiveCfg = 2018|x64
		{D2C4685D-4A9C-4B59-9C4A-161748710CDF}.2018|x64.Build.0 = 2018|x64
		{D2C4685D-4A9C-4B59-9C4A-161748710CDF}.2019|x64.ActiveCfg = 2019|x64
		{D2C4685D-4A9C-4B59-9C4A-161748710CDF}.2019|x64.Build.0 = 2019|x64
		{D2C4685D-4A9C-4B59-9C4A-161748710CDF}.2020|x64.ActiveCfg = 2020|x64
		{D2C4685D-4A9C-4B59-9C4A-161748710CDF}.2020|x64.Build.0 = 2020|x64
		{D2C4685D-4A9C-4B59-9C4A-161748710CDF}.2021|x64.ActiveCfg = 2021|x64
		{D2C4685D-4A9C-4B59-9C4A-161748710CDF}.2021|x64.Build.0 = 2021|x64
		{D2C4685D-4A9C-4B59-9C4A-161748710CDF}.2022|x64.ActiveCfg = 2022|x64
		{D2C4685D-4A9C-4B59-9C4A-161748710CDF}.2022|x64.Build.0 = 2022|x64
		{D2C4685D-4A9C-4B59-9C4A-161748710CDF}.Debug|x64.ActiveCfg = Debug|x64
		{D2C4685D-4A9C-4B59-9C4A-161748710CDF}.Debug|x64.Build.0 = Debug|x64
		{D2C4685D-4A9C-4B59-9C4A-161748710CDF}.Release|x64.ActiveCfg = Release|x64
		{D2C4685D-4A9C-4B59-9C4A-161748710CDF}.Release|x64.Build.0 = Release|x64
	EndGlobalSection
	GlobalSection(SolutionProperties) = preSolution
		HideSolutionNode = FALSE
	EndGlobalSection
	GlobalSection(ExtensibilityGlobals) = postSolution
		SolutionGuid = {26847AD3-E434-44CA-AC5F-FDA35D67CC8F}
	EndGlobalSection
EndGlobal
