
Microsoft Visual Studio Solution File, Format Version 12.00
# Visual Studio 2012
Project("{FAE04EC0-301F-11D3-BF4B-00C04F79EFBC}") = "ConsoleApplication1", "ConsoleApplication1\ConsoleApplication1.csproj", "{9BFFD5DC-710F-4DDF-A554-38A08B006279}"
EndProject
Global
	GlobalSection(SolutionConfigurationPlatforms) = preSolution
		Debug|Any CPU = Debug|Any CPU
		Release|Any CPU = Release|Any CPU
	EndGlobalSection
	GlobalSection(ProjectConfigurationPlatforms) = postSolution
		{9BFFD5DC-710F-4DDF-A554-38A08B006279}.Debug|Any CPU.ActiveCfg = Debug|Any CPU
		{9BFFD5DC-710F-4DDF-A554-38A08B006279}.Debug|Any CPU.Build.0 = Debug|Any CPU
		{9BFFD5DC-710F-4DDF-A554-38A08B006279}.Release|Any CPU.ActiveCfg = Release|Any CPU
		{9BFFD5DC-710F-4DDF-A554-38A08B006279}.Release|Any CPU.Build.0 = Release|Any CPU
	EndGlobalSection
	GlobalSection(SolutionProperties) = preSolution
		HideSolutionNode = FALSE
	EndGlobalSection
EndGlobal
