
Microsoft Visual Studio Solution File, Format Version 12.00
# Visual Studio 2012
Project("{FAE04EC0-301F-11D3-BF4B-00C04F79EFBC}") = "HOK.ViewAnalysis", "HOK.ViewAnalysis\HOK.ViewAnalysis.csproj", "{36BDE53B-A6F1-4C66-9228-94AAF8340006}"
EndProject
Global
	GlobalSection(SolutionConfigurationPlatforms) = preSolution
		2013|Any CPU = 2013|Any CPU
		2014|Any CPU = 2014|Any CPU
		2015|Any CPU = 2015|Any CPU
		Debug|Any CPU = Debug|Any CPU
		Release|Any CPU = Release|Any CPU
	EndGlobalSection
	GlobalSection(ProjectConfigurationPlatforms) = postSolution
		{36BDE53B-A6F1-4C66-9228-94AAF8340006}.2013|Any CPU.ActiveCfg = 2013|Any CPU
		{36BDE53B-A6F1-4C66-9228-94AAF8340006}.2013|Any CPU.Build.0 = 2013|Any CPU
		{36BDE53B-A6F1-4C66-9228-94AAF8340006}.2014|Any CPU.ActiveCfg = 2014|Any CPU
		{36BDE53B-A6F1-4C66-9228-94AAF8340006}.2014|Any CPU.Build.0 = 2014|Any CPU
		{36BDE53B-A6F1-4C66-9228-94AAF8340006}.2015|Any CPU.ActiveCfg = 2015|Any CPU
		{36BDE53B-A6F1-4C66-9228-94AAF8340006}.2015|Any CPU.Build.0 = 2015|Any CPU
		{36BDE53B-A6F1-4C66-9228-94AAF8340006}.Debug|Any CPU.ActiveCfg = Debug|Any CPU
		{36BDE53B-A6F1-4C66-9228-94AAF8340006}.Debug|Any CPU.Build.0 = Debug|Any CPU
		{36BDE53B-A6F1-4C66-9228-94AAF8340006}.Release|Any CPU.ActiveCfg = Release|Any CPU
		{36BDE53B-A6F1-4C66-9228-94AAF8340006}.Release|Any CPU.Build.0 = Release|Any CPU
	EndGlobalSection
	GlobalSection(SolutionProperties) = preSolution
		HideSolutionNode = FALSE
	EndGlobalSection
EndGlobal
