
Microsoft Visual Studio Solution File, Format Version 12.00
# Visual Studio 15
VisualStudioVersion = 15.0.26403.7
MinimumVisualStudioVersion = 10.0.40219.1
Project("{FAE04EC0-301F-11D3-BF4B-00C04F79EFBC}") = "HOK.RoomsToMass", "HOK.RoomsToMass\HOK.RoomsToMass.csproj", "{4CE27E50-138B-4365-ABB4-F948B7FD7E0A}"
EndProject
Global
	GlobalSection(SolutionConfigurationPlatforms) = preSolution
		2016|Any CPU = 2016|Any CPU
		2017|Any CPU = 2017|Any CPU
		2018|Any CPU = 2018|Any CPU
		2019|Any CPU = 2019|Any CPU
		2020|Any CPU = 2020|Any CPU
		2021|Any CPU = 2021|Any CPU
		Debug|Any CPU = Debug|Any CPU
		Release|Any CPU = Release|Any CPU
	EndGlobalSection
	GlobalSection(ProjectConfigurationPlatforms) = postSolution
		{4CE27E50-138B-4365-ABB4-F948B7FD7E0A}.2016|Any CPU.ActiveCfg = 2016|Any CPU
		{4CE27E50-138B-4365-ABB4-F948B7FD7E0A}.2016|Any CPU.Build.0 = 2016|Any CPU
		{4CE27E50-138B-4365-ABB4-F948B7FD7E0A}.2017|Any CPU.ActiveCfg = 2017|Any CPU
		{4CE27E50-138B-4365-ABB4-F948B7FD7E0A}.2017|Any CPU.Build.0 = 2017|Any CPU
		{4CE27E50-138B-4365-ABB4-F948B7FD7E0A}.2018|Any CPU.ActiveCfg = 2018|Any CPU
		{4CE27E50-138B-4365-ABB4-F948B7FD7E0A}.2018|Any CPU.Build.0 = 2018|Any CPU
		{4CE27E50-138B-4365-ABB4-F948B7FD7E0A}.2019|Any CPU.ActiveCfg = 2019|Any CPU
		{4CE27E50-138B-4365-ABB4-F948B7FD7E0A}.2019|Any CPU.Build.0 = 2019|Any CPU
		{4CE27E50-138B-4365-ABB4-F948B7FD7E0A}.2020|Any CPU.ActiveCfg = 2020|Any CPU
		{4CE27E50-138B-4365-ABB4-F948B7FD7E0A}.2020|Any CPU.Build.0 = 2020|Any CPU
		{4CE27E50-138B-4365-ABB4-F948B7FD7E0A}.2021|Any CPU.ActiveCfg = 2021|Any CPU
		{4CE27E50-138B-4365-ABB4-F948B7FD7E0A}.2021|Any CPU.Build.0 = 2021|Any CPU
		{4CE27E50-138B-4365-ABB4-F948B7FD7E0A}.Debug|Any CPU.ActiveCfg = Debug|Any CPU
		{4CE27E50-138B-4365-ABB4-F948B7FD7E0A}.Debug|Any CPU.Build.0 = Debug|Any CPU
		{4CE27E50-138B-4365-ABB4-F948B7FD7E0A}.Release|Any CPU.ActiveCfg = Release|Any CPU
		{4CE27E50-138B-4365-ABB4-F948B7FD7E0A}.Release|Any CPU.Build.0 = Release|Any CPU
	EndGlobalSection
	GlobalSection(SolutionProperties) = preSolution
		HideSolutionNode = FALSE
	EndGlobalSection
	GlobalSection(ExtensibilityGlobals) = postSolution
		SolutionGuid = {0E89E047-DD3F-43A8-ABA5-1C7F5284DA6D}
	EndGlobalSection
EndGlobal
