
Microsoft Visual Studio Solution File, Format Version 12.00
# Visual Studio 2012
Project("{FAE04EC0-301F-11D3-BF4B-00C04F79EFBC}") = "HOK.RoomsToMass", "HOK.RoomsToMass\HOK.RoomsToMass.csproj", "{4CE27E50-138B-4365-ABB4-F948B7FD7E0A}"
EndProject
Global
	GlobalSection(SolutionConfigurationPlatforms) = preSolution
		2015|Any CPU = 2015|Any CPU
		2016|Any CPU = 2016|Any CPU
		Debug|Any CPU = Debug|Any CPU
		Release|Any CPU = Release|Any CPU
	EndGlobalSection
	GlobalSection(ProjectConfigurationPlatforms) = postSolution
		{4CE27E50-138B-4365-ABB4-F948B7FD7E0A}.2015|Any CPU.ActiveCfg = 2015|Any CPU
		{4CE27E50-138B-4365-ABB4-F948B7FD7E0A}.2015|Any CPU.Build.0 = 2015|Any CPU
		{4CE27E50-138B-4365-ABB4-F948B7FD7E0A}.2016|Any CPU.ActiveCfg = 2016|Any CPU
		{4CE27E50-138B-4365-ABB4-F948B7FD7E0A}.2016|Any CPU.Build.0 = 2016|Any CPU
		{4CE27E50-138B-4365-ABB4-F948B7FD7E0A}.Debug|Any CPU.ActiveCfg = Debug|Any CPU
		{4CE27E50-138B-4365-ABB4-F948B7FD7E0A}.Debug|Any CPU.Build.0 = Debug|Any CPU
		{4CE27E50-138B-4365-ABB4-F948B7FD7E0A}.Release|Any CPU.ActiveCfg = Release|Any CPU
		{4CE27E50-138B-4365-ABB4-F948B7FD7E0A}.Release|Any CPU.Build.0 = Release|Any CPU
	EndGlobalSection
	GlobalSection(SolutionProperties) = preSolution
		HideSolutionNode = FALSE
	EndGlobalSection
EndGlobal
