
Microsoft Visual Studio Solution File, Format Version 12.00
# Visual Studio 15
VisualStudioVersion = 15.0.26403.7
MinimumVisualStudioVersion = 10.0.40219.1
Project("{FAE04EC0-301F-11D3-BF4B-00C04F79EFBC}") = "HOK.RoomsToMass", "HOK.RoomsToMass\HOK.RoomsToMass.csproj", "{4CE27E50-138B-4365-ABB4-F948B7FD7E0A}"
EndProject
Global
	GlobalSection(SolutionConfigurationPlatforms) = preSolution
		2018|x64 = 2018|x64
		2019|x64 = 2019|x64
		2020|x64 = 2020|x64
		2021|x64 = 2021|x64
		2022|x64 = 2022|x64
		2023|x64 = 2023|x64
		Debug|x64 = Debug|x64
		Release|x64 = Release|x64
	EndGlobalSection
	GlobalSection(ProjectConfigurationPlatforms) = postSolution
		{4CE27E50-138B-4365-ABB4-F948B7FD7E0A}.2018|x64.ActiveCfg = 2018|x64
		{4CE27E50-138B-4365-ABB4-F948B7FD7E0A}.2018|x64.Build.0 = 2018|x64
		{4CE27E50-138B-4365-ABB4-F948B7FD7E0A}.2019|x64.ActiveCfg = 2019|x64
		{4CE27E50-138B-4365-ABB4-F948B7FD7E0A}.2019|x64.Build.0 = 2019|x64
		{4CE27E50-138B-4365-ABB4-F948B7FD7E0A}.2020|x64.ActiveCfg = 2020|x64
		{4CE27E50-138B-4365-ABB4-F948B7FD7E0A}.2020|x64.Build.0 = 2020|x64
		{4CE27E50-138B-4365-ABB4-F948B7FD7E0A}.2021|x64.ActiveCfg = 2021|x64
		{4CE27E50-138B-4365-ABB4-F948B7FD7E0A}.2021|x64.Build.0 = 2021|x64
		{4CE27E50-138B-4365-ABB4-F948B7FD7E0A}.2022|x64.ActiveCfg = 2022|x64
		{4CE27E50-138B-4365-ABB4-F948B7FD7E0A}.2022|x64.Build.0 = 2022|x64
		{4CE27E50-138B-4365-ABB4-F948B7FD7E0A}.2023|x64.ActiveCfg = 2023|x64
		{4CE27E50-138B-4365-ABB4-F948B7FD7E0A}.2023|x64.Build.0 = 2023|x64
		{4CE27E50-138B-4365-ABB4-F948B7FD7E0A}.Debug|x64.ActiveCfg = Debug|x64
		{4CE27E50-138B-4365-ABB4-F948B7FD7E0A}.Debug|x64.Build.0 = Debug|x64
		{4CE27E50-138B-4365-ABB4-F948B7FD7E0A}.Release|x64.ActiveCfg = Release|x64
		{4CE27E50-138B-4365-ABB4-F948B7FD7E0A}.Release|x64.Build.0 = Release|x64
	EndGlobalSection
	GlobalSection(SolutionProperties) = preSolution
		HideSolutionNode = FALSE
	EndGlobalSection
	GlobalSection(ExtensibilityGlobals) = postSolution
		SolutionGuid = {0E89E047-DD3F-43A8-ABA5-1C7F5284DA6D}
	EndGlobalSection
EndGlobal
