Microsoft Visual Studio Solution File, Format Version 12.00
# Visual Studio Version 17
VisualStudioVersion = 17.10.35013.160
MinimumVisualStudioVersion = 10.0.40219.1
Project("{9A19103F-16F7-4668-BE54-9A1E7A4F7556}") = "HOK.Core", "HOK.Core\HOK.Core.csproj", "{A57DF876-56B5-4F48-87D6-7006CFA68FC6}"
EndProject
Global
	GlobalSection(SolutionConfigurationPlatforms) = preSolution
		Debug R18|x64 = Debug R18|x64
		Debug R19|x64 = Debug R19|x64
		Debug R20|x64 = Debug R20|x64
		Debug R21|x64 = Debug R21|x64
		Debug R22|x64 = Debug R22|x64
		Debug R23|x64 = Debug R23|x64
		Debug R24|x64 = Debug R24|x64
		Debug R25|x64 = Debug R25|x64
		Release R18|x64 = Release R18|x64
		Release R19|x64 = Release R19|x64
		Release R20|x64 = Release R20|x64
		Release R21|x64 = Release R21|x64
		Release R22|x64 = Release R22|x64
		Release R23|x64 = Release R23|x64
		Release R24|x64 = Release R24|x64
		Release R25|x64 = Release R25|x64
	EndGlobalSection
	GlobalSection(ProjectConfigurationPlatforms) = postSolution
		{A57DF876-56B5-4F48-87D6-7006CFA68FC6}.Debug R18|x64.ActiveCfg = Debug R18|x64
		{A57DF876-56B5-4F48-87D6-7006CFA68FC6}.Debug R18|x64.Build.0 = Debug R18|x64
		{A57DF876-56B5-4F48-87D6-7006CFA68FC6}.Debug R19|x64.ActiveCfg = Debug R19|x64
		{A57DF876-56B5-4F48-87D6-7006CFA68FC6}.Debug R19|x64.Build.0 = Debug R19|x64
		{A57DF876-56B5-4F48-87D6-7006CFA68FC6}.Debug R20|x64.ActiveCfg = Debug R20|x64
		{A57DF876-56B5-4F48-87D6-7006CFA68FC6}.Debug R20|x64.Build.0 = Debug R20|x64
		{A57DF876-56B5-4F48-87D6-7006CFA68FC6}.Debug R21|x64.ActiveCfg = Debug R21|x64
		{A57DF876-56B5-4F48-87D6-7006CFA68FC6}.Debug R21|x64.Build.0 = Debug R21|x64
		{A57DF876-56B5-4F48-87D6-7006CFA68FC6}.Debug R22|x64.ActiveCfg = Debug R22|x64
		{A57DF876-56B5-4F48-87D6-7006CFA68FC6}.Debug R22|x64.Build.0 = Debug R22|x64
		{A57DF876-56B5-4F48-87D6-7006CFA68FC6}.Debug R23|x64.ActiveCfg = Debug R23|x64
		{A57DF876-56B5-4F48-87D6-7006CFA68FC6}.Debug R23|x64.Build.0 = Debug R23|x64
		{A57DF876-56B5-4F48-87D6-7006CFA68FC6}.Debug R24|x64.ActiveCfg = Debug R24|x64
		{A57DF876-56B5-4F48-87D6-7006CFA68FC6}.Debug R24|x64.Build.0 = Debug R24|x64
		{A57DF876-56B5-4F48-87D6-7006CFA68FC6}.Debug R25|x64.ActiveCfg = Debug R25|x64
		{A57DF876-56B5-4F48-87D6-7006CFA68FC6}.Debug R25|x64.Build.0 = Debug R25|x64
		{A57DF876-56B5-4F48-87D6-7006CFA68FC6}.Release R18|x64.ActiveCfg = Release R18|x64
		{A57DF876-56B5-4F48-87D6-7006CFA68FC6}.Release R18|x64.Build.0 = Release R18|x64
		{A57DF876-56B5-4F48-87D6-7006CFA68FC6}.Release R19|x64.ActiveCfg = Release R19|x64
		{A57DF876-56B5-4F48-87D6-7006CFA68FC6}.Release R19|x64.Build.0 = Release R19|x64
		{A57DF876-56B5-4F48-87D6-7006CFA68FC6}.Release R20|x64.ActiveCfg = Release R20|x64
		{A57DF876-56B5-4F48-87D6-7006CFA68FC6}.Release R20|x64.Build.0 = Release R20|x64
		{A57DF876-56B5-4F48-87D6-7006CFA68FC6}.Release R21|x64.ActiveCfg = Release R21|x64
		{A57DF876-56B5-4F48-87D6-7006CFA68FC6}.Release R21|x64.Build.0 = Release R21|x64
		{A57DF876-56B5-4F48-87D6-7006CFA68FC6}.Release R22|x64.ActiveCfg = Release R22|x64
		{A57DF876-56B5-4F48-87D6-7006CFA68FC6}.Release R22|x64.Build.0 = Release R22|x64
		{A57DF876-56B5-4F48-87D6-7006CFA68FC6}.Release R23|x64.ActiveCfg = Release R23|x64
		{A57DF876-56B5-4F48-87D6-7006CFA68FC6}.Release R23|x64.Build.0 = Release R23|x64
		{A57DF876-56B5-4F48-87D6-7006CFA68FC6}.Release R24|x64.ActiveCfg = Release R24|x64
		{A57DF876-56B5-4F48-87D6-7006CFA68FC6}.Release R24|x64.Build.0 = Release R24|x64
		{A57DF876-56B5-4F48-87D6-7006CFA68FC6}.Release R25|x64.ActiveCfg = Release R25|x64
		{A57DF876-56B5-4F48-87D6-7006CFA68FC6}.Release R25|x64.Build.0 = Release R25|x64
	EndGlobalSection
	GlobalSection(SolutionProperties) = preSolution
		HideSolutionNode = FALSE
	EndGlobalSection
	GlobalSection(ExtensibilityGlobals) = postSolution
		SolutionGuid = {4AD68510-354F-4E1A-9E07-6BCE3BCD58F0}
	EndGlobalSection
EndGlobal
