
Microsoft Visual Studio Solution File, Format Version 12.00
# Visual Studio 2012
Project("{FAE04EC0-301F-11D3-BF4B-00C04F79EFBC}") = "RevitDBManager", "RevitDBManager\RevitDBManager.csproj", "{035D419D-A292-48D5-B625-315563E12C74}"
EndProject
Global
	GlobalSection(SolutionConfigurationPlatforms) = preSolution
		2013|Any CPU = 2013|Any CPU
		2014|Any CPU = 2014|Any CPU
		2015|Any CPU = 2015|Any CPU
		Debug|Any CPU = Debug|Any CPU
		Release|Any CPU = Release|Any CPU
	EndGlobalSection
	GlobalSection(ProjectConfigurationPlatforms) = postSolution
		{035D419D-A292-48D5-B625-315563E12C74}.2013|Any CPU.ActiveCfg = 2013|Any CPU
		{035D419D-A292-48D5-B625-315563E12C74}.2013|Any CPU.Build.0 = 2013|Any CPU
		{035D419D-A292-48D5-B625-315563E12C74}.2014|Any CPU.ActiveCfg = 2014|Any CPU
		{035D419D-A292-48D5-B625-315563E12C74}.2014|Any CPU.Build.0 = 2014|Any CPU
		{035D419D-A292-48D5-B625-315563E12C74}.2015|Any CPU.ActiveCfg = 2015|Any CPU
		{035D419D-A292-48D5-B625-315563E12C74}.2015|Any CPU.Build.0 = 2015|Any CPU
		{035D419D-A292-48D5-B625-315563E12C74}.Debug|Any CPU.ActiveCfg = Debug|Any CPU
		{035D419D-A292-48D5-B625-315563E12C74}.Debug|Any CPU.Build.0 = Debug|Any CPU
		{035D419D-A292-48D5-B625-315563E12C74}.Release|Any CPU.ActiveCfg = Release|Any CPU
		{035D419D-A292-48D5-B625-315563E12C74}.Release|Any CPU.Build.0 = Release|Any CPU
	EndGlobalSection
	GlobalSection(SolutionProperties) = preSolution
		HideSolutionNode = FALSE
	EndGlobalSection
EndGlobal
