
Microsoft Visual Studio Solution File, Format Version 12.00
# Visual Studio 15
VisualStudioVersion = 15.0.26403.7
MinimumVisualStudioVersion = 10.0.40219.1
Project("{FAE04EC0-301F-11D3-BF4B-00C04F79EFBC}") = "HOK.CitrixTools", "HOK.CitrixTools\HOK.CitrixTools.csproj", "{41EF7B0B-BD92-4803-8929-31BC2380D62A}"
EndProject
Global
	GlobalSection(SolutionConfigurationPlatforms) = preSolution
		2015|Any CPU = 2015|Any CPU
		2016|Any CPU = 2016|Any CPU
		2017|Any CPU = 2017|Any CPU
		2018|Any CPU = 2018|Any CPU
		Debug|Any CPU = Debug|Any CPU
		Release|Any CPU = Release|Any CPU
	EndGlobalSection
	GlobalSection(ProjectConfigurationPlatforms) = postSolution
		{41EF7B0B-BD92-4803-8929-31BC2380D62A}.2015|Any CPU.ActiveCfg = 2015|Any CPU
		{41EF7B0B-BD92-4803-8929-31BC2380D62A}.2015|Any CPU.Build.0 = 2015|Any CPU
		{41EF7B0B-BD92-4803-8929-31BC2380D62A}.2016|Any CPU.ActiveCfg = 2016|Any CPU
		{41EF7B0B-BD92-4803-8929-31BC2380D62A}.2016|Any CPU.Build.0 = 2016|Any CPU
		{41EF7B0B-BD92-4803-8929-31BC2380D62A}.2017|Any CPU.ActiveCfg = 2017|Any CPU
		{41EF7B0B-BD92-4803-8929-31BC2380D62A}.2017|Any CPU.Build.0 = 2017|Any CPU
		{41EF7B0B-BD92-4803-8929-31BC2380D62A}.2018|Any CPU.ActiveCfg = 2018|Any CPU
		{41EF7B0B-BD92-4803-8929-31BC2380D62A}.2018|Any CPU.Build.0 = 2018|Any CPU
		{41EF7B0B-BD92-4803-8929-31BC2380D62A}.Debug|Any CPU.ActiveCfg = Debug|Any CPU
		{41EF7B0B-BD92-4803-8929-31BC2380D62A}.Debug|Any CPU.Build.0 = Debug|Any CPU
		{41EF7B0B-BD92-4803-8929-31BC2380D62A}.Release|Any CPU.ActiveCfg = Release|Any CPU
		{41EF7B0B-BD92-4803-8929-31BC2380D62A}.Release|Any CPU.Build.0 = Release|Any CPU
	EndGlobalSection
	GlobalSection(SolutionProperties) = preSolution
		HideSolutionNode = FALSE
	EndGlobalSection
EndGlobal
