
Microsoft Visual Studio Solution File, Format Version 12.00
# Visual Studio Version 16
VisualStudioVersion = 16.0.31005.135
MinimumVisualStudioVersion = 10.0.40219.1
Project("{FAE04EC0-301F-11D3-BF4B-00C04F79EFBC}") = "HOK.AddInManager", "HOK.AddInManager\HOK.AddInManager.csproj", "{7CE0B057-4D66-4955-AE4C-993CABF9AA9E}"
EndProject
Project("{FAE04EC0-301F-11D3-BF4B-00C04F79EFBC}") = "HOK.DesktopConnectorLauncher", "HOK.DesktopConnectorLauncher\HOK.DesktopConnectorLauncher.csproj", "{73F980B7-AA1F-4B42-8A59-0E52F5F513F8}"
EndProject
Global
	GlobalSection(SolutionConfigurationPlatforms) = preSolution
		2018|x64 = 2018|x64
		2019|x64 = 2019|x64
		2020|x64 = 2020|x64
		2021|x64 = 2021|x64
		2022|x64 = 2022|x64
		Debug|x64 = Debug|x64
		Release|x64 = Release|x64
	EndGlobalSection
	GlobalSection(ProjectConfigurationPlatforms) = postSolution
		{7CE0B057-4D66-4955-AE4C-993CABF9AA9E}.2018|x64.ActiveCfg = 2018|x64
		{7CE0B057-4D66-4955-AE4C-993CABF9AA9E}.2018|x64.Build.0 = 2018|x64
		{7CE0B057-4D66-4955-AE4C-993CABF9AA9E}.2019|x64.ActiveCfg = 2019|x64
		{7CE0B057-4D66-4955-AE4C-993CABF9AA9E}.2019|x64.Build.0 = 2019|x64
		{7CE0B057-4D66-4955-AE4C-993CABF9AA9E}.2020|x64.ActiveCfg = 2020|x64
		{7CE0B057-4D66-4955-AE4C-993CABF9AA9E}.2020|x64.Build.0 = 2020|x64
		{7CE0B057-4D66-4955-AE4C-993CABF9AA9E}.2021|x64.ActiveCfg = 2021|x64
		{7CE0B057-4D66-4955-AE4C-993CABF9AA9E}.2021|x64.Build.0 = 2021|x64
		{7CE0B057-4D66-4955-AE4C-993CABF9AA9E}.2022|x64.ActiveCfg = 2022|x64
		{7CE0B057-4D66-4955-AE4C-993CABF9AA9E}.2022|x64.Build.0 = 2022|x64
		{7CE0B057-4D66-4955-AE4C-993CABF9AA9E}.Debug|x64.ActiveCfg = Debug|x64
		{7CE0B057-4D66-4955-AE4C-993CABF9AA9E}.Debug|x64.Build.0 = Debug|x64
		{7CE0B057-4D66-4955-AE4C-993CABF9AA9E}.Release|x64.ActiveCfg = Release|x64
		{7CE0B057-4D66-4955-AE4C-993CABF9AA9E}.Release|x64.Build.0 = Release|x64
		{73F980B7-AA1F-4B42-8A59-0E52F5F513F8}.2018|x64.ActiveCfg = 2018|x64
		{73F980B7-AA1F-4B42-8A59-0E52F5F513F8}.2018|x64.Build.0 = 2018|x64
		{73F980B7-AA1F-4B42-8A59-0E52F5F513F8}.2019|x64.ActiveCfg = 2019|x64
		{73F980B7-AA1F-4B42-8A59-0E52F5F513F8}.2019|x64.Build.0 = 2019|x64
		{73F980B7-AA1F-4B42-8A59-0E52F5F513F8}.2020|x64.ActiveCfg = 2020|x64
		{73F980B7-AA1F-4B42-8A59-0E52F5F513F8}.2020|x64.Build.0 = 2020|x64
		{73F980B7-AA1F-4B42-8A59-0E52F5F513F8}.2021|x64.ActiveCfg = 2021|x64
		{73F980B7-AA1F-4B42-8A59-0E52F5F513F8}.2021|x64.Build.0 = 2021|x64
		{73F980B7-AA1F-4B42-8A59-0E52F5F513F8}.2022|x64.ActiveCfg = 2022|x64
		{73F980B7-AA1F-4B42-8A59-0E52F5F513F8}.2022|x64.Build.0 = 2022|x64
		{73F980B7-AA1F-4B42-8A59-0E52F5F513F8}.Debug|x64.ActiveCfg = Debug|x64
		{73F980B7-AA1F-4B42-8A59-0E52F5F513F8}.Debug|x64.Build.0 = Debug|x64
		{73F980B7-AA1F-4B42-8A59-0E52F5F513F8}.Release|x64.ActiveCfg = Release|x64
		{73F980B7-AA1F-4B42-8A59-0E52F5F513F8}.Release|x64.Build.0 = Release|x64
	EndGlobalSection
	GlobalSection(SolutionProperties) = preSolution
		HideSolutionNode = FALSE
	EndGlobalSection
	GlobalSection(ExtensibilityGlobals) = postSolution
		SolutionGuid = {EA148301-5AF4-4BCF-B8AD-D747E7BFC9F4}
	EndGlobalSection
EndGlobal
