
Microsoft Visual Studio Solution File, Format Version 12.00
# Visual Studio 15
VisualStudioVersion = 15.0.26403.7
MinimumVisualStudioVersion = 10.0.40219.1
Project("{FAE04EC0-301F-11D3-BF4B-00C04F79EFBC}") = "HOK.AddInManager", "HOK.AddInManager\HOK.AddInManager.csproj", "{7CE0B057-4D66-4955-AE4C-993CABF9AA9E}"
EndProject
Global
	GlobalSection(SolutionConfigurationPlatforms) = preSolution
		2017|Any CPU = 2017|Any CPU
		2018|Any CPU = 2018|Any CPU
		2019|Any CPU = 2019|Any CPU
		Debug|Any CPU = Debug|Any CPU
		Release|Any CPU = Release|Any CPU
	EndGlobalSection
	GlobalSection(ProjectConfigurationPlatforms) = postSolution
		{7CE0B057-4D66-4955-AE4C-993CABF9AA9E}.2017|Any CPU.ActiveCfg = 2017|Any CPU
		{7CE0B057-4D66-4955-AE4C-993CABF9AA9E}.2017|Any CPU.Build.0 = 2017|Any CPU
		{7CE0B057-4D66-4955-AE4C-993CABF9AA9E}.2018|Any CPU.ActiveCfg = 2018|Any CPU
		{7CE0B057-4D66-4955-AE4C-993CABF9AA9E}.2018|Any CPU.Build.0 = 2018|Any CPU
		{7CE0B057-4D66-4955-AE4C-993CABF9AA9E}.2019|Any CPU.ActiveCfg = 2019|Any CPU
		{7CE0B057-4D66-4955-AE4C-993CABF9AA9E}.2019|Any CPU.Build.0 = 2019|Any CPU
		{7CE0B057-4D66-4955-AE4C-993CABF9AA9E}.Debug|Any CPU.ActiveCfg = Debug|Any CPU
		{7CE0B057-4D66-4955-AE4C-993CABF9AA9E}.Debug|Any CPU.Build.0 = Debug|Any CPU
		{7CE0B057-4D66-4955-AE4C-993CABF9AA9E}.Release|Any CPU.ActiveCfg = Release|Any CPU
		{7CE0B057-4D66-4955-AE4C-993CABF9AA9E}.Release|Any CPU.Build.0 = Release|Any CPU
	EndGlobalSection
	GlobalSection(SolutionProperties) = preSolution
		HideSolutionNode = FALSE
	EndGlobalSection
	GlobalSection(ExtensibilityGlobals) = postSolution
		SolutionGuid = {EA148301-5AF4-4BCF-B8AD-D747E7BFC9F4}
	EndGlobalSection
EndGlobal
