
Microsoft Visual Studio Solution File, Format Version 12.00
# Visual Studio 15
VisualStudioVersion = 15.0.26403.7
MinimumVisualStudioVersion = 10.0.40219.1
Project("{F184B08F-C81C-45F6-A57F-5ABD9991F28F}") = "HOK.ElementTools", "HOK.ElementTools\HOK.ElementTools.vbproj", "{5E2C8756-742E-4726-8736-F150469B6C3A}"
EndProject
Global
	GlobalSection(SolutionConfigurationPlatforms) = preSolution
		2016|Any CPU = 2016|Any CPU
		2017|Any CPU = 2017|Any CPU
		2018|Any CPU = 2018|Any CPU
		2019|Any CPU = 2019|Any CPU
		2020|Any CPU = 2020|Any CPU
		2021|Any CPU = 2021|Any CPU
		Debug|Any CPU = Debug|Any CPU
		Release|Any CPU = Release|Any CPU
	EndGlobalSection
	GlobalSection(ProjectConfigurationPlatforms) = postSolution
		{5E2C8756-742E-4726-8736-F150469B6C3A}.2016|Any CPU.ActiveCfg = 2016|Any CPU
		{5E2C8756-742E-4726-8736-F150469B6C3A}.2016|Any CPU.Build.0 = 2016|Any CPU
		{5E2C8756-742E-4726-8736-F150469B6C3A}.2017|Any CPU.ActiveCfg = 2017|Any CPU
		{5E2C8756-742E-4726-8736-F150469B6C3A}.2017|Any CPU.Build.0 = 2017|Any CPU
		{5E2C8756-742E-4726-8736-F150469B6C3A}.2018|Any CPU.ActiveCfg = 2018|Any CPU
		{5E2C8756-742E-4726-8736-F150469B6C3A}.2018|Any CPU.Build.0 = 2018|Any CPU
		{5E2C8756-742E-4726-8736-F150469B6C3A}.2019|Any CPU.ActiveCfg = 2019|Any CPU
		{5E2C8756-742E-4726-8736-F150469B6C3A}.2019|Any CPU.Build.0 = 2019|Any CPU
		{5E2C8756-742E-4726-8736-F150469B6C3A}.2020|Any CPU.ActiveCfg = 2020|Any CPU
		{5E2C8756-742E-4726-8736-F150469B6C3A}.2020|Any CPU.Build.0 = 2020|Any CPU
		{5E2C8756-742E-4726-8736-F150469B6C3A}.2021|Any CPU.ActiveCfg = 2021|Any CPU
		{5E2C8756-742E-4726-8736-F150469B6C3A}.2021|Any CPU.Build.0 = 2021|Any CPU
		{5E2C8756-742E-4726-8736-F150469B6C3A}.Debug|Any CPU.ActiveCfg = Debug|Any CPU
		{5E2C8756-742E-4726-8736-F150469B6C3A}.Debug|Any CPU.Build.0 = Debug|Any CPU
		{5E2C8756-742E-4726-8736-F150469B6C3A}.Release|Any CPU.ActiveCfg = Release|Any CPU
		{5E2C8756-742E-4726-8736-F150469B6C3A}.Release|Any CPU.Build.0 = Release|Any CPU
	EndGlobalSection
	GlobalSection(SolutionProperties) = preSolution
		HideSolutionNode = FALSE
	EndGlobalSection
	GlobalSection(ExtensibilityGlobals) = postSolution
		SolutionGuid = {C48C535A-357C-40B7-AEF7-A581181A24AD}
	EndGlobalSection
EndGlobal
