
Microsoft Visual Studio Solution File, Format Version 12.00
# Visual Studio 15
VisualStudioVersion = 15.0.27703.2000
MinimumVisualStudioVersion = 10.0.40219.1
Project("{FAE04EC0-301F-11D3-BF4B-00C04F79EFBC}") = "HOK.SmartBCF.Manager", "HOK.SmartBCF.Manager\HOK.SmartBCF.Manager.csproj", "{B09632CD-D9CD-46ED-A7BF-3E6AE2D5816C}"
EndProject
Project("{FAE04EC0-301F-11D3-BF4B-00C04F79EFBC}") = "HOK.SmartBCF", "HOK.SmartBCF\HOK.SmartBCF.csproj", "{EA9D6E96-3382-4697-8247-844A9260E4EB}"
EndProject
Project("{FAE04EC0-301F-11D3-BF4B-00C04F79EFBC}") = "HOK.SmartBCF.AddIn", "HOK.SmartBCF.AddIn\HOK.SmartBCF.AddIn.csproj", "{ABC35D77-AC2A-440C-8B79-8852F0F666C7}"
EndProject
Global
	GlobalSection(SolutionConfigurationPlatforms) = preSolution
		2018|x64 = 2018|x64
		2019|x64 = 2019|x64
		2020|x64 = 2020|x64
		2021|x64 = 2021|x64
		2022|x64 = 2022|x64
		2023|x64 = 2023|x64
		Debug|x64 = Debug|x64
		Release|x64 = Release|x64
	EndGlobalSection
	GlobalSection(ProjectConfigurationPlatforms) = postSolution
		{B09632CD-D9CD-46ED-A7BF-3E6AE2D5816C}.2018|x64.ActiveCfg = 2018|x64
		{B09632CD-D9CD-46ED-A7BF-3E6AE2D5816C}.2018|x64.Build.0 = 2018|x64
		{B09632CD-D9CD-46ED-A7BF-3E6AE2D5816C}.2019|x64.ActiveCfg = 2019|x64
		{B09632CD-D9CD-46ED-A7BF-3E6AE2D5816C}.2019|x64.Build.0 = 2019|x64
		{B09632CD-D9CD-46ED-A7BF-3E6AE2D5816C}.2020|x64.ActiveCfg = 2020|x64
		{B09632CD-D9CD-46ED-A7BF-3E6AE2D5816C}.2020|x64.Build.0 = 2020|x64
		{B09632CD-D9CD-46ED-A7BF-3E6AE2D5816C}.2021|x64.ActiveCfg = 2021|x64
		{B09632CD-D9CD-46ED-A7BF-3E6AE2D5816C}.2021|x64.Build.0 = 2021|x64
		{B09632CD-D9CD-46ED-A7BF-3E6AE2D5816C}.2022|x64.ActiveCfg = 2022|x64
		{B09632CD-D9CD-46ED-A7BF-3E6AE2D5816C}.2022|x64.Build.0 = 2022|x64
		{B09632CD-D9CD-46ED-A7BF-3E6AE2D5816C}.2023|x64.ActiveCfg = 2023|x64
		{B09632CD-D9CD-46ED-A7BF-3E6AE2D5816C}.2023|x64.Build.0 = 2023|x64
		{B09632CD-D9CD-46ED-A7BF-3E6AE2D5816C}.Debug|x64.ActiveCfg = Debug|x64
		{B09632CD-D9CD-46ED-A7BF-3E6AE2D5816C}.Debug|x64.Build.0 = Debug|x64
		{B09632CD-D9CD-46ED-A7BF-3E6AE2D5816C}.Release|x64.ActiveCfg = Release|x64
		{B09632CD-D9CD-46ED-A7BF-3E6AE2D5816C}.Release|x64.Build.0 = Release|x64
		{EA9D6E96-3382-4697-8247-844A9260E4EB}.2018|x64.ActiveCfg = 2018|x64
		{EA9D6E96-3382-4697-8247-844A9260E4EB}.2018|x64.Build.0 = 2018|x64
		{EA9D6E96-3382-4697-8247-844A9260E4EB}.2019|x64.ActiveCfg = 2019|x64
		{EA9D6E96-3382-4697-8247-844A9260E4EB}.2019|x64.Build.0 = 2019|x64
		{EA9D6E96-3382-4697-8247-844A9260E4EB}.2020|x64.ActiveCfg = 2020|x64
		{EA9D6E96-3382-4697-8247-844A9260E4EB}.2020|x64.Build.0 = 2020|x64
		{EA9D6E96-3382-4697-8247-844A9260E4EB}.2021|x64.ActiveCfg = 2021|x64
		{EA9D6E96-3382-4697-8247-844A9260E4EB}.2021|x64.Build.0 = 2021|x64
		{EA9D6E96-3382-4697-8247-844A9260E4EB}.2022|x64.ActiveCfg = 2022|x64
		{EA9D6E96-3382-4697-8247-844A9260E4EB}.2022|x64.Build.0 = 2022|x64
		{EA9D6E96-3382-4697-8247-844A9260E4EB}.2023|x64.ActiveCfg = 2023|x64
		{EA9D6E96-3382-4697-8247-844A9260E4EB}.2023|x64.Build.0 = 2023|x64
		{EA9D6E96-3382-4697-8247-844A9260E4EB}.Debug|x64.ActiveCfg = Debug|x64
		{EA9D6E96-3382-4697-8247-844A9260E4EB}.Debug|x64.Build.0 = Debug|x64
		{EA9D6E96-3382-4697-8247-844A9260E4EB}.Release|x64.ActiveCfg = Release|x64
		{EA9D6E96-3382-4697-8247-844A9260E4EB}.Release|x64.Build.0 = Release|x64
		{ABC35D77-AC2A-440C-8B79-8852F0F666C7}.2018|x64.ActiveCfg = 2018|x64
		{ABC35D77-AC2A-440C-8B79-8852F0F666C7}.2018|x64.Build.0 = 2018|x64
		{ABC35D77-AC2A-440C-8B79-8852F0F666C7}.2019|x64.ActiveCfg = 2019|x64
		{ABC35D77-AC2A-440C-8B79-8852F0F666C7}.2019|x64.Build.0 = 2019|x64
		{ABC35D77-AC2A-440C-8B79-8852F0F666C7}.2020|x64.ActiveCfg = 2020|x64
		{ABC35D77-AC2A-440C-8B79-8852F0F666C7}.2020|x64.Build.0 = 2020|x64
		{ABC35D77-AC2A-440C-8B79-8852F0F666C7}.2021|x64.ActiveCfg = 2021|x64
		{ABC35D77-AC2A-440C-8B79-8852F0F666C7}.2021|x64.Build.0 = 2021|x64
		{ABC35D77-AC2A-440C-8B79-8852F0F666C7}.2022|x64.ActiveCfg = 2022|x64
		{ABC35D77-AC2A-440C-8B79-8852F0F666C7}.2022|x64.Build.0 = 2022|x64
		{ABC35D77-AC2A-440C-8B79-8852F0F666C7}.2023|x64.ActiveCfg = 2023|x64
		{ABC35D77-AC2A-440C-8B79-8852F0F666C7}.2023|x64.Build.0 = 2023|x64
		{ABC35D77-AC2A-440C-8B79-8852F0F666C7}.Debug|x64.ActiveCfg = Debug|x64
		{ABC35D77-AC2A-440C-8B79-8852F0F666C7}.Debug|x64.Build.0 = Debug|x64
		{ABC35D77-AC2A-440C-8B79-8852F0F666C7}.Release|x64.ActiveCfg = Release|x64
		{ABC35D77-AC2A-440C-8B79-8852F0F666C7}.Release|x64.Build.0 = Release|x64
	EndGlobalSection
	GlobalSection(SolutionProperties) = preSolution
		HideSolutionNode = FALSE
	EndGlobalSection
	GlobalSection(ExtensibilityGlobals) = postSolution
		SolutionGuid = {AF1D5B8A-D80A-4486-BCF8-1B32B34EB269}
	EndGlobalSection
EndGlobal
