
Microsoft Visual Studio Solution File, Format Version 12.00
# Visual Studio 15
VisualStudioVersion = 15.0.27703.2000
MinimumVisualStudioVersion = 10.0.40219.1
Project("{FAE04EC0-301F-11D3-BF4B-00C04F79EFBC}") = "HOK.SmartBCF.Manager", "HOK.SmartBCF.Manager\HOK.SmartBCF.Manager.csproj", "{B09632CD-D9CD-46ED-A7BF-3E6AE2D5816C}"
EndProject
Project("{FAE04EC0-301F-11D3-BF4B-00C04F79EFBC}") = "HOK.SmartBCF", "HOK.SmartBCF\HOK.SmartBCF.csproj", "{EA9D6E96-3382-4697-8247-844A9260E4EB}"
EndProject
Project("{FAE04EC0-301F-11D3-BF4B-00C04F79EFBC}") = "HOK.SmartBCF.AddIn", "HOK.SmartBCF.AddIn\HOK.SmartBCF.AddIn.csproj", "{ABC35D77-AC2A-440C-8B79-8852F0F666C7}"
EndProject
Global
	GlobalSection(SolutionConfigurationPlatforms) = preSolution
		2015|Any CPU = 2015|Any CPU
		2016|Any CPU = 2016|Any CPU
		2017|Any CPU = 2017|Any CPU
		2018|Any CPU = 2018|Any CPU
		2019|Any CPU = 2019|Any CPU
		Debug|Any CPU = Debug|Any CPU
		Release|Any CPU = Release|Any CPU
	EndGlobalSection
	GlobalSection(ProjectConfigurationPlatforms) = postSolution
		{B09632CD-D9CD-46ED-A7BF-3E6AE2D5816C}.2015|Any CPU.ActiveCfg = 2015|Any CPU
		{B09632CD-D9CD-46ED-A7BF-3E6AE2D5816C}.2015|Any CPU.Build.0 = 2015|Any CPU
		{B09632CD-D9CD-46ED-A7BF-3E6AE2D5816C}.2016|Any CPU.ActiveCfg = 2016|Any CPU
		{B09632CD-D9CD-46ED-A7BF-3E6AE2D5816C}.2016|Any CPU.Build.0 = 2016|Any CPU
		{B09632CD-D9CD-46ED-A7BF-3E6AE2D5816C}.2017|Any CPU.ActiveCfg = 2017|Any CPU
		{B09632CD-D9CD-46ED-A7BF-3E6AE2D5816C}.2017|Any CPU.Build.0 = 2017|Any CPU
		{B09632CD-D9CD-46ED-A7BF-3E6AE2D5816C}.2018|Any CPU.ActiveCfg = 2018|Any CPU
		{B09632CD-D9CD-46ED-A7BF-3E6AE2D5816C}.2018|Any CPU.Build.0 = 2018|Any CPU
		{B09632CD-D9CD-46ED-A7BF-3E6AE2D5816C}.2019|Any CPU.ActiveCfg = 2019|Any CPU
		{B09632CD-D9CD-46ED-A7BF-3E6AE2D5816C}.2019|Any CPU.Build.0 = 2019|Any CPU
		{B09632CD-D9CD-46ED-A7BF-3E6AE2D5816C}.Debug|Any CPU.ActiveCfg = Debug|Any CPU
		{B09632CD-D9CD-46ED-A7BF-3E6AE2D5816C}.Debug|Any CPU.Build.0 = Debug|Any CPU
		{B09632CD-D9CD-46ED-A7BF-3E6AE2D5816C}.Release|Any CPU.ActiveCfg = Release|Any CPU
		{B09632CD-D9CD-46ED-A7BF-3E6AE2D5816C}.Release|Any CPU.Build.0 = Release|Any CPU
		{EA9D6E96-3382-4697-8247-844A9260E4EB}.2015|Any CPU.ActiveCfg = 2015|Any CPU
		{EA9D6E96-3382-4697-8247-844A9260E4EB}.2015|Any CPU.Build.0 = 2015|Any CPU
		{EA9D6E96-3382-4697-8247-844A9260E4EB}.2016|Any CPU.ActiveCfg = 2016|Any CPU
		{EA9D6E96-3382-4697-8247-844A9260E4EB}.2016|Any CPU.Build.0 = 2016|Any CPU
		{EA9D6E96-3382-4697-8247-844A9260E4EB}.2017|Any CPU.ActiveCfg = 2017|Any CPU
		{EA9D6E96-3382-4697-8247-844A9260E4EB}.2017|Any CPU.Build.0 = 2017|Any CPU
		{EA9D6E96-3382-4697-8247-844A9260E4EB}.2018|Any CPU.ActiveCfg = 2018|Any CPU
		{EA9D6E96-3382-4697-8247-844A9260E4EB}.2018|Any CPU.Build.0 = 2018|Any CPU
		{EA9D6E96-3382-4697-8247-844A9260E4EB}.2019|Any CPU.ActiveCfg = 2019|Any CPU
		{EA9D6E96-3382-4697-8247-844A9260E4EB}.2019|Any CPU.Build.0 = 2019|Any CPU
		{EA9D6E96-3382-4697-8247-844A9260E4EB}.Debug|Any CPU.ActiveCfg = Debug|Any CPU
		{EA9D6E96-3382-4697-8247-844A9260E4EB}.Debug|Any CPU.Build.0 = Debug|Any CPU
		{EA9D6E96-3382-4697-8247-844A9260E4EB}.Release|Any CPU.ActiveCfg = Release|Any CPU
		{EA9D6E96-3382-4697-8247-844A9260E4EB}.Release|Any CPU.Build.0 = Release|Any CPU
		{ABC35D77-AC2A-440C-8B79-8852F0F666C7}.2015|Any CPU.ActiveCfg = 2015|Any CPU
		{ABC35D77-AC2A-440C-8B79-8852F0F666C7}.2015|Any CPU.Build.0 = 2015|Any CPU
		{ABC35D77-AC2A-440C-8B79-8852F0F666C7}.2016|Any CPU.ActiveCfg = 2016|Any CPU
		{ABC35D77-AC2A-440C-8B79-8852F0F666C7}.2016|Any CPU.Build.0 = 2016|Any CPU
		{ABC35D77-AC2A-440C-8B79-8852F0F666C7}.2017|Any CPU.ActiveCfg = 2017|Any CPU
		{ABC35D77-AC2A-440C-8B79-8852F0F666C7}.2017|Any CPU.Build.0 = 2017|Any CPU
		{ABC35D77-AC2A-440C-8B79-8852F0F666C7}.2018|Any CPU.ActiveCfg = 2018|Any CPU
		{ABC35D77-AC2A-440C-8B79-8852F0F666C7}.2018|Any CPU.Build.0 = 2018|Any CPU
		{ABC35D77-AC2A-440C-8B79-8852F0F666C7}.2019|Any CPU.ActiveCfg = 2019|Any CPU
		{ABC35D77-AC2A-440C-8B79-8852F0F666C7}.2019|Any CPU.Build.0 = 2019|Any CPU
		{ABC35D77-AC2A-440C-8B79-8852F0F666C7}.Debug|Any CPU.ActiveCfg = Debug|Any CPU
		{ABC35D77-AC2A-440C-8B79-8852F0F666C7}.Debug|Any CPU.Build.0 = Debug|Any CPU
		{ABC35D77-AC2A-440C-8B79-8852F0F666C7}.Release|Any CPU.ActiveCfg = Release|Any CPU
		{ABC35D77-AC2A-440C-8B79-8852F0F666C7}.Release|Any CPU.Build.0 = Release|Any CPU
	EndGlobalSection
	GlobalSection(SolutionProperties) = preSolution
		HideSolutionNode = FALSE
	EndGlobalSection
	GlobalSection(ExtensibilityGlobals) = postSolution
		SolutionGuid = {AF1D5B8A-D80A-4486-BCF8-1B32B34EB269}
	EndGlobalSection
EndGlobal
