
Microsoft Visual Studio Solution File, Format Version 12.00
# Visual Studio 15
VisualStudioVersion = 15.0.26403.7
MinimumVisualStudioVersion = 10.0.40219.1
Project("{FAE04EC0-301F-11D3-BF4B-00C04F79EFBC}") = "HOK.Arrowhead", "HOK.Arrowhead\HOK.Arrowhead.csproj", "{611BDFBF-0B25-45EB-9967-04C53CCEB8E7}"
EndProject
Project("{FAE04EC0-301F-11D3-BF4B-00C04F79EFBC}") = "HOK.CeilingHeight", "HOK.CeilingHeight\HOK.CeilingHeight.csproj", "{CB161CFF-BCF3-485C-A56F-A68D2D3B7178}"
EndProject
Project("{FAE04EC0-301F-11D3-BF4B-00C04F79EFBC}") = "HOK.DoorRoom", "HOK.DoorRoom\HOK.DoorRoom.csproj", "{86541396-B954-4474-B5A1-81757F1DB5F9}"
EndProject
Project("{FAE04EC0-301F-11D3-BF4B-00C04F79EFBC}") = "HOK.FinishCreator", "HOK.FinishCreator\HOK.FinishCreator.csproj", "{C3748B4A-E35D-402B-926F-80396346CC17}"
EndProject
Project("{FAE04EC0-301F-11D3-BF4B-00C04F79EFBC}") = "HOK.LevelManager", "HOK.LevelManager\HOK.LevelManager.csproj", "{5369AAE4-02AB-4231-A693-7C2D6DCB554A}"
EndProject
Project("{FAE04EC0-301F-11D3-BF4B-00C04F79EFBC}") = "HOK.RoomElevation", "HOK.RoomElevation\HOK.RoomElevation.csproj", "{5CD479FD-6FB8-4BE1-BDE6-B6F33EB9B525}"
EndProject
Project("{FAE04EC0-301F-11D3-BF4B-00C04F79EFBC}") = "HOK.RoomUpdater", "HOK.RoomUpdater\HOK.RoomUpdater.csproj", "{0EBAD4EE-6203-4D86-A8F4-B9EEF4AC926F}"
EndProject
Project("{FAE04EC0-301F-11D3-BF4B-00C04F79EFBC}") = "HOK.ViewDepth", "HOK.ViewDepth\HOK.ViewDepth.csproj", "{DB2ABEFF-28C2-422E-ACD0-C73D804B418F}"
EndProject
Project("{FAE04EC0-301F-11D3-BF4B-00C04F79EFBC}") = "HOK.WorksetView", "HOK.WorksetView\HOK.WorksetView.csproj", "{76018814-D587-4951-85E2-1EECC2EF86EE}"
EndProject
Project("{FAE04EC0-301F-11D3-BF4B-00C04F79EFBC}") = "HOK.CameraDuplicator", "HOK.CameraDuplicator\HOK.CameraDuplicator.csproj", "{068558B8-5372-418D-B53E-7EFF3EB071FF}"
EndProject
Project("{FAE04EC0-301F-11D3-BF4B-00C04F79EFBC}") = "HOK.RenameFamily", "HOK.RenameFamily\HOK.RenameFamily.csproj", "{86CCC14B-D1B4-4536-9017-CE11B3C8EF62}"
EndProject
Project("{FAE04EC0-301F-11D3-BF4B-00C04F79EFBC}") = "HOK.RoomMeasure", "HOK.RoomMeasure\HOK.RoomMeasure.csproj", "{D964BC45-F47F-4135-9F5A-3F393F1F3177}"
EndProject
Project("{FAE04EC0-301F-11D3-BF4B-00C04F79EFBC}") = "HOK.XYZLocator", "HOK.XYZLocator\HOK.XYZLocator.csproj", "{7761A3DE-B348-4F97-BEF1-1E3352174C34}"
EndProject
Global
	GlobalSection(SolutionConfigurationPlatforms) = preSolution
		2018|x64 = 2018|x64
		2019|x64 = 2019|x64
		2020|x64 = 2020|x64
		2021|x64 = 2021|x64
		2022|x64 = 2022|x64
		Debug|x64 = Debug|x64
		Release|x64 = Release|x64
	EndGlobalSection
	GlobalSection(ProjectConfigurationPlatforms) = postSolution
		{611BDFBF-0B25-45EB-9967-04C53CCEB8E7}.2018|x64.ActiveCfg = 2018|x64
		{611BDFBF-0B25-45EB-9967-04C53CCEB8E7}.2018|x64.Build.0 = 2018|x64
		{611BDFBF-0B25-45EB-9967-04C53CCEB8E7}.2019|x64.ActiveCfg = 2019|x64
		{611BDFBF-0B25-45EB-9967-04C53CCEB8E7}.2019|x64.Build.0 = 2019|x64
		{611BDFBF-0B25-45EB-9967-04C53CCEB8E7}.2020|x64.ActiveCfg = 2020|x64
		{611BDFBF-0B25-45EB-9967-04C53CCEB8E7}.2020|x64.Build.0 = 2020|x64
		{611BDFBF-0B25-45EB-9967-04C53CCEB8E7}.2021|x64.ActiveCfg = 2021|x64
		{611BDFBF-0B25-45EB-9967-04C53CCEB8E7}.2021|x64.Build.0 = 2021|x64
		{611BDFBF-0B25-45EB-9967-04C53CCEB8E7}.2022|x64.ActiveCfg = 2022|x64
		{611BDFBF-0B25-45EB-9967-04C53CCEB8E7}.2022|x64.Build.0 = 2022|x64
		{611BDFBF-0B25-45EB-9967-04C53CCEB8E7}.Debug|x64.ActiveCfg = Debug|x64
		{611BDFBF-0B25-45EB-9967-04C53CCEB8E7}.Debug|x64.Build.0 = Debug|x64
		{611BDFBF-0B25-45EB-9967-04C53CCEB8E7}.Release|x64.ActiveCfg = Release|x64
		{611BDFBF-0B25-45EB-9967-04C53CCEB8E7}.Release|x64.Build.0 = Release|x64
		{CB161CFF-BCF3-485C-A56F-A68D2D3B7178}.2018|x64.ActiveCfg = 2018|x64
		{CB161CFF-BCF3-485C-A56F-A68D2D3B7178}.2018|x64.Build.0 = 2018|x64
		{CB161CFF-BCF3-485C-A56F-A68D2D3B7178}.2019|x64.ActiveCfg = 2019|x64
		{CB161CFF-BCF3-485C-A56F-A68D2D3B7178}.2019|x64.Build.0 = 2019|x64
		{CB161CFF-BCF3-485C-A56F-A68D2D3B7178}.2020|x64.ActiveCfg = 2020|x64
		{CB161CFF-BCF3-485C-A56F-A68D2D3B7178}.2020|x64.Build.0 = 2020|x64
		{CB161CFF-BCF3-485C-A56F-A68D2D3B7178}.2021|x64.ActiveCfg = 2021|x64
		{CB161CFF-BCF3-485C-A56F-A68D2D3B7178}.2021|x64.Build.0 = 2021|x64
		{CB161CFF-BCF3-485C-A56F-A68D2D3B7178}.2022|x64.ActiveCfg = 2022|x64
		{CB161CFF-BCF3-485C-A56F-A68D2D3B7178}.2022|x64.Build.0 = 2022|x64
		{CB161CFF-BCF3-485C-A56F-A68D2D3B7178}.Debug|x64.ActiveCfg = Debug|x64
		{CB161CFF-BCF3-485C-A56F-A68D2D3B7178}.Debug|x64.Build.0 = Debug|x64
		{CB161CFF-BCF3-485C-A56F-A68D2D3B7178}.Release|x64.ActiveCfg = Release|x64
		{CB161CFF-BCF3-485C-A56F-A68D2D3B7178}.Release|x64.Build.0 = Release|x64
		{86541396-B954-4474-B5A1-81757F1DB5F9}.2018|x64.ActiveCfg = 2018|x64
		{86541396-B954-4474-B5A1-81757F1DB5F9}.2018|x64.Build.0 = 2018|x64
		{86541396-B954-4474-B5A1-81757F1DB5F9}.2019|x64.ActiveCfg = 2019|x64
		{86541396-B954-4474-B5A1-81757F1DB5F9}.2019|x64.Build.0 = 2019|x64
		{86541396-B954-4474-B5A1-81757F1DB5F9}.2020|x64.ActiveCfg = 2020|x64
		{86541396-B954-4474-B5A1-81757F1DB5F9}.2020|x64.Build.0 = 2020|x64
		{86541396-B954-4474-B5A1-81757F1DB5F9}.2021|x64.ActiveCfg = 2021|x64
		{86541396-B954-4474-B5A1-81757F1DB5F9}.2021|x64.Build.0 = 2021|x64
		{86541396-B954-4474-B5A1-81757F1DB5F9}.2022|x64.ActiveCfg = 2022|x64
		{86541396-B954-4474-B5A1-81757F1DB5F9}.2022|x64.Build.0 = 2022|x64
		{86541396-B954-4474-B5A1-81757F1DB5F9}.Debug|x64.ActiveCfg = Debug|x64
		{86541396-B954-4474-B5A1-81757F1DB5F9}.Debug|x64.Build.0 = Debug|x64
		{86541396-B954-4474-B5A1-81757F1DB5F9}.Release|x64.ActiveCfg = Release|x64
		{86541396-B954-4474-B5A1-81757F1DB5F9}.Release|x64.Build.0 = Release|x64
		{C3748B4A-E35D-402B-926F-80396346CC17}.2018|x64.ActiveCfg = 2018|x64
		{C3748B4A-E35D-402B-926F-80396346CC17}.2018|x64.Build.0 = 2018|x64
		{C3748B4A-E35D-402B-926F-80396346CC17}.2019|x64.ActiveCfg = 2019|x64
		{C3748B4A-E35D-402B-926F-80396346CC17}.2019|x64.Build.0 = 2019|x64
		{C3748B4A-E35D-402B-926F-80396346CC17}.2020|x64.ActiveCfg = 2020|x64
		{C3748B4A-E35D-402B-926F-80396346CC17}.2020|x64.Build.0 = 2020|x64
		{C3748B4A-E35D-402B-926F-80396346CC17}.2021|x64.ActiveCfg = 2021|x64
		{C3748B4A-E35D-402B-926F-80396346CC17}.2021|x64.Build.0 = 2021|x64
		{C3748B4A-E35D-402B-926F-80396346CC17}.2022|x64.ActiveCfg = 2022|x64
		{C3748B4A-E35D-402B-926F-80396346CC17}.2022|x64.Build.0 = 2022|x64
		{C3748B4A-E35D-402B-926F-80396346CC17}.Debug|x64.ActiveCfg = Debug|x64
		{C3748B4A-E35D-402B-926F-80396346CC17}.Debug|x64.Build.0 = Debug|x64
		{C3748B4A-E35D-402B-926F-80396346CC17}.Release|x64.ActiveCfg = Release|x64
		{C3748B4A-E35D-402B-926F-80396346CC17}.Release|x64.Build.0 = Release|x64
		{5369AAE4-02AB-4231-A693-7C2D6DCB554A}.2018|x64.ActiveCfg = 2018|x64
		{5369AAE4-02AB-4231-A693-7C2D6DCB554A}.2018|x64.Build.0 = 2018|x64
		{5369AAE4-02AB-4231-A693-7C2D6DCB554A}.2019|x64.ActiveCfg = 2019|x64
		{5369AAE4-02AB-4231-A693-7C2D6DCB554A}.2019|x64.Build.0 = 2019|x64
		{5369AAE4-02AB-4231-A693-7C2D6DCB554A}.2020|x64.ActiveCfg = 2020|x64
		{5369AAE4-02AB-4231-A693-7C2D6DCB554A}.2020|x64.Build.0 = 2020|x64
		{5369AAE4-02AB-4231-A693-7C2D6DCB554A}.2021|x64.ActiveCfg = 2021|x64
		{5369AAE4-02AB-4231-A693-7C2D6DCB554A}.2021|x64.Build.0 = 2021|x64
		{5369AAE4-02AB-4231-A693-7C2D6DCB554A}.2022|x64.ActiveCfg = 2022|x64
		{5369AAE4-02AB-4231-A693-7C2D6DCB554A}.2022|x64.Build.0 = 2022|x64
		{5369AAE4-02AB-4231-A693-7C2D6DCB554A}.Debug|x64.ActiveCfg = Debug|x64
		{5369AAE4-02AB-4231-A693-7C2D6DCB554A}.Debug|x64.Build.0 = Debug|x64
		{5369AAE4-02AB-4231-A693-7C2D6DCB554A}.Release|x64.ActiveCfg = Release|x64
		{5369AAE4-02AB-4231-A693-7C2D6DCB554A}.Release|x64.Build.0 = Release|x64
		{5CD479FD-6FB8-4BE1-BDE6-B6F33EB9B525}.2018|x64.ActiveCfg = 2018|x64
		{5CD479FD-6FB8-4BE1-BDE6-B6F33EB9B525}.2018|x64.Build.0 = 2018|x64
		{5CD479FD-6FB8-4BE1-BDE6-B6F33EB9B525}.2019|x64.ActiveCfg = 2019|x64
		{5CD479FD-6FB8-4BE1-BDE6-B6F33EB9B525}.2019|x64.Build.0 = 2019|x64
		{5CD479FD-6FB8-4BE1-BDE6-B6F33EB9B525}.2020|x64.ActiveCfg = 2020|x64
		{5CD479FD-6FB8-4BE1-BDE6-B6F33EB9B525}.2020|x64.Build.0 = 2020|x64
		{5CD479FD-6FB8-4BE1-BDE6-B6F33EB9B525}.2021|x64.ActiveCfg = 2021|x64
		{5CD479FD-6FB8-4BE1-BDE6-B6F33EB9B525}.2021|x64.Build.0 = 2021|x64
		{5CD479FD-6FB8-4BE1-BDE6-B6F33EB9B525}.2022|x64.ActiveCfg = 2022|x64
		{5CD479FD-6FB8-4BE1-BDE6-B6F33EB9B525}.2022|x64.Build.0 = 2022|x64
		{5CD479FD-6FB8-4BE1-BDE6-B6F33EB9B525}.Debug|x64.ActiveCfg = Debug|x64
		{5CD479FD-6FB8-4BE1-BDE6-B6F33EB9B525}.Debug|x64.Build.0 = Debug|x64
		{5CD479FD-6FB8-4BE1-BDE6-B6F33EB9B525}.Release|x64.ActiveCfg = Release|x64
		{5CD479FD-6FB8-4BE1-BDE6-B6F33EB9B525}.Release|x64.Build.0 = Release|x64
		{0EBAD4EE-6203-4D86-A8F4-B9EEF4AC926F}.2018|x64.ActiveCfg = 2018|x64
		{0EBAD4EE-6203-4D86-A8F4-B9EEF4AC926F}.2018|x64.Build.0 = 2018|x64
		{0EBAD4EE-6203-4D86-A8F4-B9EEF4AC926F}.2019|x64.ActiveCfg = 2019|x64
		{0EBAD4EE-6203-4D86-A8F4-B9EEF4AC926F}.2019|x64.Build.0 = 2019|x64
		{0EBAD4EE-6203-4D86-A8F4-B9EEF4AC926F}.2020|x64.ActiveCfg = 2020|x64
		{0EBAD4EE-6203-4D86-A8F4-B9EEF4AC926F}.2020|x64.Build.0 = 2020|x64
		{0EBAD4EE-6203-4D86-A8F4-B9EEF4AC926F}.2021|x64.ActiveCfg = 2021|x64
		{0EBAD4EE-6203-4D86-A8F4-B9EEF4AC926F}.2021|x64.Build.0 = 2021|x64
		{0EBAD4EE-6203-4D86-A8F4-B9EEF4AC926F}.2022|x64.ActiveCfg = 2022|x64
		{0EBAD4EE-6203-4D86-A8F4-B9EEF4AC926F}.2022|x64.Build.0 = 2022|x64
		{0EBAD4EE-6203-4D86-A8F4-B9EEF4AC926F}.Debug|x64.ActiveCfg = Debug|x64
		{0EBAD4EE-6203-4D86-A8F4-B9EEF4AC926F}.Debug|x64.Build.0 = Debug|x64
		{0EBAD4EE-6203-4D86-A8F4-B9EEF4AC926F}.Release|x64.ActiveCfg = Release|x64
		{0EBAD4EE-6203-4D86-A8F4-B9EEF4AC926F}.Release|x64.Build.0 = Release|x64
		{DB2ABEFF-28C2-422E-ACD0-C73D804B418F}.2018|x64.ActiveCfg = 2018|x64
		{DB2ABEFF-28C2-422E-ACD0-C73D804B418F}.2018|x64.Build.0 = 2018|x64
		{DB2ABEFF-28C2-422E-ACD0-C73D804B418F}.2019|x64.ActiveCfg = 2019|x64
		{DB2ABEFF-28C2-422E-ACD0-C73D804B418F}.2019|x64.Build.0 = 2019|x64
		{DB2ABEFF-28C2-422E-ACD0-C73D804B418F}.2020|x64.ActiveCfg = 2020|x64
		{DB2ABEFF-28C2-422E-ACD0-C73D804B418F}.2020|x64.Build.0 = 2020|x64
		{DB2ABEFF-28C2-422E-ACD0-C73D804B418F}.2021|x64.ActiveCfg = 2021|x64
		{DB2ABEFF-28C2-422E-ACD0-C73D804B418F}.2021|x64.Build.0 = 2021|x64
		{DB2ABEFF-28C2-422E-ACD0-C73D804B418F}.2022|x64.ActiveCfg = 2022|x64
		{DB2ABEFF-28C2-422E-ACD0-C73D804B418F}.2022|x64.Build.0 = 2022|x64
		{DB2ABEFF-28C2-422E-ACD0-C73D804B418F}.Debug|x64.ActiveCfg = Debug|x64
		{DB2ABEFF-28C2-422E-ACD0-C73D804B418F}.Debug|x64.Build.0 = Debug|x64
		{DB2ABEFF-28C2-422E-ACD0-C73D804B418F}.Release|x64.ActiveCfg = Release|x64
		{DB2ABEFF-28C2-422E-ACD0-C73D804B418F}.Release|x64.Build.0 = Release|x64
		{76018814-D587-4951-85E2-1EECC2EF86EE}.2018|x64.ActiveCfg = 2018|x64
		{76018814-D587-4951-85E2-1EECC2EF86EE}.2018|x64.Build.0 = 2018|x64
		{76018814-D587-4951-85E2-1EECC2EF86EE}.2019|x64.ActiveCfg = 2019|x64
		{76018814-D587-4951-85E2-1EECC2EF86EE}.2019|x64.Build.0 = 2019|x64
		{76018814-D587-4951-85E2-1EECC2EF86EE}.2020|x64.ActiveCfg = 2020|x64
		{76018814-D587-4951-85E2-1EECC2EF86EE}.2020|x64.Build.0 = 2020|x64
		{76018814-D587-4951-85E2-1EECC2EF86EE}.2021|x64.ActiveCfg = 2021|x64
		{76018814-D587-4951-85E2-1EECC2EF86EE}.2021|x64.Build.0 = 2021|x64
		{76018814-D587-4951-85E2-1EECC2EF86EE}.2022|x64.ActiveCfg = 2022|x64
		{76018814-D587-4951-85E2-1EECC2EF86EE}.2022|x64.Build.0 = 2022|x64
		{76018814-D587-4951-85E2-1EECC2EF86EE}.Debug|x64.ActiveCfg = Debug|x64
		{76018814-D587-4951-85E2-1EECC2EF86EE}.Debug|x64.Build.0 = Debug|x64
		{76018814-D587-4951-85E2-1EECC2EF86EE}.Release|x64.ActiveCfg = Release|x64
		{76018814-D587-4951-85E2-1EECC2EF86EE}.Release|x64.Build.0 = Release|x64
		{068558B8-5372-418D-B53E-7EFF3EB071FF}.2018|x64.ActiveCfg = 2018|x64
		{068558B8-5372-418D-B53E-7EFF3EB071FF}.2018|x64.Build.0 = 2018|x64
		{068558B8-5372-418D-B53E-7EFF3EB071FF}.2019|x64.ActiveCfg = 2019|x64
		{068558B8-5372-418D-B53E-7EFF3EB071FF}.2019|x64.Build.0 = 2019|x64
		{068558B8-5372-418D-B53E-7EFF3EB071FF}.2020|x64.ActiveCfg = 2020|x64
		{068558B8-5372-418D-B53E-7EFF3EB071FF}.2020|x64.Build.0 = 2020|x64
		{068558B8-5372-418D-B53E-7EFF3EB071FF}.2021|x64.ActiveCfg = 2021|x64
		{068558B8-5372-418D-B53E-7EFF3EB071FF}.2021|x64.Build.0 = 2021|x64
		{068558B8-5372-418D-B53E-7EFF3EB071FF}.2022|x64.ActiveCfg = 2022|x64
		{068558B8-5372-418D-B53E-7EFF3EB071FF}.2022|x64.Build.0 = 2022|x64
		{068558B8-5372-418D-B53E-7EFF3EB071FF}.Debug|x64.ActiveCfg = Debug|x64
		{068558B8-5372-418D-B53E-7EFF3EB071FF}.Debug|x64.Build.0 = Debug|x64
		{068558B8-5372-418D-B53E-7EFF3EB071FF}.Release|x64.ActiveCfg = Release|x64
		{068558B8-5372-418D-B53E-7EFF3EB071FF}.Release|x64.Build.0 = Release|x64
		{86CCC14B-D1B4-4536-9017-CE11B3C8EF62}.2018|x64.ActiveCfg = 2018|x64
		{86CCC14B-D1B4-4536-9017-CE11B3C8EF62}.2018|x64.Build.0 = 2018|x64
		{86CCC14B-D1B4-4536-9017-CE11B3C8EF62}.2019|x64.ActiveCfg = 2019|x64
		{86CCC14B-D1B4-4536-9017-CE11B3C8EF62}.2019|x64.Build.0 = 2019|x64
		{86CCC14B-D1B4-4536-9017-CE11B3C8EF62}.2020|x64.ActiveCfg = 2020|x64
		{86CCC14B-D1B4-4536-9017-CE11B3C8EF62}.2020|x64.Build.0 = 2020|x64
		{86CCC14B-D1B4-4536-9017-CE11B3C8EF62}.2021|x64.ActiveCfg = 2021|x64
		{86CCC14B-D1B4-4536-9017-CE11B3C8EF62}.2021|x64.Build.0 = 2021|x64
		{86CCC14B-D1B4-4536-9017-CE11B3C8EF62}.2022|x64.ActiveCfg = 2022|x64
		{86CCC14B-D1B4-4536-9017-CE11B3C8EF62}.2022|x64.Build.0 = 2022|x64
		{86CCC14B-D1B4-4536-9017-CE11B3C8EF62}.Debug|x64.ActiveCfg = Debug|x64
		{86CCC14B-D1B4-4536-9017-CE11B3C8EF62}.Debug|x64.Build.0 = Debug|x64
		{86CCC14B-D1B4-4536-9017-CE11B3C8EF62}.Release|x64.ActiveCfg = Release|x64
		{86CCC14B-D1B4-4536-9017-CE11B3C8EF62}.Release|x64.Build.0 = Release|x64
		{D964BC45-F47F-4135-9F5A-3F393F1F3177}.2018|x64.ActiveCfg = 2018|x64
		{D964BC45-F47F-4135-9F5A-3F393F1F3177}.2018|x64.Build.0 = 2018|x64
		{D964BC45-F47F-4135-9F5A-3F393F1F3177}.2019|x64.ActiveCfg = 2019|x64
		{D964BC45-F47F-4135-9F5A-3F393F1F3177}.2019|x64.Build.0 = 2019|x64
		{D964BC45-F47F-4135-9F5A-3F393F1F3177}.2020|x64.ActiveCfg = 2020|x64
		{D964BC45-F47F-4135-9F5A-3F393F1F3177}.2020|x64.Build.0 = 2020|x64
		{D964BC45-F47F-4135-9F5A-3F393F1F3177}.2021|x64.ActiveCfg = 2021|x64
		{D964BC45-F47F-4135-9F5A-3F393F1F3177}.2021|x64.Build.0 = 2021|x64
		{D964BC45-F47F-4135-9F5A-3F393F1F3177}.2022|x64.ActiveCfg = 2022|x64
		{D964BC45-F47F-4135-9F5A-3F393F1F3177}.2022|x64.Build.0 = 2022|x64
		{D964BC45-F47F-4135-9F5A-3F393F1F3177}.Debug|x64.ActiveCfg = Debug|x64
		{D964BC45-F47F-4135-9F5A-3F393F1F3177}.Debug|x64.Build.0 = Debug|x64
		{D964BC45-F47F-4135-9F5A-3F393F1F3177}.Release|x64.ActiveCfg = Release|x64
		{D964BC45-F47F-4135-9F5A-3F393F1F3177}.Release|x64.Build.0 = Release|x64
		{7761A3DE-B348-4F97-BEF1-1E3352174C34}.2018|x64.ActiveCfg = 2018|x64
		{7761A3DE-B348-4F97-BEF1-1E3352174C34}.2018|x64.Build.0 = 2018|x64
		{7761A3DE-B348-4F97-BEF1-1E3352174C34}.2019|x64.ActiveCfg = 2019|x64
		{7761A3DE-B348-4F97-BEF1-1E3352174C34}.2019|x64.Build.0 = 2019|x64
		{7761A3DE-B348-4F97-BEF1-1E3352174C34}.2020|x64.ActiveCfg = 2020|x64
		{7761A3DE-B348-4F97-BEF1-1E3352174C34}.2020|x64.Build.0 = 2020|x64
		{7761A3DE-B348-4F97-BEF1-1E3352174C34}.2021|x64.ActiveCfg = 2021|x64
		{7761A3DE-B348-4F97-BEF1-1E3352174C34}.2021|x64.Build.0 = 2021|x64
		{7761A3DE-B348-4F97-BEF1-1E3352174C34}.2022|x64.ActiveCfg = 2022|x64
		{7761A3DE-B348-4F97-BEF1-1E3352174C34}.2022|x64.Build.0 = 2022|x64
		{7761A3DE-B348-4F97-BEF1-1E3352174C34}.Debug|x64.ActiveCfg = Debug|x64
		{7761A3DE-B348-4F97-BEF1-1E3352174C34}.Debug|x64.Build.0 = Debug|x64
		{7761A3DE-B348-4F97-BEF1-1E3352174C34}.Release|x64.ActiveCfg = Release|x64
		{7761A3DE-B348-4F97-BEF1-1E3352174C34}.Release|x64.Build.0 = Release|x64
	EndGlobalSection
	GlobalSection(SolutionProperties) = preSolution
		HideSolutionNode = FALSE
	EndGlobalSection
	GlobalSection(ExtensibilityGlobals) = postSolution
		SolutionGuid = {F6FBF6E2-5609-44E4-9BDA-D785D2D07AFC}
	EndGlobalSection
EndGlobal
