
Microsoft Visual Studio Solution File, Format Version 12.00
# Visual Studio 15
VisualStudioVersion = 15.0.26403.7
MinimumVisualStudioVersion = 10.0.40219.1
Project("{FAE04EC0-301F-11D3-BF4B-00C04F79EFBC}") = "HOK.Arrowhead", "HOK.Arrowhead\HOK.Arrowhead.csproj", "{611BDFBF-0B25-45EB-9967-04C53CCEB8E7}"
EndProject
Project("{FAE04EC0-301F-11D3-BF4B-00C04F79EFBC}") = "HOK.CeilingHeight", "HOK.CeilingHeight\HOK.CeilingHeight.csproj", "{CB161CFF-BCF3-485C-A56F-A68D2D3B7178}"
EndProject
Project("{FAE04EC0-301F-11D3-BF4B-00C04F79EFBC}") = "HOK.DoorRoom", "HOK.DoorRoom\HOK.DoorRoom.csproj", "{86541396-B954-4474-B5A1-81757F1DB5F9}"
EndProject
Project("{FAE04EC0-301F-11D3-BF4B-00C04F79EFBC}") = "HOK.FinishCreator", "HOK.FinishCreator\HOK.FinishCreator.csproj", "{C3748B4A-E35D-402B-926F-80396346CC17}"
EndProject
Project("{FAE04EC0-301F-11D3-BF4B-00C04F79EFBC}") = "HOK.LevelManager", "HOK.LevelManager\HOK.LevelManager.csproj", "{5369AAE4-02AB-4231-A693-7C2D6DCB554A}"
EndProject
Project("{FAE04EC0-301F-11D3-BF4B-00C04F79EFBC}") = "HOK.RoomElevation", "HOK.RoomElevation\HOK.RoomElevation.csproj", "{5CD479FD-6FB8-4BE1-BDE6-B6F33EB9B525}"
EndProject
Project("{FAE04EC0-301F-11D3-BF4B-00C04F79EFBC}") = "HOK.RoomUpdater", "HOK.RoomUpdater\HOK.RoomUpdater.csproj", "{0EBAD4EE-6203-4D86-A8F4-B9EEF4AC926F}"
EndProject
Project("{FAE04EC0-301F-11D3-BF4B-00C04F79EFBC}") = "HOK.ViewDepth", "HOK.ViewDepth\HOK.ViewDepth.csproj", "{DB2ABEFF-28C2-422E-ACD0-C73D804B418F}"
EndProject
Project("{FAE04EC0-301F-11D3-BF4B-00C04F79EFBC}") = "HOK.WorksetView", "HOK.WorksetView\HOK.WorksetView.csproj", "{76018814-D587-4951-85E2-1EECC2EF86EE}"
EndProject
Project("{FAE04EC0-301F-11D3-BF4B-00C04F79EFBC}") = "HOK.CameraDuplicator", "HOK.CameraDuplicator\HOK.CameraDuplicator.csproj", "{068558B8-5372-418D-B53E-7EFF3EB071FF}"
EndProject
Project("{FAE04EC0-301F-11D3-BF4B-00C04F79EFBC}") = "HOK.RenameFamily", "HOK.RenameFamily\HOK.RenameFamily.csproj", "{86CCC14B-D1B4-4536-9017-CE11B3C8EF62}"
EndProject
Project("{FAE04EC0-301F-11D3-BF4B-00C04F79EFBC}") = "HOK.RoomMeasure", "HOK.RoomMeasure\HOK.RoomMeasure.csproj", "{D964BC45-F47F-4135-9F5A-3F393F1F3177}"
EndProject
Project("{FAE04EC0-301F-11D3-BF4B-00C04F79EFBC}") = "HOK.XYZLocator", "HOK.XYZLocator\HOK.XYZLocator.csproj", "{7761A3DE-B348-4F97-BEF1-1E3352174C34}"
EndProject
Global
	GlobalSection(SolutionConfigurationPlatforms) = preSolution
		2015|Any CPU = 2015|Any CPU
		2016|Any CPU = 2016|Any CPU
		2017|Any CPU = 2017|Any CPU
		2018|Any CPU = 2018|Any CPU
		Debug|Any CPU = Debug|Any CPU
		Release|Any CPU = Release|Any CPU
	EndGlobalSection
	GlobalSection(ProjectConfigurationPlatforms) = postSolution
		{611BDFBF-0B25-45EB-9967-04C53CCEB8E7}.2015|Any CPU.ActiveCfg = 2015|Any CPU
		{611BDFBF-0B25-45EB-9967-04C53CCEB8E7}.2015|Any CPU.Build.0 = 2015|Any CPU
		{611BDFBF-0B25-45EB-9967-04C53CCEB8E7}.2016|Any CPU.ActiveCfg = 2016|Any CPU
		{611BDFBF-0B25-45EB-9967-04C53CCEB8E7}.2016|Any CPU.Build.0 = 2016|Any CPU
		{611BDFBF-0B25-45EB-9967-04C53CCEB8E7}.2017|Any CPU.ActiveCfg = 2017|Any CPU
		{611BDFBF-0B25-45EB-9967-04C53CCEB8E7}.2017|Any CPU.Build.0 = 2017|Any CPU
		{611BDFBF-0B25-45EB-9967-04C53CCEB8E7}.2018|Any CPU.ActiveCfg = 2018|Any CPU
		{611BDFBF-0B25-45EB-9967-04C53CCEB8E7}.2018|Any CPU.Build.0 = 2018|Any CPU
		{611BDFBF-0B25-45EB-9967-04C53CCEB8E7}.Debug|Any CPU.ActiveCfg = Debug|Any CPU
		{611BDFBF-0B25-45EB-9967-04C53CCEB8E7}.Debug|Any CPU.Build.0 = Debug|Any CPU
		{611BDFBF-0B25-45EB-9967-04C53CCEB8E7}.Release|Any CPU.ActiveCfg = Release|Any CPU
		{611BDFBF-0B25-45EB-9967-04C53CCEB8E7}.Release|Any CPU.Build.0 = Release|Any CPU
		{CB161CFF-BCF3-485C-A56F-A68D2D3B7178}.2015|Any CPU.ActiveCfg = 2015|Any CPU
		{CB161CFF-BCF3-485C-A56F-A68D2D3B7178}.2015|Any CPU.Build.0 = 2015|Any CPU
		{CB161CFF-BCF3-485C-A56F-A68D2D3B7178}.2016|Any CPU.ActiveCfg = 2016|Any CPU
		{CB161CFF-BCF3-485C-A56F-A68D2D3B7178}.2016|Any CPU.Build.0 = 2016|Any CPU
		{CB161CFF-BCF3-485C-A56F-A68D2D3B7178}.2017|Any CPU.ActiveCfg = 2017|Any CPU
		{CB161CFF-BCF3-485C-A56F-A68D2D3B7178}.2017|Any CPU.Build.0 = 2017|Any CPU
		{CB161CFF-BCF3-485C-A56F-A68D2D3B7178}.2018|Any CPU.ActiveCfg = 2018|Any CPU
		{CB161CFF-BCF3-485C-A56F-A68D2D3B7178}.2018|Any CPU.Build.0 = 2018|Any CPU
		{CB161CFF-BCF3-485C-A56F-A68D2D3B7178}.Debug|Any CPU.ActiveCfg = Debug|Any CPU
		{CB161CFF-BCF3-485C-A56F-A68D2D3B7178}.Debug|Any CPU.Build.0 = Debug|Any CPU
		{CB161CFF-BCF3-485C-A56F-A68D2D3B7178}.Release|Any CPU.ActiveCfg = Release|Any CPU
		{CB161CFF-BCF3-485C-A56F-A68D2D3B7178}.Release|Any CPU.Build.0 = Release|Any CPU
		{86541396-B954-4474-B5A1-81757F1DB5F9}.2015|Any CPU.ActiveCfg = 2015|Any CPU
		{86541396-B954-4474-B5A1-81757F1DB5F9}.2015|Any CPU.Build.0 = 2015|Any CPU
		{86541396-B954-4474-B5A1-81757F1DB5F9}.2016|Any CPU.ActiveCfg = 2016|Any CPU
		{86541396-B954-4474-B5A1-81757F1DB5F9}.2016|Any CPU.Build.0 = 2016|Any CPU
		{86541396-B954-4474-B5A1-81757F1DB5F9}.2017|Any CPU.ActiveCfg = 2017|Any CPU
		{86541396-B954-4474-B5A1-81757F1DB5F9}.2017|Any CPU.Build.0 = 2017|Any CPU
		{86541396-B954-4474-B5A1-81757F1DB5F9}.2018|Any CPU.ActiveCfg = 2018|Any CPU
		{86541396-B954-4474-B5A1-81757F1DB5F9}.2018|Any CPU.Build.0 = 2018|Any CPU
		{86541396-B954-4474-B5A1-81757F1DB5F9}.Debug|Any CPU.ActiveCfg = Debug|Any CPU
		{86541396-B954-4474-B5A1-81757F1DB5F9}.Debug|Any CPU.Build.0 = Debug|Any CPU
		{86541396-B954-4474-B5A1-81757F1DB5F9}.Release|Any CPU.ActiveCfg = Release|Any CPU
		{86541396-B954-4474-B5A1-81757F1DB5F9}.Release|Any CPU.Build.0 = Release|Any CPU
		{C3748B4A-E35D-402B-926F-80396346CC17}.2015|Any CPU.ActiveCfg = 2015|Any CPU
		{C3748B4A-E35D-402B-926F-80396346CC17}.2015|Any CPU.Build.0 = 2015|Any CPU
		{C3748B4A-E35D-402B-926F-80396346CC17}.2016|Any CPU.ActiveCfg = 2016|Any CPU
		{C3748B4A-E35D-402B-926F-80396346CC17}.2016|Any CPU.Build.0 = 2016|Any CPU
		{C3748B4A-E35D-402B-926F-80396346CC17}.2017|Any CPU.ActiveCfg = 2017|Any CPU
		{C3748B4A-E35D-402B-926F-80396346CC17}.2017|Any CPU.Build.0 = 2017|Any CPU
		{C3748B4A-E35D-402B-926F-80396346CC17}.2018|Any CPU.ActiveCfg = 2018|Any CPU
		{C3748B4A-E35D-402B-926F-80396346CC17}.2018|Any CPU.Build.0 = 2018|Any CPU
		{C3748B4A-E35D-402B-926F-80396346CC17}.Debug|Any CPU.ActiveCfg = Debug|Any CPU
		{C3748B4A-E35D-402B-926F-80396346CC17}.Debug|Any CPU.Build.0 = Debug|Any CPU
		{C3748B4A-E35D-402B-926F-80396346CC17}.Release|Any CPU.ActiveCfg = Release|Any CPU
		{C3748B4A-E35D-402B-926F-80396346CC17}.Release|Any CPU.Build.0 = Release|Any CPU
		{5369AAE4-02AB-4231-A693-7C2D6DCB554A}.2015|Any CPU.ActiveCfg = 2015|Any CPU
		{5369AAE4-02AB-4231-A693-7C2D6DCB554A}.2015|Any CPU.Build.0 = 2015|Any CPU
		{5369AAE4-02AB-4231-A693-7C2D6DCB554A}.2016|Any CPU.ActiveCfg = 2016|Any CPU
		{5369AAE4-02AB-4231-A693-7C2D6DCB554A}.2016|Any CPU.Build.0 = 2016|Any CPU
		{5369AAE4-02AB-4231-A693-7C2D6DCB554A}.2017|Any CPU.ActiveCfg = 2017|Any CPU
		{5369AAE4-02AB-4231-A693-7C2D6DCB554A}.2017|Any CPU.Build.0 = 2017|Any CPU
		{5369AAE4-02AB-4231-A693-7C2D6DCB554A}.2018|Any CPU.ActiveCfg = 2018|Any CPU
		{5369AAE4-02AB-4231-A693-7C2D6DCB554A}.2018|Any CPU.Build.0 = 2018|Any CPU
		{5369AAE4-02AB-4231-A693-7C2D6DCB554A}.Debug|Any CPU.ActiveCfg = Debug|Any CPU
		{5369AAE4-02AB-4231-A693-7C2D6DCB554A}.Debug|Any CPU.Build.0 = Debug|Any CPU
		{5369AAE4-02AB-4231-A693-7C2D6DCB554A}.Release|Any CPU.ActiveCfg = Release|Any CPU
		{5369AAE4-02AB-4231-A693-7C2D6DCB554A}.Release|Any CPU.Build.0 = Release|Any CPU
		{5CD479FD-6FB8-4BE1-BDE6-B6F33EB9B525}.2015|Any CPU.ActiveCfg = 2015|Any CPU
		{5CD479FD-6FB8-4BE1-BDE6-B6F33EB9B525}.2015|Any CPU.Build.0 = 2015|Any CPU
		{5CD479FD-6FB8-4BE1-BDE6-B6F33EB9B525}.2016|Any CPU.ActiveCfg = 2016|Any CPU
		{5CD479FD-6FB8-4BE1-BDE6-B6F33EB9B525}.2016|Any CPU.Build.0 = 2016|Any CPU
		{5CD479FD-6FB8-4BE1-BDE6-B6F33EB9B525}.2017|Any CPU.ActiveCfg = 2017|Any CPU
		{5CD479FD-6FB8-4BE1-BDE6-B6F33EB9B525}.2017|Any CPU.Build.0 = 2017|Any CPU
		{5CD479FD-6FB8-4BE1-BDE6-B6F33EB9B525}.2018|Any CPU.ActiveCfg = 2018|Any CPU
		{5CD479FD-6FB8-4BE1-BDE6-B6F33EB9B525}.2018|Any CPU.Build.0 = 2018|Any CPU
		{5CD479FD-6FB8-4BE1-BDE6-B6F33EB9B525}.Debug|Any CPU.ActiveCfg = Debug|Any CPU
		{5CD479FD-6FB8-4BE1-BDE6-B6F33EB9B525}.Debug|Any CPU.Build.0 = Debug|Any CPU
		{5CD479FD-6FB8-4BE1-BDE6-B6F33EB9B525}.Release|Any CPU.ActiveCfg = Release|Any CPU
		{5CD479FD-6FB8-4BE1-BDE6-B6F33EB9B525}.Release|Any CPU.Build.0 = Release|Any CPU
		{0EBAD4EE-6203-4D86-A8F4-B9EEF4AC926F}.2015|Any CPU.ActiveCfg = 2015|Any CPU
		{0EBAD4EE-6203-4D86-A8F4-B9EEF4AC926F}.2015|Any CPU.Build.0 = 2015|Any CPU
		{0EBAD4EE-6203-4D86-A8F4-B9EEF4AC926F}.2016|Any CPU.ActiveCfg = 2016|Any CPU
		{0EBAD4EE-6203-4D86-A8F4-B9EEF4AC926F}.2016|Any CPU.Build.0 = 2016|Any CPU
		{0EBAD4EE-6203-4D86-A8F4-B9EEF4AC926F}.2017|Any CPU.ActiveCfg = 2017|Any CPU
		{0EBAD4EE-6203-4D86-A8F4-B9EEF4AC926F}.2017|Any CPU.Build.0 = 2017|Any CPU
		{0EBAD4EE-6203-4D86-A8F4-B9EEF4AC926F}.2018|Any CPU.ActiveCfg = 2018|Any CPU
		{0EBAD4EE-6203-4D86-A8F4-B9EEF4AC926F}.2018|Any CPU.Build.0 = 2018|Any CPU
		{0EBAD4EE-6203-4D86-A8F4-B9EEF4AC926F}.Debug|Any CPU.ActiveCfg = Debug|Any CPU
		{0EBAD4EE-6203-4D86-A8F4-B9EEF4AC926F}.Debug|Any CPU.Build.0 = Debug|Any CPU
		{0EBAD4EE-6203-4D86-A8F4-B9EEF4AC926F}.Release|Any CPU.ActiveCfg = Release|Any CPU
		{0EBAD4EE-6203-4D86-A8F4-B9EEF4AC926F}.Release|Any CPU.Build.0 = Release|Any CPU
		{DB2ABEFF-28C2-422E-ACD0-C73D804B418F}.2015|Any CPU.ActiveCfg = 2015|Any CPU
		{DB2ABEFF-28C2-422E-ACD0-C73D804B418F}.2015|Any CPU.Build.0 = 2015|Any CPU
		{DB2ABEFF-28C2-422E-ACD0-C73D804B418F}.2016|Any CPU.ActiveCfg = 2016|Any CPU
		{DB2ABEFF-28C2-422E-ACD0-C73D804B418F}.2016|Any CPU.Build.0 = 2016|Any CPU
		{DB2ABEFF-28C2-422E-ACD0-C73D804B418F}.2017|Any CPU.ActiveCfg = 2017|Any CPU
		{DB2ABEFF-28C2-422E-ACD0-C73D804B418F}.2017|Any CPU.Build.0 = 2017|Any CPU
		{DB2ABEFF-28C2-422E-ACD0-C73D804B418F}.2018|Any CPU.ActiveCfg = 2018|Any CPU
		{DB2ABEFF-28C2-422E-ACD0-C73D804B418F}.2018|Any CPU.Build.0 = 2018|Any CPU
		{DB2ABEFF-28C2-422E-ACD0-C73D804B418F}.Debug|Any CPU.ActiveCfg = Debug|Any CPU
		{DB2ABEFF-28C2-422E-ACD0-C73D804B418F}.Debug|Any CPU.Build.0 = Debug|Any CPU
		{DB2ABEFF-28C2-422E-ACD0-C73D804B418F}.Release|Any CPU.ActiveCfg = Release|Any CPU
		{DB2ABEFF-28C2-422E-ACD0-C73D804B418F}.Release|Any CPU.Build.0 = Release|Any CPU
		{76018814-D587-4951-85E2-1EECC2EF86EE}.2015|Any CPU.ActiveCfg = 2015|Any CPU
		{76018814-D587-4951-85E2-1EECC2EF86EE}.2015|Any CPU.Build.0 = 2015|Any CPU
		{76018814-D587-4951-85E2-1EECC2EF86EE}.2016|Any CPU.ActiveCfg = 2016|Any CPU
		{76018814-D587-4951-85E2-1EECC2EF86EE}.2016|Any CPU.Build.0 = 2016|Any CPU
		{76018814-D587-4951-85E2-1EECC2EF86EE}.2017|Any CPU.ActiveCfg = 2017|Any CPU
		{76018814-D587-4951-85E2-1EECC2EF86EE}.2017|Any CPU.Build.0 = 2017|Any CPU
		{76018814-D587-4951-85E2-1EECC2EF86EE}.2018|Any CPU.ActiveCfg = 2018|Any CPU
		{76018814-D587-4951-85E2-1EECC2EF86EE}.2018|Any CPU.Build.0 = 2018|Any CPU
		{76018814-D587-4951-85E2-1EECC2EF86EE}.Debug|Any CPU.ActiveCfg = Debug|Any CPU
		{76018814-D587-4951-85E2-1EECC2EF86EE}.Debug|Any CPU.Build.0 = Debug|Any CPU
		{76018814-D587-4951-85E2-1EECC2EF86EE}.Release|Any CPU.ActiveCfg = Release|Any CPU
		{76018814-D587-4951-85E2-1EECC2EF86EE}.Release|Any CPU.Build.0 = Release|Any CPU
		{068558B8-5372-418D-B53E-7EFF3EB071FF}.2015|Any CPU.ActiveCfg = 2015|Any CPU
		{068558B8-5372-418D-B53E-7EFF3EB071FF}.2015|Any CPU.Build.0 = 2015|Any CPU
		{068558B8-5372-418D-B53E-7EFF3EB071FF}.2016|Any CPU.ActiveCfg = 2016|Any CPU
		{068558B8-5372-418D-B53E-7EFF3EB071FF}.2016|Any CPU.Build.0 = 2016|Any CPU
		{068558B8-5372-418D-B53E-7EFF3EB071FF}.2017|Any CPU.ActiveCfg = 2017|Any CPU
		{068558B8-5372-418D-B53E-7EFF3EB071FF}.2017|Any CPU.Build.0 = 2017|Any CPU
		{068558B8-5372-418D-B53E-7EFF3EB071FF}.2018|Any CPU.ActiveCfg = 2018|Any CPU
		{068558B8-5372-418D-B53E-7EFF3EB071FF}.2018|Any CPU.Build.0 = 2018|Any CPU
		{068558B8-5372-418D-B53E-7EFF3EB071FF}.Debug|Any CPU.ActiveCfg = Debug|Any CPU
		{068558B8-5372-418D-B53E-7EFF3EB071FF}.Debug|Any CPU.Build.0 = Debug|Any CPU
		{068558B8-5372-418D-B53E-7EFF3EB071FF}.Release|Any CPU.ActiveCfg = Release|Any CPU
		{068558B8-5372-418D-B53E-7EFF3EB071FF}.Release|Any CPU.Build.0 = Release|Any CPU
		{86CCC14B-D1B4-4536-9017-CE11B3C8EF62}.2015|Any CPU.ActiveCfg = 2015|Any CPU
		{86CCC14B-D1B4-4536-9017-CE11B3C8EF62}.2015|Any CPU.Build.0 = 2015|Any CPU
		{86CCC14B-D1B4-4536-9017-CE11B3C8EF62}.2016|Any CPU.ActiveCfg = 2016|Any CPU
		{86CCC14B-D1B4-4536-9017-CE11B3C8EF62}.2016|Any CPU.Build.0 = 2016|Any CPU
		{86CCC14B-D1B4-4536-9017-CE11B3C8EF62}.2017|Any CPU.ActiveCfg = 2017|Any CPU
		{86CCC14B-D1B4-4536-9017-CE11B3C8EF62}.2017|Any CPU.Build.0 = 2017|Any CPU
		{86CCC14B-D1B4-4536-9017-CE11B3C8EF62}.2018|Any CPU.ActiveCfg = 2018|Any CPU
		{86CCC14B-D1B4-4536-9017-CE11B3C8EF62}.2018|Any CPU.Build.0 = 2018|Any CPU
		{86CCC14B-D1B4-4536-9017-CE11B3C8EF62}.Debug|Any CPU.ActiveCfg = Debug|Any CPU
		{86CCC14B-D1B4-4536-9017-CE11B3C8EF62}.Debug|Any CPU.Build.0 = Debug|Any CPU
		{86CCC14B-D1B4-4536-9017-CE11B3C8EF62}.Release|Any CPU.ActiveCfg = Release|Any CPU
		{86CCC14B-D1B4-4536-9017-CE11B3C8EF62}.Release|Any CPU.Build.0 = Release|Any CPU
		{D964BC45-F47F-4135-9F5A-3F393F1F3177}.2015|Any CPU.ActiveCfg = 2015|Any CPU
		{D964BC45-F47F-4135-9F5A-3F393F1F3177}.2015|Any CPU.Build.0 = 2015|Any CPU
		{D964BC45-F47F-4135-9F5A-3F393F1F3177}.2016|Any CPU.ActiveCfg = 2016|Any CPU
		{D964BC45-F47F-4135-9F5A-3F393F1F3177}.2016|Any CPU.Build.0 = 2016|Any CPU
		{D964BC45-F47F-4135-9F5A-3F393F1F3177}.2017|Any CPU.ActiveCfg = 2017|Any CPU
		{D964BC45-F47F-4135-9F5A-3F393F1F3177}.2017|Any CPU.Build.0 = 2017|Any CPU
		{D964BC45-F47F-4135-9F5A-3F393F1F3177}.2018|Any CPU.ActiveCfg = 2018|Any CPU
		{D964BC45-F47F-4135-9F5A-3F393F1F3177}.2018|Any CPU.Build.0 = 2018|Any CPU
		{D964BC45-F47F-4135-9F5A-3F393F1F3177}.Debug|Any CPU.ActiveCfg = Debug|Any CPU
		{D964BC45-F47F-4135-9F5A-3F393F1F3177}.Debug|Any CPU.Build.0 = Debug|Any CPU
		{D964BC45-F47F-4135-9F5A-3F393F1F3177}.Release|Any CPU.ActiveCfg = Release|Any CPU
		{D964BC45-F47F-4135-9F5A-3F393F1F3177}.Release|Any CPU.Build.0 = Release|Any CPU
		{7761A3DE-B348-4F97-BEF1-1E3352174C34}.2015|Any CPU.ActiveCfg = 2015|Any CPU
		{7761A3DE-B348-4F97-BEF1-1E3352174C34}.2015|Any CPU.Build.0 = 2015|Any CPU
		{7761A3DE-B348-4F97-BEF1-1E3352174C34}.2016|Any CPU.ActiveCfg = 2016|Any CPU
		{7761A3DE-B348-4F97-BEF1-1E3352174C34}.2016|Any CPU.Build.0 = 2016|Any CPU
		{7761A3DE-B348-4F97-BEF1-1E3352174C34}.2017|Any CPU.ActiveCfg = 2017|Any CPU
		{7761A3DE-B348-4F97-BEF1-1E3352174C34}.2017|Any CPU.Build.0 = 2017|Any CPU
		{7761A3DE-B348-4F97-BEF1-1E3352174C34}.2018|Any CPU.ActiveCfg = 2018|Any CPU
		{7761A3DE-B348-4F97-BEF1-1E3352174C34}.2018|Any CPU.Build.0 = 2018|Any CPU
		{7761A3DE-B348-4F97-BEF1-1E3352174C34}.Debug|Any CPU.ActiveCfg = Debug|Any CPU
		{7761A3DE-B348-4F97-BEF1-1E3352174C34}.Debug|Any CPU.Build.0 = Debug|Any CPU
		{7761A3DE-B348-4F97-BEF1-1E3352174C34}.Release|Any CPU.ActiveCfg = Release|Any CPU
		{7761A3DE-B348-4F97-BEF1-1E3352174C34}.Release|Any CPU.Build.0 = Release|Any CPU
	EndGlobalSection
	GlobalSection(SolutionProperties) = preSolution
		HideSolutionNode = FALSE
	EndGlobalSection
EndGlobal
