
Microsoft Visual Studio Solution File, Format Version 12.00
# Visual Studio 15
VisualStudioVersion = 15.0.26403.7
MinimumVisualStudioVersion = 10.0.40219.1
Project("{FAE04EC0-301F-11D3-BF4B-00C04F79EFBC}") = "HOK.ModelReporting", "HOK.ModelReporting\HOK.ModelReporting.csproj", "{91A383D9-BE13-4DB5-9231-413DC5539FC6}"
EndProject
Global
	GlobalSection(SolutionConfigurationPlatforms) = preSolution
		2016|x64 = 2016|x64
		2017|x64 = 2017|x64
		2018|x64 = 2018|x64
		2019|x64 = 2019|x64
		2020|x64 = 2020|x64
		2021|x64 = 2021|x64
		Debug|x64 = Debug|x64
		Release|x64 = Release|x64
	EndGlobalSection
	GlobalSection(ProjectConfigurationPlatforms) = postSolution
		{91A383D9-BE13-4DB5-9231-413DC5539FC6}.2016|x64.ActiveCfg = 2016|x64
		{91A383D9-BE13-4DB5-9231-413DC5539FC6}.2016|x64.Build.0 = 2016|x64
		{91A383D9-BE13-4DB5-9231-413DC5539FC6}.2017|x64.ActiveCfg = 2017|x64
		{91A383D9-BE13-4DB5-9231-413DC5539FC6}.2017|x64.Build.0 = 2017|x64
		{91A383D9-BE13-4DB5-9231-413DC5539FC6}.2018|x64.ActiveCfg = 2018|x64
		{91A383D9-BE13-4DB5-9231-413DC5539FC6}.2018|x64.Build.0 = 2018|x64
		{91A383D9-BE13-4DB5-9231-413DC5539FC6}.2019|x64.ActiveCfg = 2019|x64
		{91A383D9-BE13-4DB5-9231-413DC5539FC6}.2019|x64.Build.0 = 2019|x64
		{91A383D9-BE13-4DB5-9231-413DC5539FC6}.2020|x64.ActiveCfg = 2020|x64
		{91A383D9-BE13-4DB5-9231-413DC5539FC6}.2020|x64.Build.0 = 2020|x64
		{91A383D9-BE13-4DB5-9231-413DC5539FC6}.2021|x64.ActiveCfg = 2021|x64
		{91A383D9-BE13-4DB5-9231-413DC5539FC6}.2021|x64.Build.0 = 2021|x64
		{91A383D9-BE13-4DB5-9231-413DC5539FC6}.Debug|x64.ActiveCfg = Debug|x64
		{91A383D9-BE13-4DB5-9231-413DC5539FC6}.Debug|x64.Build.0 = Debug|x64
		{91A383D9-BE13-4DB5-9231-413DC5539FC6}.Release|x64.ActiveCfg = Release|x64
		{91A383D9-BE13-4DB5-9231-413DC5539FC6}.Release|x64.Build.0 = Release|x64
	EndGlobalSection
	GlobalSection(SolutionProperties) = preSolution
		HideSolutionNode = FALSE
	EndGlobalSection
	GlobalSection(ExtensibilityGlobals) = postSolution
		SolutionGuid = {55B25CCF-2922-45E8-A65F-C760CD09C506}
	EndGlobalSection
EndGlobal
