
Microsoft Visual Studio Solution File, Format Version 12.00
# Visual Studio 2012
Project("{FAE04EC0-301F-11D3-BF4B-00C04F79EFBC}") = "ARUP.IssueTracker.Win", "ARUP.IssueTracker.Win\ARUP.IssueTracker.Win.csproj", "{3C03085B-63AD-4890-AC2C-A4DE31AF1A6B}"
EndProject
Project("{FAE04EC0-301F-11D3-BF4B-00C04F79EFBC}") = "ARUP.IssueTracker", "ARUP.IssueTracker2\ARUP.IssueTracker.csproj", "{1B969AD1-C7E6-40FB-B3B0-20E7EB735876}"
EndProject
Project("{2150E333-8FDC-42A3-9474-1A3956D46DE8}") = "OBFUSCATED_FILES", "OBFUSCATED_FILES", "{6CE38A0F-2FA2-4A94-8346-838A809CFDA7}"
	ProjectSection(SolutionItems) = preProject
		OBFUSCATED_FILES\ARUP.IssueTracker.dll = OBFUSCATED_FILES\ARUP.IssueTracker.dll
		OBFUSCATED_FILES\ARUP.IssueTracker.Navisworks.dll = OBFUSCATED_FILES\ARUP.IssueTracker.Navisworks.dll
		OBFUSCATED_FILES\ARUP.IssueTracker.Revit.dll = OBFUSCATED_FILES\ARUP.IssueTracker.Revit.dll
		OBFUSCATED_FILES\ARUP.IssueTracker.Win.exe = OBFUSCATED_FILES\ARUP.IssueTracker.Win.exe
	EndProjectSection
EndProject
Project("{2150E333-8FDC-42A3-9474-1A3956D46DE8}") = "2014", "2014", "{FD03884D-E0BC-4F0B-AEBA-C8FBC1C91E5E}"
EndProject
Project("{2150E333-8FDC-42A3-9474-1A3956D46DE8}") = "2015", "2015", "{A3106AD5-572B-4709-91F1-3F7E94CAF531}"
EndProject
Project("{FAE04EC0-301F-11D3-BF4B-00C04F79EFBC}") = "ARUP.IssueTracker.Navisworks", "2014\ARUP.IssueTracker.Navisworks\ARUP.IssueTracker.Navisworks.csproj", "{16619324-5D78-41D0-8ABC-1612C1B46D81}"
EndProject
Project("{FAE04EC0-301F-11D3-BF4B-00C04F79EFBC}") = "ARUP.IssueTracker.Revit", "2014\ARUP.IssueTracker.Revit\ARUP.IssueTracker.Revit.csproj", "{5CFF3B2D-CBD2-4FBC-A34B-94AF36D4D583}"
EndProject
Project("{FAE04EC0-301F-11D3-BF4B-00C04F79EFBC}") = "ARUP.IssueTracker.Navisworks", "2015\ARUP.IssueTracker.Navisworks\ARUP.IssueTracker.Navisworks.csproj", "{C8DABF50-AE26-4A2E-B1C7-6BE6AFC6B0B1}"
EndProject
Project("{FAE04EC0-301F-11D3-BF4B-00C04F79EFBC}") = "ARUP.IssueTracker.Revit", "2015\ARUP.IssueTracker.Revit\ARUP.IssueTracker.Revit.csproj", "{2D132990-5674-42DF-93BF-55BA8FDC6A23}"
EndProject
Project("{2150E333-8FDC-42A3-9474-1A3956D46DE8}") = "2016", "2016", "{19F721B5-6051-4130-8249-90001A81F8F2}"
EndProject
Project("{FAE04EC0-301F-11D3-BF4B-00C04F79EFBC}") = "ARUP.IssueTracker.Revit", "2016\ARUP.IssueTracker.Revit\ARUP.IssueTracker.Revit.csproj", "{FC3952A7-6229-4370-B193-F785BAB7A57B}"
EndProject
Project("{FAE04EC0-301F-11D3-BF4B-00C04F79EFBC}") = "ARUP.IssueTracker.Navisworks", "2016\ARUP.IssueTracker.Navisworks\ARUP.IssueTracker.Navisworks.csproj", "{0A8ABFCD-E357-45F6-B6BD-3348637FA5F1}"
EndProject
Project("{FAE04EC0-301F-11D3-BF4B-00C04F79EFBC}") = "HOK.IssueTrackerInstaller", "HOK.IssueTrackerInstaller\HOK.IssueTrackerInstaller.csproj", "{FACDC6CD-1BE7-4E1F-9226-1B312EDFC96A}"
EndProject
Project("{2150E333-8FDC-42A3-9474-1A3956D46DE8}") = ".nuget", ".nuget", "{751EFED5-752A-42F4-927E-80BF6B886170}"
	ProjectSection(SolutionItems) = preProject
		.nuget\packages.config = .nuget\packages.config
	EndProjectSection
EndProject
Global
	GlobalSection(SolutionConfigurationPlatforms) = preSolution
		2014|Any CPU = 2014|Any CPU
		2015|Any CPU = 2015|Any CPU
		Debug|Any CPU = Debug|Any CPU
		ManualObfuscation|Any CPU = ManualObfuscation|Any CPU
		Release|Any CPU = Release|Any CPU
	EndGlobalSection
	GlobalSection(ProjectConfigurationPlatforms) = postSolution
		{3C03085B-63AD-4890-AC2C-A4DE31AF1A6B}.2014|Any CPU.ActiveCfg = Debug|Any CPU
		{3C03085B-63AD-4890-AC2C-A4DE31AF1A6B}.2014|Any CPU.Build.0 = Debug|Any CPU
		{3C03085B-63AD-4890-AC2C-A4DE31AF1A6B}.2015|Any CPU.ActiveCfg = Debug|Any CPU
		{3C03085B-63AD-4890-AC2C-A4DE31AF1A6B}.2015|Any CPU.Build.0 = Debug|Any CPU
		{3C03085B-63AD-4890-AC2C-A4DE31AF1A6B}.Debug|Any CPU.ActiveCfg = Debug|Any CPU
		{3C03085B-63AD-4890-AC2C-A4DE31AF1A6B}.Debug|Any CPU.Build.0 = Debug|Any CPU
		{3C03085B-63AD-4890-AC2C-A4DE31AF1A6B}.ManualObfuscation|Any CPU.ActiveCfg = ManualObfuscation|Any CPU
		{3C03085B-63AD-4890-AC2C-A4DE31AF1A6B}.ManualObfuscation|Any CPU.Build.0 = ManualObfuscation|Any CPU
		{3C03085B-63AD-4890-AC2C-A4DE31AF1A6B}.Release|Any CPU.ActiveCfg = Release|Any CPU
		{3C03085B-63AD-4890-AC2C-A4DE31AF1A6B}.Release|Any CPU.Build.0 = Release|Any CPU
		{1B969AD1-C7E6-40FB-B3B0-20E7EB735876}.2014|Any CPU.ActiveCfg = Debug|Any CPU
		{1B969AD1-C7E6-40FB-B3B0-20E7EB735876}.2014|Any CPU.Build.0 = Debug|Any CPU
		{1B969AD1-C7E6-40FB-B3B0-20E7EB735876}.2015|Any CPU.ActiveCfg = Debug|Any CPU
		{1B969AD1-C7E6-40FB-B3B0-20E7EB735876}.2015|Any CPU.Build.0 = Debug|Any CPU
		{1B969AD1-C7E6-40FB-B3B0-20E7EB735876}.Debug|Any CPU.ActiveCfg = Debug|Any CPU
		{1B969AD1-C7E6-40FB-B3B0-20E7EB735876}.Debug|Any CPU.Build.0 = Debug|Any CPU
		{1B969AD1-C7E6-40FB-B3B0-20E7EB735876}.ManualObfuscation|Any CPU.ActiveCfg = ManualObfuscation|Any CPU
		{1B969AD1-C7E6-40FB-B3B0-20E7EB735876}.ManualObfuscation|Any CPU.Build.0 = ManualObfuscation|Any CPU
		{1B969AD1-C7E6-40FB-B3B0-20E7EB735876}.Release|Any CPU.ActiveCfg = Release|Any CPU
		{1B969AD1-C7E6-40FB-B3B0-20E7EB735876}.Release|Any CPU.Build.0 = Release|Any CPU
		{16619324-5D78-41D0-8ABC-1612C1B46D81}.2014|Any CPU.ActiveCfg = ManualObfuscation|Any CPU
		{16619324-5D78-41D0-8ABC-1612C1B46D81}.2014|Any CPU.Build.0 = ManualObfuscation|Any CPU
		{16619324-5D78-41D0-8ABC-1612C1B46D81}.2015|Any CPU.ActiveCfg = Debug|Any CPU
		{16619324-5D78-41D0-8ABC-1612C1B46D81}.2015|Any CPU.Build.0 = Debug|Any CPU
		{16619324-5D78-41D0-8ABC-1612C1B46D81}.Debug|Any CPU.ActiveCfg = Debug|Any CPU
		{16619324-5D78-41D0-8ABC-1612C1B46D81}.Debug|Any CPU.Build.0 = Debug|Any CPU
		{16619324-5D78-41D0-8ABC-1612C1B46D81}.ManualObfuscation|Any CPU.ActiveCfg = ManualObfuscation|Any CPU
		{16619324-5D78-41D0-8ABC-1612C1B46D81}.ManualObfuscation|Any CPU.Build.0 = ManualObfuscation|Any CPU
		{16619324-5D78-41D0-8ABC-1612C1B46D81}.Release|Any CPU.ActiveCfg = Release|Any CPU
		{16619324-5D78-41D0-8ABC-1612C1B46D81}.Release|Any CPU.Build.0 = Release|Any CPU
		{5CFF3B2D-CBD2-4FBC-A34B-94AF36D4D583}.2014|Any CPU.ActiveCfg = ManualObfuscation|Any CPU
		{5CFF3B2D-CBD2-4FBC-A34B-94AF36D4D583}.2014|Any CPU.Build.0 = ManualObfuscation|Any CPU
		{5CFF3B2D-CBD2-4FBC-A34B-94AF36D4D583}.2015|Any CPU.ActiveCfg = Debug|Any CPU
		{5CFF3B2D-CBD2-4FBC-A34B-94AF36D4D583}.2015|Any CPU.Build.0 = Debug|Any CPU
		{5CFF3B2D-CBD2-4FBC-A34B-94AF36D4D583}.Debug|Any CPU.ActiveCfg = Debug|Any CPU
		{5CFF3B2D-CBD2-4FBC-A34B-94AF36D4D583}.Debug|Any CPU.Build.0 = Debug|Any CPU
		{5CFF3B2D-CBD2-4FBC-A34B-94AF36D4D583}.ManualObfuscation|Any CPU.ActiveCfg = ManualObfuscation|Any CPU
		{5CFF3B2D-CBD2-4FBC-A34B-94AF36D4D583}.ManualObfuscation|Any CPU.Build.0 = ManualObfuscation|Any CPU
		{5CFF3B2D-CBD2-4FBC-A34B-94AF36D4D583}.Release|Any CPU.ActiveCfg = Release|Any CPU
		{5CFF3B2D-CBD2-4FBC-A34B-94AF36D4D583}.Release|Any CPU.Build.0 = Release|Any CPU
		{C8DABF50-AE26-4A2E-B1C7-6BE6AFC6B0B1}.2014|Any CPU.ActiveCfg = ManualObfuscation|Any CPU
		{C8DABF50-AE26-4A2E-B1C7-6BE6AFC6B0B1}.2014|Any CPU.Build.0 = ManualObfuscation|Any CPU
		{C8DABF50-AE26-4A2E-B1C7-6BE6AFC6B0B1}.2015|Any CPU.ActiveCfg = Debug|Any CPU
		{C8DABF50-AE26-4A2E-B1C7-6BE6AFC6B0B1}.2015|Any CPU.Build.0 = Debug|Any CPU
		{C8DABF50-AE26-4A2E-B1C7-6BE6AFC6B0B1}.Debug|Any CPU.ActiveCfg = Debug|Any CPU
		{C8DABF50-AE26-4A2E-B1C7-6BE6AFC6B0B1}.Debug|Any CPU.Build.0 = Debug|Any CPU
		{C8DABF50-AE26-4A2E-B1C7-6BE6AFC6B0B1}.ManualObfuscation|Any CPU.ActiveCfg = ManualObfuscation|Any CPU
		{C8DABF50-AE26-4A2E-B1C7-6BE6AFC6B0B1}.ManualObfuscation|Any CPU.Build.0 = ManualObfuscation|Any CPU
		{C8DABF50-AE26-4A2E-B1C7-6BE6AFC6B0B1}.Release|Any CPU.ActiveCfg = Release|Any CPU
		{C8DABF50-AE26-4A2E-B1C7-6BE6AFC6B0B1}.Release|Any CPU.Build.0 = Release|Any CPU
		{2D132990-5674-42DF-93BF-55BA8FDC6A23}.2014|Any CPU.ActiveCfg = ManualObfuscation|Any CPU
		{2D132990-5674-42DF-93BF-55BA8FDC6A23}.2014|Any CPU.Build.0 = ManualObfuscation|Any CPU
		{2D132990-5674-42DF-93BF-55BA8FDC6A23}.2015|Any CPU.ActiveCfg = Debug|Any CPU
		{2D132990-5674-42DF-93BF-55BA8FDC6A23}.2015|Any CPU.Build.0 = Debug|Any CPU
		{2D132990-5674-42DF-93BF-55BA8FDC6A23}.Debug|Any CPU.ActiveCfg = Debug|Any CPU
		{2D132990-5674-42DF-93BF-55BA8FDC6A23}.Debug|Any CPU.Build.0 = Debug|Any CPU
		{2D132990-5674-42DF-93BF-55BA8FDC6A23}.ManualObfuscation|Any CPU.ActiveCfg = ManualObfuscation|Any CPU
		{2D132990-5674-42DF-93BF-55BA8FDC6A23}.ManualObfuscation|Any CPU.Build.0 = ManualObfuscation|Any CPU
		{2D132990-5674-42DF-93BF-55BA8FDC6A23}.Release|Any CPU.ActiveCfg = Release|Any CPU
		{2D132990-5674-42DF-93BF-55BA8FDC6A23}.Release|Any CPU.Build.0 = Release|Any CPU
		{FC3952A7-6229-4370-B193-F785BAB7A57B}.2014|Any CPU.ActiveCfg = ManualObfuscation|Any CPU
		{FC3952A7-6229-4370-B193-F785BAB7A57B}.2014|Any CPU.Build.0 = ManualObfuscation|Any CPU
		{FC3952A7-6229-4370-B193-F785BAB7A57B}.2015|Any CPU.ActiveCfg = ManualObfuscation|Any CPU
		{FC3952A7-6229-4370-B193-F785BAB7A57B}.2015|Any CPU.Build.0 = ManualObfuscation|Any CPU
		{FC3952A7-6229-4370-B193-F785BAB7A57B}.Debug|Any CPU.ActiveCfg = Debug|Any CPU
		{FC3952A7-6229-4370-B193-F785BAB7A57B}.Debug|Any CPU.Build.0 = Debug|Any CPU
		{FC3952A7-6229-4370-B193-F785BAB7A57B}.ManualObfuscation|Any CPU.ActiveCfg = ManualObfuscation|Any CPU
		{FC3952A7-6229-4370-B193-F785BAB7A57B}.ManualObfuscation|Any CPU.Build.0 = ManualObfuscation|Any CPU
		{FC3952A7-6229-4370-B193-F785BAB7A57B}.Release|Any CPU.ActiveCfg = Release|Any CPU
		{FC3952A7-6229-4370-B193-F785BAB7A57B}.Release|Any CPU.Build.0 = Release|Any CPU
		{0A8ABFCD-E357-45F6-B6BD-3348637FA5F1}.2014|Any CPU.ActiveCfg = ManualObfuscation|Any CPU
		{0A8ABFCD-E357-45F6-B6BD-3348637FA5F1}.2014|Any CPU.Build.0 = ManualObfuscation|Any CPU
		{0A8ABFCD-E357-45F6-B6BD-3348637FA5F1}.2015|Any CPU.ActiveCfg = ManualObfuscation|Any CPU
		{0A8ABFCD-E357-45F6-B6BD-3348637FA5F1}.2015|Any CPU.Build.0 = ManualObfuscation|Any CPU
		{0A8ABFCD-E357-45F6-B6BD-3348637FA5F1}.Debug|Any CPU.ActiveCfg = Debug|Any CPU
		{0A8ABFCD-E357-45F6-B6BD-3348637FA5F1}.Debug|Any CPU.Build.0 = Debug|Any CPU
		{0A8ABFCD-E357-45F6-B6BD-3348637FA5F1}.ManualObfuscation|Any CPU.ActiveCfg = ManualObfuscation|Any CPU
		{0A8ABFCD-E357-45F6-B6BD-3348637FA5F1}.ManualObfuscation|Any CPU.Build.0 = ManualObfuscation|Any CPU
		{0A8ABFCD-E357-45F6-B6BD-3348637FA5F1}.Release|Any CPU.ActiveCfg = Release|Any CPU
		{0A8ABFCD-E357-45F6-B6BD-3348637FA5F1}.Release|Any CPU.Build.0 = Release|Any CPU
		{FACDC6CD-1BE7-4E1F-9226-1B312EDFC96A}.2014|Any CPU.ActiveCfg = Release|Any CPU
		{FACDC6CD-1BE7-4E1F-9226-1B312EDFC96A}.2014|Any CPU.Build.0 = Release|Any CPU
		{FACDC6CD-1BE7-4E1F-9226-1B312EDFC96A}.2015|Any CPU.ActiveCfg = Release|Any CPU
		{FACDC6CD-1BE7-4E1F-9226-1B312EDFC96A}.2015|Any CPU.Build.0 = Release|Any CPU
		{FACDC6CD-1BE7-4E1F-9226-1B312EDFC96A}.Debug|Any CPU.ActiveCfg = Debug|Any CPU
		{FACDC6CD-1BE7-4E1F-9226-1B312EDFC96A}.Debug|Any CPU.Build.0 = Debug|Any CPU
		{FACDC6CD-1BE7-4E1F-9226-1B312EDFC96A}.ManualObfuscation|Any CPU.ActiveCfg = Release|Any CPU
		{FACDC6CD-1BE7-4E1F-9226-1B312EDFC96A}.ManualObfuscation|Any CPU.Build.0 = Release|Any CPU
		{FACDC6CD-1BE7-4E1F-9226-1B312EDFC96A}.Release|Any CPU.ActiveCfg = Release|Any CPU
		{FACDC6CD-1BE7-4E1F-9226-1B312EDFC96A}.Release|Any CPU.Build.0 = Release|Any CPU
	EndGlobalSection
	GlobalSection(SolutionProperties) = preSolution
		HideSolutionNode = FALSE
	EndGlobalSection
	GlobalSection(NestedProjects) = preSolution
		{16619324-5D78-41D0-8ABC-1612C1B46D81} = {FD03884D-E0BC-4F0B-AEBA-C8FBC1C91E5E}
		{5CFF3B2D-CBD2-4FBC-A34B-94AF36D4D583} = {FD03884D-E0BC-4F0B-AEBA-C8FBC1C91E5E}
		{C8DABF50-AE26-4A2E-B1C7-6BE6AFC6B0B1} = {A3106AD5-572B-4709-91F1-3F7E94CAF531}
		{2D132990-5674-42DF-93BF-55BA8FDC6A23} = {A3106AD5-572B-4709-91F1-3F7E94CAF531}
		{FC3952A7-6229-4370-B193-F785BAB7A57B} = {19F721B5-6051-4130-8249-90001A81F8F2}
		{0A8ABFCD-E357-45F6-B6BD-3348637FA5F1} = {19F721B5-6051-4130-8249-90001A81F8F2}
	EndGlobalSection
EndGlobal
