
Microsoft Visual Studio Solution File, Format Version 12.00
# Visual Studio 2012
Project("{FAE04EC0-301F-11D3-BF4B-00C04F79EFBC}") = "HOK.ModelManager", "HOK.ModelManager\HOK.ModelManager.csproj", "{C3E9E895-2668-4203-8617-92AEF3BE7643}"
EndProject
Global
	GlobalSection(SolutionConfigurationPlatforms) = preSolution
		2014|Any CPU = 2014|Any CPU
		2015|Any CPU = 2015|Any CPU
		2016|Any CPU = 2016|Any CPU
		Debug|Any CPU = Debug|Any CPU
		Release|Any CPU = Release|Any CPU
	EndGlobalSection
	GlobalSection(ProjectConfigurationPlatforms) = postSolution
		{C3E9E895-2668-4203-8617-92AEF3BE7643}.2014|Any CPU.ActiveCfg = 2014|Any CPU
		{C3E9E895-2668-4203-8617-92AEF3BE7643}.2014|Any CPU.Build.0 = 2014|Any CPU
		{C3E9E895-2668-4203-8617-92AEF3BE7643}.2015|Any CPU.ActiveCfg = 2015|Any CPU
		{C3E9E895-2668-4203-8617-92AEF3BE7643}.2015|Any CPU.Build.0 = 2015|Any CPU
		{C3E9E895-2668-4203-8617-92AEF3BE7643}.2016|Any CPU.ActiveCfg = 2016|Any CPU
		{C3E9E895-2668-4203-8617-92AEF3BE7643}.2016|Any CPU.Build.0 = 2016|Any CPU
		{C3E9E895-2668-4203-8617-92AEF3BE7643}.Debug|Any CPU.ActiveCfg = Debug|Any CPU
		{C3E9E895-2668-4203-8617-92AEF3BE7643}.Debug|Any CPU.Build.0 = Debug|Any CPU
		{C3E9E895-2668-4203-8617-92AEF3BE7643}.Release|Any CPU.ActiveCfg = Release|Any CPU
		{C3E9E895-2668-4203-8617-92AEF3BE7643}.Release|Any CPU.Build.0 = Release|Any CPU
	EndGlobalSection
	GlobalSection(SolutionProperties) = preSolution
		HideSolutionNode = FALSE
	EndGlobalSection
EndGlobal
