
Microsoft Visual Studio Solution File, Format Version 12.00
# Visual Studio 15
VisualStudioVersion = 15.0.26403.7
MinimumVisualStudioVersion = 10.0.40219.1
Project("{F184B08F-C81C-45F6-A57F-5ABD9991F28F}") = "HOK.ParameterTools", "HOK.ParameterTools\HOK.ParameterTools.vbproj", "{B1FB0FCE-6DE8-4D1A-9F33-95108EAD2DE5}"
EndProject
Global
	GlobalSection(SolutionConfigurationPlatforms) = preSolution
		2016|Any CPU = 2016|Any CPU
		2017|Any CPU = 2017|Any CPU
		2018|Any CPU = 2018|Any CPU
		2019|Any CPU = 2019|Any CPU
		2020|Any CPU = 2020|Any CPU
		2021|Any CPU = 2021|Any CPU
		Debug|Any CPU = Debug|Any CPU
		Release|Any CPU = Release|Any CPU
	EndGlobalSection
	GlobalSection(ProjectConfigurationPlatforms) = postSolution
		{B1FB0FCE-6DE8-4D1A-9F33-95108EAD2DE5}.2016|Any CPU.ActiveCfg = 2016|Any CPU
		{B1FB0FCE-6DE8-4D1A-9F33-95108EAD2DE5}.2016|Any CPU.Build.0 = 2016|Any CPU
		{B1FB0FCE-6DE8-4D1A-9F33-95108EAD2DE5}.2017|Any CPU.ActiveCfg = 2017|Any CPU
		{B1FB0FCE-6DE8-4D1A-9F33-95108EAD2DE5}.2017|Any CPU.Build.0 = 2017|Any CPU
		{B1FB0FCE-6DE8-4D1A-9F33-95108EAD2DE5}.2018|Any CPU.ActiveCfg = 2018|Any CPU
		{B1FB0FCE-6DE8-4D1A-9F33-95108EAD2DE5}.2018|Any CPU.Build.0 = 2018|Any CPU
		{B1FB0FCE-6DE8-4D1A-9F33-95108EAD2DE5}.2019|Any CPU.ActiveCfg = 2019|Any CPU
		{B1FB0FCE-6DE8-4D1A-9F33-95108EAD2DE5}.2019|Any CPU.Build.0 = 2019|Any CPU
		{B1FB0FCE-6DE8-4D1A-9F33-95108EAD2DE5}.2020|Any CPU.ActiveCfg = 2020|Any CPU
		{B1FB0FCE-6DE8-4D1A-9F33-95108EAD2DE5}.2020|Any CPU.Build.0 = 2020|Any CPU
		{B1FB0FCE-6DE8-4D1A-9F33-95108EAD2DE5}.2021|Any CPU.ActiveCfg = 2021|Any CPU
		{B1FB0FCE-6DE8-4D1A-9F33-95108EAD2DE5}.2021|Any CPU.Build.0 = 2021|Any CPU
		{B1FB0FCE-6DE8-4D1A-9F33-95108EAD2DE5}.Debug|Any CPU.ActiveCfg = Debug|Any CPU
		{B1FB0FCE-6DE8-4D1A-9F33-95108EAD2DE5}.Debug|Any CPU.Build.0 = Debug|Any CPU
		{B1FB0FCE-6DE8-4D1A-9F33-95108EAD2DE5}.Release|Any CPU.ActiveCfg = Release|Any CPU
		{B1FB0FCE-6DE8-4D1A-9F33-95108EAD2DE5}.Release|Any CPU.Build.0 = Release|Any CPU
	EndGlobalSection
	GlobalSection(SolutionProperties) = preSolution
		HideSolutionNode = FALSE
	EndGlobalSection
	GlobalSection(ExtensibilityGlobals) = postSolution
		SolutionGuid = {1D8D1CA1-CC98-40FE-9CEE-36CEA2CD0EF4}
	EndGlobalSection
EndGlobal
