
Microsoft Visual Studio Solution File, Format Version 12.00
# Visual Studio 2012
Project("{FAE04EC0-301F-11D3-BF4B-00C04F79EFBC}") = "HOK.SheetManager.Core", "HOK.SheetManager\HOK.SheetManager.Core.csproj", "{3248C64F-E777-4897-8DB7-8340FC3FC65B}"
EndProject
Project("{FAE04EC0-301F-11D3-BF4B-00C04F79EFBC}") = "HOK.SheetManager.AddIn", "HOK.SheetManager.AddIn\HOK.SheetManager.AddIn.csproj", "{5CFAF74D-DA4B-42A9-8781-0A7052E120F1}"
EndProject
Project("{FAE04EC0-301F-11D3-BF4B-00C04F79EFBC}") = "HOK.SheetManager.Editor", "HOK.SheetManager.Editor\HOK.SheetManager.Editor.csproj", "{09805945-5BEF-4312-804D-97CAF95412B6}"
EndProject
Global
	GlobalSection(SolutionConfigurationPlatforms) = preSolution
		2015|Any CPU = 2015|Any CPU
		2016|Any CPU = 2016|Any CPU
		Debug|Any CPU = Debug|Any CPU
		Release|Any CPU = Release|Any CPU
	EndGlobalSection
	GlobalSection(ProjectConfigurationPlatforms) = postSolution
		{3248C64F-E777-4897-8DB7-8340FC3FC65B}.2015|Any CPU.ActiveCfg = Release|Any CPU
		{3248C64F-E777-4897-8DB7-8340FC3FC65B}.2015|Any CPU.Build.0 = Release|Any CPU
		{3248C64F-E777-4897-8DB7-8340FC3FC65B}.2016|Any CPU.ActiveCfg = Release|Any CPU
		{3248C64F-E777-4897-8DB7-8340FC3FC65B}.2016|Any CPU.Build.0 = Release|Any CPU
		{3248C64F-E777-4897-8DB7-8340FC3FC65B}.Debug|Any CPU.ActiveCfg = Debug|Any CPU
		{3248C64F-E777-4897-8DB7-8340FC3FC65B}.Debug|Any CPU.Build.0 = Debug|Any CPU
		{3248C64F-E777-4897-8DB7-8340FC3FC65B}.Release|Any CPU.ActiveCfg = Release|Any CPU
		{3248C64F-E777-4897-8DB7-8340FC3FC65B}.Release|Any CPU.Build.0 = Release|Any CPU
		{5CFAF74D-DA4B-42A9-8781-0A7052E120F1}.2015|Any CPU.ActiveCfg = 2015|Any CPU
		{5CFAF74D-DA4B-42A9-8781-0A7052E120F1}.2015|Any CPU.Build.0 = 2015|Any CPU
		{5CFAF74D-DA4B-42A9-8781-0A7052E120F1}.2016|Any CPU.ActiveCfg = 2016|Any CPU
		{5CFAF74D-DA4B-42A9-8781-0A7052E120F1}.2016|Any CPU.Build.0 = 2016|Any CPU
		{5CFAF74D-DA4B-42A9-8781-0A7052E120F1}.Debug|Any CPU.ActiveCfg = Debug|Any CPU
		{5CFAF74D-DA4B-42A9-8781-0A7052E120F1}.Debug|Any CPU.Build.0 = Debug|Any CPU
		{5CFAF74D-DA4B-42A9-8781-0A7052E120F1}.Release|Any CPU.ActiveCfg = Release|Any CPU
		{5CFAF74D-DA4B-42A9-8781-0A7052E120F1}.Release|Any CPU.Build.0 = Release|Any CPU
		{09805945-5BEF-4312-804D-97CAF95412B6}.2015|Any CPU.ActiveCfg = Release|Any CPU
		{09805945-5BEF-4312-804D-97CAF95412B6}.2015|Any CPU.Build.0 = Release|Any CPU
		{09805945-5BEF-4312-804D-97CAF95412B6}.2016|Any CPU.ActiveCfg = Release|Any CPU
		{09805945-5BEF-4312-804D-97CAF95412B6}.2016|Any CPU.Build.0 = Release|Any CPU
		{09805945-5BEF-4312-804D-97CAF95412B6}.Debug|Any CPU.ActiveCfg = Debug|Any CPU
		{09805945-5BEF-4312-804D-97CAF95412B6}.Debug|Any CPU.Build.0 = Debug|Any CPU
		{09805945-5BEF-4312-804D-97CAF95412B6}.Release|Any CPU.ActiveCfg = Release|Any CPU
		{09805945-5BEF-4312-804D-97CAF95412B6}.Release|Any CPU.Build.0 = Release|Any CPU
	EndGlobalSection
	GlobalSection(SolutionProperties) = preSolution
		HideSolutionNode = FALSE
	EndGlobalSection
EndGlobal
