
Microsoft Visual Studio Solution File, Format Version 12.00
# Visual Studio 15
VisualStudioVersion = 15.0.26403.7
MinimumVisualStudioVersion = 10.0.40219.1
Project("{FAE04EC0-301F-11D3-BF4B-00C04F79EFBC}") = "HOK.MissionControl", "HOK.MissionControl\HOK.MissionControl.csproj", "{8F2BB60A-09BC-41EC-A013-2AE8BE5BCEC9}"
EndProject
Project("{FAE04EC0-301F-11D3-BF4B-00C04F79EFBC}") = "HOK.MissionControl.Core", "HOK.MissionControl.Core\HOK.MissionControl.Core.csproj", "{09FDA7EE-7A4B-4D34-8B22-4CE0AF04CCE0}"
EndProject
Project("{FAE04EC0-301F-11D3-BF4B-00C04F79EFBC}") = "HOK.MissionControl.FamilyPublish", "HOK.MissionControl.FamilyPublish\HOK.MissionControl.FamilyPublish.csproj", "{8E18902C-90D5-44DA-B72D-E3F129A67161}"
EndProject
Project("{FAE04EC0-301F-11D3-BF4B-00C04F79EFBC}") = "HOK.MissionControl.LinksManager", "HOK.MissionControl.LinksManager\HOK.MissionControl.LinksManager.csproj", "{E991EB9A-F941-4D5F-800B-70256741AB0E}"
EndProject
Project("{FAE04EC0-301F-11D3-BF4B-00C04F79EFBC}") = "HOK.MissionControl.GroupsManager", "HOK.MissionControl.GroupsManager\HOK.MissionControl.GroupsManager.csproj", "{FF7AE329-D079-40EC-AA8B-25862DD65E01}"
EndProject
Project("{FAE04EC0-301F-11D3-BF4B-00C04F79EFBC}") = "HOK.MissionControl.StylesManager", "HOK.MissionControl.StylesManager\HOK.MissionControl.StylesManager.csproj", "{D2C4685D-4A9C-4B59-9C4A-161748710CDF}"
EndProject
Global
	GlobalSection(SolutionConfigurationPlatforms) = preSolution
		2015|Any CPU = 2015|Any CPU
		2016|Any CPU = 2016|Any CPU
		2017|Any CPU = 2017|Any CPU
		2018|Any CPU = 2018|Any CPU
		Debug|Any CPU = Debug|Any CPU
		Release|Any CPU = Release|Any CPU
	EndGlobalSection
	GlobalSection(ProjectConfigurationPlatforms) = postSolution
		{8F2BB60A-09BC-41EC-A013-2AE8BE5BCEC9}.2015|Any CPU.ActiveCfg = 2015|Any CPU
		{8F2BB60A-09BC-41EC-A013-2AE8BE5BCEC9}.2015|Any CPU.Build.0 = 2015|Any CPU
		{8F2BB60A-09BC-41EC-A013-2AE8BE5BCEC9}.2016|Any CPU.ActiveCfg = 2016|Any CPU
		{8F2BB60A-09BC-41EC-A013-2AE8BE5BCEC9}.2016|Any CPU.Build.0 = 2016|Any CPU
		{8F2BB60A-09BC-41EC-A013-2AE8BE5BCEC9}.2017|Any CPU.ActiveCfg = 2017|Any CPU
		{8F2BB60A-09BC-41EC-A013-2AE8BE5BCEC9}.2017|Any CPU.Build.0 = 2017|Any CPU
		{8F2BB60A-09BC-41EC-A013-2AE8BE5BCEC9}.2018|Any CPU.ActiveCfg = 2018|Any CPU
		{8F2BB60A-09BC-41EC-A013-2AE8BE5BCEC9}.2018|Any CPU.Build.0 = 2018|Any CPU
		{8F2BB60A-09BC-41EC-A013-2AE8BE5BCEC9}.Debug|Any CPU.ActiveCfg = Debug|Any CPU
		{8F2BB60A-09BC-41EC-A013-2AE8BE5BCEC9}.Debug|Any CPU.Build.0 = Debug|Any CPU
		{8F2BB60A-09BC-41EC-A013-2AE8BE5BCEC9}.Release|Any CPU.ActiveCfg = Release|Any CPU
		{8F2BB60A-09BC-41EC-A013-2AE8BE5BCEC9}.Release|Any CPU.Build.0 = Release|Any CPU
		{09FDA7EE-7A4B-4D34-8B22-4CE0AF04CCE0}.2015|Any CPU.ActiveCfg = 2015|Any CPU
		{09FDA7EE-7A4B-4D34-8B22-4CE0AF04CCE0}.2015|Any CPU.Build.0 = 2015|Any CPU
		{09FDA7EE-7A4B-4D34-8B22-4CE0AF04CCE0}.2016|Any CPU.ActiveCfg = 2016|Any CPU
		{09FDA7EE-7A4B-4D34-8B22-4CE0AF04CCE0}.2016|Any CPU.Build.0 = 2016|Any CPU
		{09FDA7EE-7A4B-4D34-8B22-4CE0AF04CCE0}.2017|Any CPU.ActiveCfg = 2017|Any CPU
		{09FDA7EE-7A4B-4D34-8B22-4CE0AF04CCE0}.2017|Any CPU.Build.0 = 2017|Any CPU
		{09FDA7EE-7A4B-4D34-8B22-4CE0AF04CCE0}.2018|Any CPU.ActiveCfg = 2018|Any CPU
		{09FDA7EE-7A4B-4D34-8B22-4CE0AF04CCE0}.2018|Any CPU.Build.0 = 2018|Any CPU
		{09FDA7EE-7A4B-4D34-8B22-4CE0AF04CCE0}.Debug|Any CPU.ActiveCfg = Debug|Any CPU
		{09FDA7EE-7A4B-4D34-8B22-4CE0AF04CCE0}.Debug|Any CPU.Build.0 = Debug|Any CPU
		{09FDA7EE-7A4B-4D34-8B22-4CE0AF04CCE0}.Release|Any CPU.ActiveCfg = Release|Any CPU
		{09FDA7EE-7A4B-4D34-8B22-4CE0AF04CCE0}.Release|Any CPU.Build.0 = Release|Any CPU
		{8E18902C-90D5-44DA-B72D-E3F129A67161}.2015|Any CPU.ActiveCfg = 2015|Any CPU
		{8E18902C-90D5-44DA-B72D-E3F129A67161}.2015|Any CPU.Build.0 = 2015|Any CPU
		{8E18902C-90D5-44DA-B72D-E3F129A67161}.2016|Any CPU.ActiveCfg = 2016|Any CPU
		{8E18902C-90D5-44DA-B72D-E3F129A67161}.2016|Any CPU.Build.0 = 2016|Any CPU
		{8E18902C-90D5-44DA-B72D-E3F129A67161}.2017|Any CPU.ActiveCfg = 2017|Any CPU
		{8E18902C-90D5-44DA-B72D-E3F129A67161}.2017|Any CPU.Build.0 = 2017|Any CPU
		{8E18902C-90D5-44DA-B72D-E3F129A67161}.2018|Any CPU.ActiveCfg = 2018|Any CPU
		{8E18902C-90D5-44DA-B72D-E3F129A67161}.2018|Any CPU.Build.0 = 2018|Any CPU
		{8E18902C-90D5-44DA-B72D-E3F129A67161}.Debug|Any CPU.ActiveCfg = Debug|Any CPU
		{8E18902C-90D5-44DA-B72D-E3F129A67161}.Debug|Any CPU.Build.0 = Debug|Any CPU
		{8E18902C-90D5-44DA-B72D-E3F129A67161}.Release|Any CPU.ActiveCfg = Release|Any CPU
		{8E18902C-90D5-44DA-B72D-E3F129A67161}.Release|Any CPU.Build.0 = Release|Any CPU
		{E991EB9A-F941-4D5F-800B-70256741AB0E}.2015|Any CPU.ActiveCfg = 2015|Any CPU
		{E991EB9A-F941-4D5F-800B-70256741AB0E}.2015|Any CPU.Build.0 = 2015|Any CPU
		{E991EB9A-F941-4D5F-800B-70256741AB0E}.2016|Any CPU.ActiveCfg = 2016|Any CPU
		{E991EB9A-F941-4D5F-800B-70256741AB0E}.2016|Any CPU.Build.0 = 2016|Any CPU
		{E991EB9A-F941-4D5F-800B-70256741AB0E}.2017|Any CPU.ActiveCfg = 2017|Any CPU
		{E991EB9A-F941-4D5F-800B-70256741AB0E}.2017|Any CPU.Build.0 = 2017|Any CPU
		{E991EB9A-F941-4D5F-800B-70256741AB0E}.2018|Any CPU.ActiveCfg = 2018|Any CPU
		{E991EB9A-F941-4D5F-800B-70256741AB0E}.2018|Any CPU.Build.0 = 2018|Any CPU
		{E991EB9A-F941-4D5F-800B-70256741AB0E}.Debug|Any CPU.ActiveCfg = Debug|Any CPU
		{E991EB9A-F941-4D5F-800B-70256741AB0E}.Debug|Any CPU.Build.0 = Debug|Any CPU
		{E991EB9A-F941-4D5F-800B-70256741AB0E}.Release|Any CPU.ActiveCfg = Release|Any CPU
		{E991EB9A-F941-4D5F-800B-70256741AB0E}.Release|Any CPU.Build.0 = Release|Any CPU
		{FF7AE329-D079-40EC-AA8B-25862DD65E01}.2015|Any CPU.ActiveCfg = 2015|Any CPU
		{FF7AE329-D079-40EC-AA8B-25862DD65E01}.2015|Any CPU.Build.0 = 2015|Any CPU
		{FF7AE329-D079-40EC-AA8B-25862DD65E01}.2016|Any CPU.ActiveCfg = 2016|Any CPU
		{FF7AE329-D079-40EC-AA8B-25862DD65E01}.2016|Any CPU.Build.0 = 2016|Any CPU
		{FF7AE329-D079-40EC-AA8B-25862DD65E01}.2017|Any CPU.ActiveCfg = 2017|Any CPU
		{FF7AE329-D079-40EC-AA8B-25862DD65E01}.2017|Any CPU.Build.0 = 2017|Any CPU
		{FF7AE329-D079-40EC-AA8B-25862DD65E01}.2018|Any CPU.ActiveCfg = 2018|Any CPU
		{FF7AE329-D079-40EC-AA8B-25862DD65E01}.2018|Any CPU.Build.0 = 2018|Any CPU
		{FF7AE329-D079-40EC-AA8B-25862DD65E01}.Debug|Any CPU.ActiveCfg = Debug|Any CPU
		{FF7AE329-D079-40EC-AA8B-25862DD65E01}.Debug|Any CPU.Build.0 = Debug|Any CPU
		{FF7AE329-D079-40EC-AA8B-25862DD65E01}.Release|Any CPU.ActiveCfg = Release|Any CPU
		{FF7AE329-D079-40EC-AA8B-25862DD65E01}.Release|Any CPU.Build.0 = Release|Any CPU
		{D2C4685D-4A9C-4B59-9C4A-161748710CDF}.2015|Any CPU.ActiveCfg = 2015|Any CPU
		{D2C4685D-4A9C-4B59-9C4A-161748710CDF}.2015|Any CPU.Build.0 = 2015|Any CPU
		{D2C4685D-4A9C-4B59-9C4A-161748710CDF}.2016|Any CPU.ActiveCfg = 2016|Any CPU
		{D2C4685D-4A9C-4B59-9C4A-161748710CDF}.2016|Any CPU.Build.0 = 2016|Any CPU
		{D2C4685D-4A9C-4B59-9C4A-161748710CDF}.2017|Any CPU.ActiveCfg = 2017|Any CPU
		{D2C4685D-4A9C-4B59-9C4A-161748710CDF}.2017|Any CPU.Build.0 = 2017|Any CPU
		{D2C4685D-4A9C-4B59-9C4A-161748710CDF}.2018|Any CPU.ActiveCfg = 2018|Any CPU
		{D2C4685D-4A9C-4B59-9C4A-161748710CDF}.2018|Any CPU.Build.0 = 2018|Any CPU
		{D2C4685D-4A9C-4B59-9C4A-161748710CDF}.Debug|Any CPU.ActiveCfg = Debug|Any CPU
		{D2C4685D-4A9C-4B59-9C4A-161748710CDF}.Debug|Any CPU.Build.0 = Debug|Any CPU
		{D2C4685D-4A9C-4B59-9C4A-161748710CDF}.Release|Any CPU.ActiveCfg = Release|Any CPU
		{D2C4685D-4A9C-4B59-9C4A-161748710CDF}.Release|Any CPU.Build.0 = Release|Any CPU
	EndGlobalSection
	GlobalSection(SolutionProperties) = preSolution
		HideSolutionNode = FALSE
	EndGlobalSection
	GlobalSection(ExtensibilityGlobals) = postSolution
		SolutionGuid = {26847AD3-E434-44CA-AC5F-FDA35D67CC8F}
	EndGlobalSection
EndGlobal
