Microsoft Visual Studio Solution File, Format Version 12.00
# Visual Studio Version 17
VisualStudioVersion = 17.13.35818.85
MinimumVisualStudioVersion = 10.0.40219.1
Project("{9A19103F-16F7-4668-BE54-9A1E7A4F7556}") = "HOK.Arrowhead", "HOK.Arrowhead\HOK.Arrowhead.csproj", "{611BDFBF-0B25-45EB-9967-04C53CCEB8E7}"
EndProject
Project("{9A19103F-16F7-4668-BE54-9A1E7A4F7556}") = "HOK.CeilingHeight", "HOK.CeilingHeight\HOK.CeilingHeight.csproj", "{CB161CFF-BCF3-485C-A56F-A68D2D3B7178}"
EndProject
Project("{9A19103F-16F7-4668-BE54-9A1E7A4F7556}") = "HOK.DoorRoom", "HOK.DoorRoom\HOK.DoorRoom.csproj", "{86541396-B954-4474-B5A1-81757F1DB5F9}"
EndProject
Project("{9A19103F-16F7-4668-BE54-9A1E7A4F7556}") = "HOK.FinishCreator", "HOK.FinishCreator\HOK.FinishCreator.csproj", "{C3748B4A-E35D-402B-926F-80396346CC17}"
EndProject
Project("{9A19103F-16F7-4668-BE54-9A1E7A4F7556}") = "HOK.LevelManager", "HOK.LevelManager\HOK.LevelManager.csproj", "{5369AAE4-02AB-4231-A693-7C2D6DCB554A}"
EndProject
Project("{9A19103F-16F7-4668-BE54-9A1E7A4F7556}") = "HOK.RoomElevation", "HOK.RoomElevation\HOK.RoomElevation.csproj", "{5CD479FD-6FB8-4BE1-BDE6-B6F33EB9B525}"
EndProject
Project("{9A19103F-16F7-4668-BE54-9A1E7A4F7556}") = "HOK.RoomUpdater", "HOK.RoomUpdater\HOK.RoomUpdater.csproj", "{0EBAD4EE-6203-4D86-A8F4-B9EEF4AC926F}"
EndProject
Project("{9A19103F-16F7-4668-BE54-9A1E7A4F7556}") = "HOK.ViewDepth", "HOK.ViewDepth\HOK.ViewDepth.csproj", "{DB2ABEFF-28C2-422E-ACD0-C73D804B418F}"
EndProject
Project("{9A19103F-16F7-4668-BE54-9A1E7A4F7556}") = "HOK.WorksetView", "HOK.WorksetView\HOK.WorksetView.csproj", "{76018814-D587-4951-85E2-1EECC2EF86EE}"
EndProject
Project("{9A19103F-16F7-4668-BE54-9A1E7A4F7556}") = "HOK.CameraDuplicator", "HOK.CameraDuplicator\HOK.CameraDuplicator.csproj", "{068558B8-5372-418D-B53E-7EFF3EB071FF}"
EndProject
Project("{9A19103F-16F7-4668-BE54-9A1E7A4F7556}") = "HOK.RenameFamily", "HOK.RenameFamily\HOK.RenameFamily.csproj", "{86CCC14B-D1B4-4536-9017-CE11B3C8EF62}"
EndProject
Project("{9A19103F-16F7-4668-BE54-9A1E7A4F7556}") = "HOK.RoomMeasure", "HOK.RoomMeasure\HOK.RoomMeasure.csproj", "{D964BC45-F47F-4135-9F5A-3F393F1F3177}"
EndProject
Project("{9A19103F-16F7-4668-BE54-9A1E7A4F7556}") = "HOK.XYZLocator", "HOK.XYZLocator\HOK.XYZLocator.csproj", "{7761A3DE-B348-4F97-BEF1-1E3352174C34}"
EndProject
Project("{9A19103F-16F7-4668-BE54-9A1E7A4F7556}") = "HOK.ColorBasedIssueFinder", "HOK.ColorBasedIssueFinder\HOK.ColorBasedIssueFinder.csproj", "{E39B5060-9ACC-082A-7DE9-F1E918ECD7C3}"
EndProject
Project("{9A19103F-16F7-4668-BE54-9A1E7A4F7556}") = "HOK.ProjectSheetManager", "HOK.ProjectSheetManager\HOK.ProjectSheetManager.csproj", "{9A6F6526-01D7-4372-BBDE-A70DF35DF598}"
EndProject
Global
	GlobalSection(SolutionConfigurationPlatforms) = preSolution
		Debug R19|x64 = Debug R19|x64
		Debug R20|x64 = Debug R20|x64
		Debug R21|x64 = Debug R21|x64
		Debug R22|x64 = Debug R22|x64
		Debug R23|x64 = Debug R23|x64
		Debug R24|x64 = Debug R24|x64
		Debug R25|x64 = Debug R25|x64
		Release R19|x64 = Release R19|x64
		Release R20|x64 = Release R20|x64
		Release R21|x64 = Release R21|x64
		Release R22|x64 = Release R22|x64
		Release R23|x64 = Release R23|x64
		Release R24|x64 = Release R24|x64
		Release R25|x64 = Release R25|x64
	EndGlobalSection
	GlobalSection(ProjectConfigurationPlatforms) = postSolution
		{611BDFBF-0B25-45EB-9967-04C53CCEB8E7}.Debug R19|x64.ActiveCfg = Debug R19|x64
		{611BDFBF-0B25-45EB-9967-04C53CCEB8E7}.Debug R19|x64.Build.0 = Debug R19|x64
		{611BDFBF-0B25-45EB-9967-04C53CCEB8E7}.Debug R20|x64.ActiveCfg = Debug R20|x64
		{611BDFBF-0B25-45EB-9967-04C53CCEB8E7}.Debug R20|x64.Build.0 = Debug R20|x64
		{611BDFBF-0B25-45EB-9967-04C53CCEB8E7}.Debug R21|x64.ActiveCfg = Debug R21|x64
		{611BDFBF-0B25-45EB-9967-04C53CCEB8E7}.Debug R21|x64.Build.0 = Debug R21|x64
		{611BDFBF-0B25-45EB-9967-04C53CCEB8E7}.Debug R22|x64.ActiveCfg = Debug R22|x64
		{611BDFBF-0B25-45EB-9967-04C53CCEB8E7}.Debug R22|x64.Build.0 = Debug R22|x64
		{611BDFBF-0B25-45EB-9967-04C53CCEB8E7}.Debug R23|x64.ActiveCfg = Debug R23|x64
		{611BDFBF-0B25-45EB-9967-04C53CCEB8E7}.Debug R23|x64.Build.0 = Debug R23|x64
		{611BDFBF-0B25-45EB-9967-04C53CCEB8E7}.Debug R24|x64.ActiveCfg = Debug R24|x64
		{611BDFBF-0B25-45EB-9967-04C53CCEB8E7}.Debug R24|x64.Build.0 = Debug R24|x64
		{611BDFBF-0B25-45EB-9967-04C53CCEB8E7}.Debug R25|x64.ActiveCfg = Debug R25|x64
		{611BDFBF-0B25-45EB-9967-04C53CCEB8E7}.Debug R25|x64.Build.0 = Debug R25|x64
		{611BDFBF-0B25-45EB-9967-04C53CCEB8E7}.Release R19|x64.ActiveCfg = Release R19|x64
		{611BDFBF-0B25-45EB-9967-04C53CCEB8E7}.Release R19|x64.Build.0 = Release R19|x64
		{611BDFBF-0B25-45EB-9967-04C53CCEB8E7}.Release R20|x64.ActiveCfg = Release R20|x64
		{611BDFBF-0B25-45EB-9967-04C53CCEB8E7}.Release R20|x64.Build.0 = Release R20|x64
		{611BDFBF-0B25-45EB-9967-04C53CCEB8E7}.Release R21|x64.ActiveCfg = Release R21|x64
		{611BDFBF-0B25-45EB-9967-04C53CCEB8E7}.Release R21|x64.Build.0 = Release R21|x64
		{611BDFBF-0B25-45EB-9967-04C53CCEB8E7}.Release R22|x64.ActiveCfg = Release R22|x64
		{611BDFBF-0B25-45EB-9967-04C53CCEB8E7}.Release R22|x64.Build.0 = Release R22|x64
		{611BDFBF-0B25-45EB-9967-04C53CCEB8E7}.Release R23|x64.ActiveCfg = Release R23|x64
		{611BDFBF-0B25-45EB-9967-04C53CCEB8E7}.Release R23|x64.Build.0 = Release R23|x64
		{611BDFBF-0B25-45EB-9967-04C53CCEB8E7}.Release R24|x64.ActiveCfg = Release R24|x64
		{611BDFBF-0B25-45EB-9967-04C53CCEB8E7}.Release R24|x64.Build.0 = Release R24|x64
		{611BDFBF-0B25-45EB-9967-04C53CCEB8E7}.Release R25|x64.ActiveCfg = Release R25|x64
		{611BDFBF-0B25-45EB-9967-04C53CCEB8E7}.Release R25|x64.Build.0 = Release R25|x64
		{CB161CFF-BCF3-485C-A56F-A68D2D3B7178}.Debug R19|x64.ActiveCfg = Debug R19|x64
		{CB161CFF-BCF3-485C-A56F-A68D2D3B7178}.Debug R19|x64.Build.0 = Debug R19|x64
		{CB161CFF-BCF3-485C-A56F-A68D2D3B7178}.Debug R20|x64.ActiveCfg = Debug R20|x64
		{CB161CFF-BCF3-485C-A56F-A68D2D3B7178}.Debug R20|x64.Build.0 = Debug R20|x64
		{CB161CFF-BCF3-485C-A56F-A68D2D3B7178}.Debug R21|x64.ActiveCfg = Debug R21|x64
		{CB161CFF-BCF3-485C-A56F-A68D2D3B7178}.Debug R21|x64.Build.0 = Debug R21|x64
		{CB161CFF-BCF3-485C-A56F-A68D2D3B7178}.Debug R22|x64.ActiveCfg = Debug R22|x64
		{CB161CFF-BCF3-485C-A56F-A68D2D3B7178}.Debug R22|x64.Build.0 = Debug R22|x64
		{CB161CFF-BCF3-485C-A56F-A68D2D3B7178}.Debug R23|x64.ActiveCfg = Debug R23|x64
		{CB161CFF-BCF3-485C-A56F-A68D2D3B7178}.Debug R23|x64.Build.0 = Debug R23|x64
		{CB161CFF-BCF3-485C-A56F-A68D2D3B7178}.Debug R24|x64.ActiveCfg = Debug R24|x64
		{CB161CFF-BCF3-485C-A56F-A68D2D3B7178}.Debug R24|x64.Build.0 = Debug R24|x64
		{CB161CFF-BCF3-485C-A56F-A68D2D3B7178}.Debug R25|x64.ActiveCfg = Debug R25|x64
		{CB161CFF-BCF3-485C-A56F-A68D2D3B7178}.Debug R25|x64.Build.0 = Debug R25|x64
		{CB161CFF-BCF3-485C-A56F-A68D2D3B7178}.Release R19|x64.ActiveCfg = Release R19|x64
		{CB161CFF-BCF3-485C-A56F-A68D2D3B7178}.Release R19|x64.Build.0 = Release R19|x64
		{CB161CFF-BCF3-485C-A56F-A68D2D3B7178}.Release R20|x64.ActiveCfg = Release R20|x64
		{CB161CFF-BCF3-485C-A56F-A68D2D3B7178}.Release R20|x64.Build.0 = Release R20|x64
		{CB161CFF-BCF3-485C-A56F-A68D2D3B7178}.Release R21|x64.ActiveCfg = Release R21|x64
		{CB161CFF-BCF3-485C-A56F-A68D2D3B7178}.Release R21|x64.Build.0 = Release R21|x64
		{CB161CFF-BCF3-485C-A56F-A68D2D3B7178}.Release R22|x64.ActiveCfg = Release R22|x64
		{CB161CFF-BCF3-485C-A56F-A68D2D3B7178}.Release R22|x64.Build.0 = Release R22|x64
		{CB161CFF-BCF3-485C-A56F-A68D2D3B7178}.Release R23|x64.ActiveCfg = Release R23|x64
		{CB161CFF-BCF3-485C-A56F-A68D2D3B7178}.Release R23|x64.Build.0 = Release R23|x64
		{CB161CFF-BCF3-485C-A56F-A68D2D3B7178}.Release R24|x64.ActiveCfg = Release R24|x64
		{CB161CFF-BCF3-485C-A56F-A68D2D3B7178}.Release R24|x64.Build.0 = Release R24|x64
		{CB161CFF-BCF3-485C-A56F-A68D2D3B7178}.Release R25|x64.ActiveCfg = Release R25|x64
		{CB161CFF-BCF3-485C-A56F-A68D2D3B7178}.Release R25|x64.Build.0 = Release R25|x64
		{86541396-B954-4474-B5A1-81757F1DB5F9}.Debug R19|x64.ActiveCfg = Debug R19|x64
		{86541396-B954-4474-B5A1-81757F1DB5F9}.Debug R19|x64.Build.0 = Debug R19|x64
		{86541396-B954-4474-B5A1-81757F1DB5F9}.Debug R20|x64.ActiveCfg = Debug R20|x64
		{86541396-B954-4474-B5A1-81757F1DB5F9}.Debug R20|x64.Build.0 = Debug R20|x64
		{86541396-B954-4474-B5A1-81757F1DB5F9}.Debug R21|x64.ActiveCfg = Debug R21|x64
		{86541396-B954-4474-B5A1-81757F1DB5F9}.Debug R21|x64.Build.0 = Debug R21|x64
		{86541396-B954-4474-B5A1-81757F1DB5F9}.Debug R22|x64.ActiveCfg = Debug R22|x64
		{86541396-B954-4474-B5A1-81757F1DB5F9}.Debug R22|x64.Build.0 = Debug R22|x64
		{86541396-B954-4474-B5A1-81757F1DB5F9}.Debug R23|x64.ActiveCfg = Debug R23|x64
		{86541396-B954-4474-B5A1-81757F1DB5F9}.Debug R23|x64.Build.0 = Debug R23|x64
		{86541396-B954-4474-B5A1-81757F1DB5F9}.Debug R24|x64.ActiveCfg = Debug R24|x64
		{86541396-B954-4474-B5A1-81757F1DB5F9}.Debug R24|x64.Build.0 = Debug R24|x64
		{86541396-B954-4474-B5A1-81757F1DB5F9}.Debug R25|x64.ActiveCfg = Debug R25|x64
		{86541396-B954-4474-B5A1-81757F1DB5F9}.Debug R25|x64.Build.0 = Debug R25|x64
		{86541396-B954-4474-B5A1-81757F1DB5F9}.Release R19|x64.ActiveCfg = Release R19|x64
		{86541396-B954-4474-B5A1-81757F1DB5F9}.Release R19|x64.Build.0 = Release R19|x64
		{86541396-B954-4474-B5A1-81757F1DB5F9}.Release R20|x64.ActiveCfg = Release R20|x64
		{86541396-B954-4474-B5A1-81757F1DB5F9}.Release R20|x64.Build.0 = Release R20|x64
		{86541396-B954-4474-B5A1-81757F1DB5F9}.Release R21|x64.ActiveCfg = Release R21|x64
		{86541396-B954-4474-B5A1-81757F1DB5F9}.Release R21|x64.Build.0 = Release R21|x64
		{86541396-B954-4474-B5A1-81757F1DB5F9}.Release R22|x64.ActiveCfg = Release R22|x64
		{86541396-B954-4474-B5A1-81757F1DB5F9}.Release R22|x64.Build.0 = Release R22|x64
		{86541396-B954-4474-B5A1-81757F1DB5F9}.Release R23|x64.ActiveCfg = Release R23|x64
		{86541396-B954-4474-B5A1-81757F1DB5F9}.Release R23|x64.Build.0 = Release R23|x64
		{86541396-B954-4474-B5A1-81757F1DB5F9}.Release R24|x64.ActiveCfg = Release R24|x64
		{86541396-B954-4474-B5A1-81757F1DB5F9}.Release R24|x64.Build.0 = Release R24|x64
		{86541396-B954-4474-B5A1-81757F1DB5F9}.Release R25|x64.ActiveCfg = Release R25|x64
		{86541396-B954-4474-B5A1-81757F1DB5F9}.Release R25|x64.Build.0 = Release R25|x64
		{C3748B4A-E35D-402B-926F-80396346CC17}.Debug R19|x64.ActiveCfg = Debug R19|x64
		{C3748B4A-E35D-402B-926F-80396346CC17}.Debug R19|x64.Build.0 = Debug R19|x64
		{C3748B4A-E35D-402B-926F-80396346CC17}.Debug R20|x64.ActiveCfg = Debug R20|x64
		{C3748B4A-E35D-402B-926F-80396346CC17}.Debug R20|x64.Build.0 = Debug R20|x64
		{C3748B4A-E35D-402B-926F-80396346CC17}.Debug R21|x64.ActiveCfg = Debug R21|x64
		{C3748B4A-E35D-402B-926F-80396346CC17}.Debug R21|x64.Build.0 = Debug R21|x64
		{C3748B4A-E35D-402B-926F-80396346CC17}.Debug R22|x64.ActiveCfg = Debug R22|x64
		{C3748B4A-E35D-402B-926F-80396346CC17}.Debug R22|x64.Build.0 = Debug R22|x64
		{C3748B4A-E35D-402B-926F-80396346CC17}.Debug R23|x64.ActiveCfg = Debug R23|x64
		{C3748B4A-E35D-402B-926F-80396346CC17}.Debug R23|x64.Build.0 = Debug R23|x64
		{C3748B4A-E35D-402B-926F-80396346CC17}.Debug R24|x64.ActiveCfg = Debug R24|x64
		{C3748B4A-E35D-402B-926F-80396346CC17}.Debug R24|x64.Build.0 = Debug R24|x64
		{C3748B4A-E35D-402B-926F-80396346CC17}.Debug R25|x64.ActiveCfg = Debug R25|x64
		{C3748B4A-E35D-402B-926F-80396346CC17}.Debug R25|x64.Build.0 = Debug R25|x64
		{C3748B4A-E35D-402B-926F-80396346CC17}.Release R19|x64.ActiveCfg = Release R19|x64
		{C3748B4A-E35D-402B-926F-80396346CC17}.Release R19|x64.Build.0 = Release R19|x64
		{C3748B4A-E35D-402B-926F-80396346CC17}.Release R20|x64.ActiveCfg = Release R20|x64
		{C3748B4A-E35D-402B-926F-80396346CC17}.Release R20|x64.Build.0 = Release R20|x64
		{C3748B4A-E35D-402B-926F-80396346CC17}.Release R21|x64.ActiveCfg = Release R21|x64
		{C3748B4A-E35D-402B-926F-80396346CC17}.Release R21|x64.Build.0 = Release R21|x64
		{C3748B4A-E35D-402B-926F-80396346CC17}.Release R22|x64.ActiveCfg = Release R22|x64
		{C3748B4A-E35D-402B-926F-80396346CC17}.Release R22|x64.Build.0 = Release R22|x64
		{C3748B4A-E35D-402B-926F-80396346CC17}.Release R23|x64.ActiveCfg = Release R23|x64
		{C3748B4A-E35D-402B-926F-80396346CC17}.Release R23|x64.Build.0 = Release R23|x64
		{C3748B4A-E35D-402B-926F-80396346CC17}.Release R24|x64.ActiveCfg = Release R24|x64
		{C3748B4A-E35D-402B-926F-80396346CC17}.Release R24|x64.Build.0 = Release R24|x64
		{C3748B4A-E35D-402B-926F-80396346CC17}.Release R25|x64.ActiveCfg = Release R25|x64
		{C3748B4A-E35D-402B-926F-80396346CC17}.Release R25|x64.Build.0 = Release R25|x64
		{5369AAE4-02AB-4231-A693-7C2D6DCB554A}.Debug R19|x64.ActiveCfg = Debug R19|x64
		{5369AAE4-02AB-4231-A693-7C2D6DCB554A}.Debug R19|x64.Build.0 = Debug R19|x64
		{5369AAE4-02AB-4231-A693-7C2D6DCB554A}.Debug R20|x64.ActiveCfg = Debug R20|x64
		{5369AAE4-02AB-4231-A693-7C2D6DCB554A}.Debug R20|x64.Build.0 = Debug R20|x64
		{5369AAE4-02AB-4231-A693-7C2D6DCB554A}.Debug R21|x64.ActiveCfg = Debug R21|x64
		{5369AAE4-02AB-4231-A693-7C2D6DCB554A}.Debug R21|x64.Build.0 = Debug R21|x64
		{5369AAE4-02AB-4231-A693-7C2D6DCB554A}.Debug R22|x64.ActiveCfg = Debug R22|x64
		{5369AAE4-02AB-4231-A693-7C2D6DCB554A}.Debug R22|x64.Build.0 = Debug R22|x64
		{5369AAE4-02AB-4231-A693-7C2D6DCB554A}.Debug R23|x64.ActiveCfg = Debug R23|x64
		{5369AAE4-02AB-4231-A693-7C2D6DCB554A}.Debug R23|x64.Build.0 = Debug R23|x64
		{5369AAE4-02AB-4231-A693-7C2D6DCB554A}.Debug R24|x64.ActiveCfg = Debug R24|x64
		{5369AAE4-02AB-4231-A693-7C2D6DCB554A}.Debug R24|x64.Build.0 = Debug R24|x64
		{5369AAE4-02AB-4231-A693-7C2D6DCB554A}.Debug R25|x64.ActiveCfg = Debug R25|x64
		{5369AAE4-02AB-4231-A693-7C2D6DCB554A}.Debug R25|x64.Build.0 = Debug R25|x64
		{5369AAE4-02AB-4231-A693-7C2D6DCB554A}.Release R19|x64.ActiveCfg = Release R19|x64
		{5369AAE4-02AB-4231-A693-7C2D6DCB554A}.Release R19|x64.Build.0 = Release R19|x64
		{5369AAE4-02AB-4231-A693-7C2D6DCB554A}.Release R20|x64.ActiveCfg = Release R20|x64
		{5369AAE4-02AB-4231-A693-7C2D6DCB554A}.Release R20|x64.Build.0 = Release R20|x64
		{5369AAE4-02AB-4231-A693-7C2D6DCB554A}.Release R21|x64.ActiveCfg = Release R21|x64
		{5369AAE4-02AB-4231-A693-7C2D6DCB554A}.Release R21|x64.Build.0 = Release R21|x64
		{5369AAE4-02AB-4231-A693-7C2D6DCB554A}.Release R22|x64.ActiveCfg = Release R22|x64
		{5369AAE4-02AB-4231-A693-7C2D6DCB554A}.Release R22|x64.Build.0 = Release R22|x64
		{5369AAE4-02AB-4231-A693-7C2D6DCB554A}.Release R23|x64.ActiveCfg = Release R23|x64
		{5369AAE4-02AB-4231-A693-7C2D6DCB554A}.Release R23|x64.Build.0 = Release R23|x64
		{5369AAE4-02AB-4231-A693-7C2D6DCB554A}.Release R24|x64.ActiveCfg = Release R24|x64
		{5369AAE4-02AB-4231-A693-7C2D6DCB554A}.Release R24|x64.Build.0 = Release R24|x64
		{5369AAE4-02AB-4231-A693-7C2D6DCB554A}.Release R25|x64.ActiveCfg = Release R25|x64
		{5369AAE4-02AB-4231-A693-7C2D6DCB554A}.Release R25|x64.Build.0 = Release R25|x64
		{5CD479FD-6FB8-4BE1-BDE6-B6F33EB9B525}.Debug R19|x64.ActiveCfg = Debug R19|x64
		{5CD479FD-6FB8-4BE1-BDE6-B6F33EB9B525}.Debug R19|x64.Build.0 = Debug R19|x64
		{5CD479FD-6FB8-4BE1-BDE6-B6F33EB9B525}.Debug R20|x64.ActiveCfg = Debug R20|x64
		{5CD479FD-6FB8-4BE1-BDE6-B6F33EB9B525}.Debug R20|x64.Build.0 = Debug R20|x64
		{5CD479FD-6FB8-4BE1-BDE6-B6F33EB9B525}.Debug R21|x64.ActiveCfg = Debug R21|x64
		{5CD479FD-6FB8-4BE1-BDE6-B6F33EB9B525}.Debug R21|x64.Build.0 = Debug R21|x64
		{5CD479FD-6FB8-4BE1-BDE6-B6F33EB9B525}.Debug R22|x64.ActiveCfg = Debug R22|x64
		{5CD479FD-6FB8-4BE1-BDE6-B6F33EB9B525}.Debug R22|x64.Build.0 = Debug R22|x64
		{5CD479FD-6FB8-4BE1-BDE6-B6F33EB9B525}.Debug R23|x64.ActiveCfg = Debug R23|x64
		{5CD479FD-6FB8-4BE1-BDE6-B6F33EB9B525}.Debug R23|x64.Build.0 = Debug R23|x64
		{5CD479FD-6FB8-4BE1-BDE6-B6F33EB9B525}.Debug R24|x64.ActiveCfg = Debug R24|x64
		{5CD479FD-6FB8-4BE1-BDE6-B6F33EB9B525}.Debug R24|x64.Build.0 = Debug R24|x64
		{5CD479FD-6FB8-4BE1-BDE6-B6F33EB9B525}.Debug R25|x64.ActiveCfg = Debug R25|x64
		{5CD479FD-6FB8-4BE1-BDE6-B6F33EB9B525}.Debug R25|x64.Build.0 = Debug R25|x64
		{5CD479FD-6FB8-4BE1-BDE6-B6F33EB9B525}.Release R19|x64.ActiveCfg = Release R19|x64
		{5CD479FD-6FB8-4BE1-BDE6-B6F33EB9B525}.Release R19|x64.Build.0 = Release R19|x64
		{5CD479FD-6FB8-4BE1-BDE6-B6F33EB9B525}.Release R20|x64.ActiveCfg = Release R20|x64
		{5CD479FD-6FB8-4BE1-BDE6-B6F33EB9B525}.Release R20|x64.Build.0 = Release R20|x64
		{5CD479FD-6FB8-4BE1-BDE6-B6F33EB9B525}.Release R21|x64.ActiveCfg = Release R21|x64
		{5CD479FD-6FB8-4BE1-BDE6-B6F33EB9B525}.Release R21|x64.Build.0 = Release R21|x64
		{5CD479FD-6FB8-4BE1-BDE6-B6F33EB9B525}.Release R22|x64.ActiveCfg = Release R22|x64
		{5CD479FD-6FB8-4BE1-BDE6-B6F33EB9B525}.Release R22|x64.Build.0 = Release R22|x64
		{5CD479FD-6FB8-4BE1-BDE6-B6F33EB9B525}.Release R23|x64.ActiveCfg = Release R23|x64
		{5CD479FD-6FB8-4BE1-BDE6-B6F33EB9B525}.Release R23|x64.Build.0 = Release R23|x64
		{5CD479FD-6FB8-4BE1-BDE6-B6F33EB9B525}.Release R24|x64.ActiveCfg = Release R24|x64
		{5CD479FD-6FB8-4BE1-BDE6-B6F33EB9B525}.Release R24|x64.Build.0 = Release R24|x64
		{5CD479FD-6FB8-4BE1-BDE6-B6F33EB9B525}.Release R25|x64.ActiveCfg = Release R25|x64
		{5CD479FD-6FB8-4BE1-BDE6-B6F33EB9B525}.Release R25|x64.Build.0 = Release R25|x64
		{0EBAD4EE-6203-4D86-A8F4-B9EEF4AC926F}.Debug R19|x64.ActiveCfg = Debug R19|x64
		{0EBAD4EE-6203-4D86-A8F4-B9EEF4AC926F}.Debug R19|x64.Build.0 = Debug R19|x64
		{0EBAD4EE-6203-4D86-A8F4-B9EEF4AC926F}.Debug R20|x64.ActiveCfg = Debug R20|x64
		{0EBAD4EE-6203-4D86-A8F4-B9EEF4AC926F}.Debug R20|x64.Build.0 = Debug R20|x64
		{0EBAD4EE-6203-4D86-A8F4-B9EEF4AC926F}.Debug R21|x64.ActiveCfg = Debug R21|x64
		{0EBAD4EE-6203-4D86-A8F4-B9EEF4AC926F}.Debug R21|x64.Build.0 = Debug R21|x64
		{0EBAD4EE-6203-4D86-A8F4-B9EEF4AC926F}.Debug R22|x64.ActiveCfg = Debug R22|x64
		{0EBAD4EE-6203-4D86-A8F4-B9EEF4AC926F}.Debug R22|x64.Build.0 = Debug R22|x64
		{0EBAD4EE-6203-4D86-A8F4-B9EEF4AC926F}.Debug R23|x64.ActiveCfg = Debug R23|x64
		{0EBAD4EE-6203-4D86-A8F4-B9EEF4AC926F}.Debug R23|x64.Build.0 = Debug R23|x64
		{0EBAD4EE-6203-4D86-A8F4-B9EEF4AC926F}.Debug R24|x64.ActiveCfg = Debug R24|x64
		{0EBAD4EE-6203-4D86-A8F4-B9EEF4AC926F}.Debug R24|x64.Build.0 = Debug R24|x64
		{0EBAD4EE-6203-4D86-A8F4-B9EEF4AC926F}.Debug R25|x64.ActiveCfg = Debug R25|x64
		{0EBAD4EE-6203-4D86-A8F4-B9EEF4AC926F}.Debug R25|x64.Build.0 = Debug R25|x64
		{0EBAD4EE-6203-4D86-A8F4-B9EEF4AC926F}.Release R19|x64.ActiveCfg = Release R19|x64
		{0EBAD4EE-6203-4D86-A8F4-B9EEF4AC926F}.Release R19|x64.Build.0 = Release R19|x64
		{0EBAD4EE-6203-4D86-A8F4-B9EEF4AC926F}.Release R20|x64.ActiveCfg = Release R20|x64
		{0EBAD4EE-6203-4D86-A8F4-B9EEF4AC926F}.Release R20|x64.Build.0 = Release R20|x64
		{0EBAD4EE-6203-4D86-A8F4-B9EEF4AC926F}.Release R21|x64.ActiveCfg = Release R21|x64
		{0EBAD4EE-6203-4D86-A8F4-B9EEF4AC926F}.Release R21|x64.Build.0 = Release R21|x64
		{0EBAD4EE-6203-4D86-A8F4-B9EEF4AC926F}.Release R22|x64.ActiveCfg = Release R22|x64
		{0EBAD4EE-6203-4D86-A8F4-B9EEF4AC926F}.Release R22|x64.Build.0 = Release R22|x64
		{0EBAD4EE-6203-4D86-A8F4-B9EEF4AC926F}.Release R23|x64.ActiveCfg = Release R23|x64
		{0EBAD4EE-6203-4D86-A8F4-B9EEF4AC926F}.Release R23|x64.Build.0 = Release R23|x64
		{0EBAD4EE-6203-4D86-A8F4-B9EEF4AC926F}.Release R24|x64.ActiveCfg = Release R24|x64
		{0EBAD4EE-6203-4D86-A8F4-B9EEF4AC926F}.Release R24|x64.Build.0 = Release R24|x64
		{0EBAD4EE-6203-4D86-A8F4-B9EEF4AC926F}.Release R25|x64.ActiveCfg = Release R25|x64
		{0EBAD4EE-6203-4D86-A8F4-B9EEF4AC926F}.Release R25|x64.Build.0 = Release R25|x64
		{DB2ABEFF-28C2-422E-ACD0-C73D804B418F}.Debug R19|x64.ActiveCfg = Debug R19|x64
		{DB2ABEFF-28C2-422E-ACD0-C73D804B418F}.Debug R19|x64.Build.0 = Debug R19|x64
		{DB2ABEFF-28C2-422E-ACD0-C73D804B418F}.Debug R20|x64.ActiveCfg = Debug R20|x64
		{DB2ABEFF-28C2-422E-ACD0-C73D804B418F}.Debug R20|x64.Build.0 = Debug R20|x64
		{DB2ABEFF-28C2-422E-ACD0-C73D804B418F}.Debug R21|x64.ActiveCfg = Debug R21|x64
		{DB2ABEFF-28C2-422E-ACD0-C73D804B418F}.Debug R21|x64.Build.0 = Debug R21|x64
		{DB2ABEFF-28C2-422E-ACD0-C73D804B418F}.Debug R22|x64.ActiveCfg = Debug R22|x64
		{DB2ABEFF-28C2-422E-ACD0-C73D804B418F}.Debug R22|x64.Build.0 = Debug R22|x64
		{DB2ABEFF-28C2-422E-ACD0-C73D804B418F}.Debug R23|x64.ActiveCfg = Debug R23|x64
		{DB2ABEFF-28C2-422E-ACD0-C73D804B418F}.Debug R23|x64.Build.0 = Debug R23|x64
		{DB2ABEFF-28C2-422E-ACD0-C73D804B418F}.Debug R24|x64.ActiveCfg = Debug R24|x64
		{DB2ABEFF-28C2-422E-ACD0-C73D804B418F}.Debug R24|x64.Build.0 = Debug R24|x64
		{DB2ABEFF-28C2-422E-ACD0-C73D804B418F}.Debug R25|x64.ActiveCfg = Debug R25|x64
		{DB2ABEFF-28C2-422E-ACD0-C73D804B418F}.Debug R25|x64.Build.0 = Debug R25|x64
		{DB2ABEFF-28C2-422E-ACD0-C73D804B418F}.Release R19|x64.ActiveCfg = Release R19|x64
		{DB2ABEFF-28C2-422E-ACD0-C73D804B418F}.Release R19|x64.Build.0 = Release R19|x64
		{DB2ABEFF-28C2-422E-ACD0-C73D804B418F}.Release R20|x64.ActiveCfg = Release R20|x64
		{DB2ABEFF-28C2-422E-ACD0-C73D804B418F}.Release R20|x64.Build.0 = Release R20|x64
		{DB2ABEFF-28C2-422E-ACD0-C73D804B418F}.Release R21|x64.ActiveCfg = Release R21|x64
		{DB2ABEFF-28C2-422E-ACD0-C73D804B418F}.Release R21|x64.Build.0 = Release R21|x64
		{DB2ABEFF-28C2-422E-ACD0-C73D804B418F}.Release R22|x64.ActiveCfg = Release R22|x64
		{DB2ABEFF-28C2-422E-ACD0-C73D804B418F}.Release R22|x64.Build.0 = Release R22|x64
		{DB2ABEFF-28C2-422E-ACD0-C73D804B418F}.Release R23|x64.ActiveCfg = Release R23|x64
		{DB2ABEFF-28C2-422E-ACD0-C73D804B418F}.Release R23|x64.Build.0 = Release R23|x64
		{DB2ABEFF-28C2-422E-ACD0-C73D804B418F}.Release R24|x64.ActiveCfg = Release R24|x64
		{DB2ABEFF-28C2-422E-ACD0-C73D804B418F}.Release R24|x64.Build.0 = Release R24|x64
		{DB2ABEFF-28C2-422E-ACD0-C73D804B418F}.Release R25|x64.ActiveCfg = Release R25|x64
		{DB2ABEFF-28C2-422E-ACD0-C73D804B418F}.Release R25|x64.Build.0 = Release R25|x64
		{76018814-D587-4951-85E2-1EECC2EF86EE}.Debug R19|x64.ActiveCfg = Debug R19|x64
		{76018814-D587-4951-85E2-1EECC2EF86EE}.Debug R19|x64.Build.0 = Debug R19|x64
		{76018814-D587-4951-85E2-1EECC2EF86EE}.Debug R20|x64.ActiveCfg = Debug R20|x64
		{76018814-D587-4951-85E2-1EECC2EF86EE}.Debug R20|x64.Build.0 = Debug R20|x64
		{76018814-D587-4951-85E2-1EECC2EF86EE}.Debug R21|x64.ActiveCfg = Debug R21|x64
		{76018814-D587-4951-85E2-1EECC2EF86EE}.Debug R21|x64.Build.0 = Debug R21|x64
		{76018814-D587-4951-85E2-1EECC2EF86EE}.Debug R22|x64.ActiveCfg = Debug R22|x64
		{76018814-D587-4951-85E2-1EECC2EF86EE}.Debug R22|x64.Build.0 = Debug R22|x64
		{76018814-D587-4951-85E2-1EECC2EF86EE}.Debug R23|x64.ActiveCfg = Debug R23|x64
		{76018814-D587-4951-85E2-1EECC2EF86EE}.Debug R23|x64.Build.0 = Debug R23|x64
		{76018814-D587-4951-85E2-1EECC2EF86EE}.Debug R24|x64.ActiveCfg = Debug R24|x64
		{76018814-D587-4951-85E2-1EECC2EF86EE}.Debug R24|x64.Build.0 = Debug R24|x64
		{76018814-D587-4951-85E2-1EECC2EF86EE}.Debug R25|x64.ActiveCfg = Debug R25|x64
		{76018814-D587-4951-85E2-1EECC2EF86EE}.Debug R25|x64.Build.0 = Debug R25|x64
		{76018814-D587-4951-85E2-1EECC2EF86EE}.Release R19|x64.ActiveCfg = Release R19|x64
		{76018814-D587-4951-85E2-1EECC2EF86EE}.Release R19|x64.Build.0 = Release R19|x64
		{76018814-D587-4951-85E2-1EECC2EF86EE}.Release R20|x64.ActiveCfg = Release R20|x64
		{76018814-D587-4951-85E2-1EECC2EF86EE}.Release R20|x64.Build.0 = Release R20|x64
		{76018814-D587-4951-85E2-1EECC2EF86EE}.Release R21|x64.ActiveCfg = Release R21|x64
		{76018814-D587-4951-85E2-1EECC2EF86EE}.Release R21|x64.Build.0 = Release R21|x64
		{76018814-D587-4951-85E2-1EECC2EF86EE}.Release R22|x64.ActiveCfg = Release R22|x64
		{76018814-D587-4951-85E2-1EECC2EF86EE}.Release R22|x64.Build.0 = Release R22|x64
		{76018814-D587-4951-85E2-1EECC2EF86EE}.Release R23|x64.ActiveCfg = Release R23|x64
		{76018814-D587-4951-85E2-1EECC2EF86EE}.Release R23|x64.Build.0 = Release R23|x64
		{76018814-D587-4951-85E2-1EECC2EF86EE}.Release R24|x64.ActiveCfg = Release R24|x64
		{76018814-D587-4951-85E2-1EECC2EF86EE}.Release R24|x64.Build.0 = Release R24|x64
		{76018814-D587-4951-85E2-1EECC2EF86EE}.Release R25|x64.ActiveCfg = Release R25|x64
		{76018814-D587-4951-85E2-1EECC2EF86EE}.Release R25|x64.Build.0 = Release R25|x64
		{068558B8-5372-418D-B53E-7EFF3EB071FF}.Debug R19|x64.ActiveCfg = Debug R19|x64
		{068558B8-5372-418D-B53E-7EFF3EB071FF}.Debug R19|x64.Build.0 = Debug R19|x64
		{068558B8-5372-418D-B53E-7EFF3EB071FF}.Debug R20|x64.ActiveCfg = Debug R20|x64
		{068558B8-5372-418D-B53E-7EFF3EB071FF}.Debug R20|x64.Build.0 = Debug R20|x64
		{068558B8-5372-418D-B53E-7EFF3EB071FF}.Debug R21|x64.ActiveCfg = Debug R21|x64
		{068558B8-5372-418D-B53E-7EFF3EB071FF}.Debug R21|x64.Build.0 = Debug R21|x64
		{068558B8-5372-418D-B53E-7EFF3EB071FF}.Debug R22|x64.ActiveCfg = Debug R22|x64
		{068558B8-5372-418D-B53E-7EFF3EB071FF}.Debug R22|x64.Build.0 = Debug R22|x64
		{068558B8-5372-418D-B53E-7EFF3EB071FF}.Debug R23|x64.ActiveCfg = Debug R23|x64
		{068558B8-5372-418D-B53E-7EFF3EB071FF}.Debug R23|x64.Build.0 = Debug R23|x64
		{068558B8-5372-418D-B53E-7EFF3EB071FF}.Debug R24|x64.ActiveCfg = Debug R24|x64
		{068558B8-5372-418D-B53E-7EFF3EB071FF}.Debug R24|x64.Build.0 = Debug R24|x64
		{068558B8-5372-418D-B53E-7EFF3EB071FF}.Debug R25|x64.ActiveCfg = Debug R25|x64
		{068558B8-5372-418D-B53E-7EFF3EB071FF}.Debug R25|x64.Build.0 = Debug R25|x64
		{068558B8-5372-418D-B53E-7EFF3EB071FF}.Release R19|x64.ActiveCfg = Release R19|x64
		{068558B8-5372-418D-B53E-7EFF3EB071FF}.Release R19|x64.Build.0 = Release R19|x64
		{068558B8-5372-418D-B53E-7EFF3EB071FF}.Release R20|x64.ActiveCfg = Release R20|x64
		{068558B8-5372-418D-B53E-7EFF3EB071FF}.Release R20|x64.Build.0 = Release R20|x64
		{068558B8-5372-418D-B53E-7EFF3EB071FF}.Release R21|x64.ActiveCfg = Release R21|x64
		{068558B8-5372-418D-B53E-7EFF3EB071FF}.Release R21|x64.Build.0 = Release R21|x64
		{068558B8-5372-418D-B53E-7EFF3EB071FF}.Release R22|x64.ActiveCfg = Release R22|x64
		{068558B8-5372-418D-B53E-7EFF3EB071FF}.Release R22|x64.Build.0 = Release R22|x64
		{068558B8-5372-418D-B53E-7EFF3EB071FF}.Release R23|x64.ActiveCfg = Release R23|x64
		{068558B8-5372-418D-B53E-7EFF3EB071FF}.Release R23|x64.Build.0 = Release R23|x64
		{068558B8-5372-418D-B53E-7EFF3EB071FF}.Release R24|x64.ActiveCfg = Release R24|x64
		{068558B8-5372-418D-B53E-7EFF3EB071FF}.Release R24|x64.Build.0 = Release R24|x64
		{068558B8-5372-418D-B53E-7EFF3EB071FF}.Release R25|x64.ActiveCfg = Release R25|x64
		{068558B8-5372-418D-B53E-7EFF3EB071FF}.Release R25|x64.Build.0 = Release R25|x64
		{86CCC14B-D1B4-4536-9017-CE11B3C8EF62}.Debug R19|x64.ActiveCfg = Debug R19|x64
		{86CCC14B-D1B4-4536-9017-CE11B3C8EF62}.Debug R19|x64.Build.0 = Debug R19|x64
		{86CCC14B-D1B4-4536-9017-CE11B3C8EF62}.Debug R20|x64.ActiveCfg = Debug R20|x64
		{86CCC14B-D1B4-4536-9017-CE11B3C8EF62}.Debug R20|x64.Build.0 = Debug R20|x64
		{86CCC14B-D1B4-4536-9017-CE11B3C8EF62}.Debug R21|x64.ActiveCfg = Debug R21|x64
		{86CCC14B-D1B4-4536-9017-CE11B3C8EF62}.Debug R21|x64.Build.0 = Debug R21|x64
		{86CCC14B-D1B4-4536-9017-CE11B3C8EF62}.Debug R22|x64.ActiveCfg = Debug R22|x64
		{86CCC14B-D1B4-4536-9017-CE11B3C8EF62}.Debug R22|x64.Build.0 = Debug R22|x64
		{86CCC14B-D1B4-4536-9017-CE11B3C8EF62}.Debug R23|x64.ActiveCfg = Debug R23|x64
		{86CCC14B-D1B4-4536-9017-CE11B3C8EF62}.Debug R23|x64.Build.0 = Debug R23|x64
		{86CCC14B-D1B4-4536-9017-CE11B3C8EF62}.Debug R24|x64.ActiveCfg = Debug R24|x64
		{86CCC14B-D1B4-4536-9017-CE11B3C8EF62}.Debug R24|x64.Build.0 = Debug R24|x64
		{86CCC14B-D1B4-4536-9017-CE11B3C8EF62}.Debug R25|x64.ActiveCfg = Debug R25|x64
		{86CCC14B-D1B4-4536-9017-CE11B3C8EF62}.Debug R25|x64.Build.0 = Debug R25|x64
		{86CCC14B-D1B4-4536-9017-CE11B3C8EF62}.Release R19|x64.ActiveCfg = Release R19|x64
		{86CCC14B-D1B4-4536-9017-CE11B3C8EF62}.Release R19|x64.Build.0 = Release R19|x64
		{86CCC14B-D1B4-4536-9017-CE11B3C8EF62}.Release R20|x64.ActiveCfg = Release R20|x64
		{86CCC14B-D1B4-4536-9017-CE11B3C8EF62}.Release R20|x64.Build.0 = Release R20|x64
		{86CCC14B-D1B4-4536-9017-CE11B3C8EF62}.Release R21|x64.ActiveCfg = Release R21|x64
		{86CCC14B-D1B4-4536-9017-CE11B3C8EF62}.Release R21|x64.Build.0 = Release R21|x64
		{86CCC14B-D1B4-4536-9017-CE11B3C8EF62}.Release R22|x64.ActiveCfg = Release R22|x64
		{86CCC14B-D1B4-4536-9017-CE11B3C8EF62}.Release R22|x64.Build.0 = Release R22|x64
		{86CCC14B-D1B4-4536-9017-CE11B3C8EF62}.Release R23|x64.ActiveCfg = Release R23|x64
		{86CCC14B-D1B4-4536-9017-CE11B3C8EF62}.Release R23|x64.Build.0 = Release R23|x64
		{86CCC14B-D1B4-4536-9017-CE11B3C8EF62}.Release R24|x64.ActiveCfg = Release R24|x64
		{86CCC14B-D1B4-4536-9017-CE11B3C8EF62}.Release R24|x64.Build.0 = Release R24|x64
		{86CCC14B-D1B4-4536-9017-CE11B3C8EF62}.Release R25|x64.ActiveCfg = Release R25|x64
		{86CCC14B-D1B4-4536-9017-CE11B3C8EF62}.Release R25|x64.Build.0 = Release R25|x64
		{D964BC45-F47F-4135-9F5A-3F393F1F3177}.Debug R19|x64.ActiveCfg = Debug R19|x64
		{D964BC45-F47F-4135-9F5A-3F393F1F3177}.Debug R19|x64.Build.0 = Debug R19|x64
		{D964BC45-F47F-4135-9F5A-3F393F1F3177}.Debug R20|x64.ActiveCfg = Debug R20|x64
		{D964BC45-F47F-4135-9F5A-3F393F1F3177}.Debug R20|x64.Build.0 = Debug R20|x64
		{D964BC45-F47F-4135-9F5A-3F393F1F3177}.Debug R21|x64.ActiveCfg = Debug R21|x64
		{D964BC45-F47F-4135-9F5A-3F393F1F3177}.Debug R21|x64.Build.0 = Debug R21|x64
		{D964BC45-F47F-4135-9F5A-3F393F1F3177}.Debug R22|x64.ActiveCfg = Debug R22|x64
		{D964BC45-F47F-4135-9F5A-3F393F1F3177}.Debug R22|x64.Build.0 = Debug R22|x64
		{D964BC45-F47F-4135-9F5A-3F393F1F3177}.Debug R23|x64.ActiveCfg = Debug R23|x64
		{D964BC45-F47F-4135-9F5A-3F393F1F3177}.Debug R23|x64.Build.0 = Debug R23|x64
		{D964BC45-F47F-4135-9F5A-3F393F1F3177}.Debug R24|x64.ActiveCfg = Debug R24|x64
		{D964BC45-F47F-4135-9F5A-3F393F1F3177}.Debug R24|x64.Build.0 = Debug R24|x64
		{D964BC45-F47F-4135-9F5A-3F393F1F3177}.Debug R25|x64.ActiveCfg = Debug R25|x64
		{D964BC45-F47F-4135-9F5A-3F393F1F3177}.Debug R25|x64.Build.0 = Debug R25|x64
		{D964BC45-F47F-4135-9F5A-3F393F1F3177}.Release R19|x64.ActiveCfg = Release R19|x64
		{D964BC45-F47F-4135-9F5A-3F393F1F3177}.Release R19|x64.Build.0 = Release R19|x64
		{D964BC45-F47F-4135-9F5A-3F393F1F3177}.Release R20|x64.ActiveCfg = Release R20|x64
		{D964BC45-F47F-4135-9F5A-3F393F1F3177}.Release R20|x64.Build.0 = Release R20|x64
		{D964BC45-F47F-4135-9F5A-3F393F1F3177}.Release R21|x64.ActiveCfg = Release R21|x64
		{D964BC45-F47F-4135-9F5A-3F393F1F3177}.Release R21|x64.Build.0 = Release R21|x64
		{D964BC45-F47F-4135-9F5A-3F393F1F3177}.Release R22|x64.ActiveCfg = Release R22|x64
		{D964BC45-F47F-4135-9F5A-3F393F1F3177}.Release R22|x64.Build.0 = Release R22|x64
		{D964BC45-F47F-4135-9F5A-3F393F1F3177}.Release R23|x64.ActiveCfg = Release R23|x64
		{D964BC45-F47F-4135-9F5A-3F393F1F3177}.Release R23|x64.Build.0 = Release R23|x64
		{D964BC45-F47F-4135-9F5A-3F393F1F3177}.Release R24|x64.ActiveCfg = Release R24|x64
		{D964BC45-F47F-4135-9F5A-3F393F1F3177}.Release R24|x64.Build.0 = Release R24|x64
		{D964BC45-F47F-4135-9F5A-3F393F1F3177}.Release R25|x64.ActiveCfg = Release R25|x64
		{D964BC45-F47F-4135-9F5A-3F393F1F3177}.Release R25|x64.Build.0 = Release R25|x64
		{7761A3DE-B348-4F97-BEF1-1E3352174C34}.Debug R19|x64.ActiveCfg = Debug R19|x64
		{7761A3DE-B348-4F97-BEF1-1E3352174C34}.Debug R19|x64.Build.0 = Debug R19|x64
		{7761A3DE-B348-4F97-BEF1-1E3352174C34}.Debug R20|x64.ActiveCfg = Debug R20|x64
		{7761A3DE-B348-4F97-BEF1-1E3352174C34}.Debug R20|x64.Build.0 = Debug R20|x64
		{7761A3DE-B348-4F97-BEF1-1E3352174C34}.Debug R21|x64.ActiveCfg = Debug R21|x64
		{7761A3DE-B348-4F97-BEF1-1E3352174C34}.Debug R21|x64.Build.0 = Debug R21|x64
		{7761A3DE-B348-4F97-BEF1-1E3352174C34}.Debug R22|x64.ActiveCfg = Debug R22|x64
		{7761A3DE-B348-4F97-BEF1-1E3352174C34}.Debug R22|x64.Build.0 = Debug R22|x64
		{7761A3DE-B348-4F97-BEF1-1E3352174C34}.Debug R23|x64.ActiveCfg = Debug R23|x64
		{7761A3DE-B348-4F97-BEF1-1E3352174C34}.Debug R23|x64.Build.0 = Debug R23|x64
		{7761A3DE-B348-4F97-BEF1-1E3352174C34}.Debug R24|x64.ActiveCfg = Debug R24|x64
		{7761A3DE-B348-4F97-BEF1-1E3352174C34}.Debug R24|x64.Build.0 = Debug R24|x64
		{7761A3DE-B348-4F97-BEF1-1E3352174C34}.Debug R25|x64.ActiveCfg = Debug R25|x64
		{7761A3DE-B348-4F97-BEF1-1E3352174C34}.Debug R25|x64.Build.0 = Debug R25|x64
		{7761A3DE-B348-4F97-BEF1-1E3352174C34}.Release R19|x64.ActiveCfg = Release R19|x64
		{7761A3DE-B348-4F97-BEF1-1E3352174C34}.Release R19|x64.Build.0 = Release R19|x64
		{7761A3DE-B348-4F97-BEF1-1E3352174C34}.Release R20|x64.ActiveCfg = Release R20|x64
		{7761A3DE-B348-4F97-BEF1-1E3352174C34}.Release R20|x64.Build.0 = Release R20|x64
		{7761A3DE-B348-4F97-BEF1-1E3352174C34}.Release R21|x64.ActiveCfg = Release R21|x64
		{7761A3DE-B348-4F97-BEF1-1E3352174C34}.Release R21|x64.Build.0 = Release R21|x64
		{7761A3DE-B348-4F97-BEF1-1E3352174C34}.Release R22|x64.ActiveCfg = Release R22|x64
		{7761A3DE-B348-4F97-BEF1-1E3352174C34}.Release R22|x64.Build.0 = Release R22|x64
		{7761A3DE-B348-4F97-BEF1-1E3352174C34}.Release R23|x64.ActiveCfg = Release R23|x64
		{7761A3DE-B348-4F97-BEF1-1E3352174C34}.Release R23|x64.Build.0 = Release R23|x64
		{7761A3DE-B348-4F97-BEF1-1E3352174C34}.Release R24|x64.ActiveCfg = Release R24|x64
		{7761A3DE-B348-4F97-BEF1-1E3352174C34}.Release R24|x64.Build.0 = Release R24|x64
		{7761A3DE-B348-4F97-BEF1-1E3352174C34}.Release R25|x64.ActiveCfg = Release R25|x64
		{7761A3DE-B348-4F97-BEF1-1E3352174C34}.Release R25|x64.Build.0 = Release R25|x64
		{E39B5060-9ACC-082A-7DE9-F1E918ECD7C3}.Debug R19|x64.ActiveCfg = Debug R19|Any CPU
		{E39B5060-9ACC-082A-7DE9-F1E918ECD7C3}.Debug R19|x64.Build.0 = Debug R19|Any CPU
		{E39B5060-9ACC-082A-7DE9-F1E918ECD7C3}.Debug R20|x64.ActiveCfg = Debug R20|Any CPU
		{E39B5060-9ACC-082A-7DE9-F1E918ECD7C3}.Debug R20|x64.Build.0 = Debug R20|Any CPU
		{E39B5060-9ACC-082A-7DE9-F1E918ECD7C3}.Debug R21|x64.ActiveCfg = Debug R21|Any CPU
		{E39B5060-9ACC-082A-7DE9-F1E918ECD7C3}.Debug R21|x64.Build.0 = Debug R21|Any CPU
		{E39B5060-9ACC-082A-7DE9-F1E918ECD7C3}.Debug R22|x64.ActiveCfg = Debug R22|Any CPU
		{E39B5060-9ACC-082A-7DE9-F1E918ECD7C3}.Debug R22|x64.Build.0 = Debug R22|Any CPU
		{E39B5060-9ACC-082A-7DE9-F1E918ECD7C3}.Debug R23|x64.ActiveCfg = Debug R23|Any CPU
		{E39B5060-9ACC-082A-7DE9-F1E918ECD7C3}.Debug R23|x64.Build.0 = Debug R23|Any CPU
		{E39B5060-9ACC-082A-7DE9-F1E918ECD7C3}.Debug R24|x64.ActiveCfg = Debug R24|Any CPU
		{E39B5060-9ACC-082A-7DE9-F1E918ECD7C3}.Debug R24|x64.Build.0 = Debug R24|Any CPU
		{E39B5060-9ACC-082A-7DE9-F1E918ECD7C3}.Debug R25|x64.ActiveCfg = Debug R25|x64
		{E39B5060-9ACC-082A-7DE9-F1E918ECD7C3}.Debug R25|x64.Build.0 = Debug R25|x64
		{E39B5060-9ACC-082A-7DE9-F1E918ECD7C3}.Release R19|x64.ActiveCfg = Release R19|Any CPU
		{E39B5060-9ACC-082A-7DE9-F1E918ECD7C3}.Release R19|x64.Build.0 = Release R19|Any CPU
		{E39B5060-9ACC-082A-7DE9-F1E918ECD7C3}.Release R20|x64.ActiveCfg = Release R20|Any CPU
		{E39B5060-9ACC-082A-7DE9-F1E918ECD7C3}.Release R20|x64.Build.0 = Release R20|Any CPU
		{E39B5060-9ACC-082A-7DE9-F1E918ECD7C3}.Release R21|x64.ActiveCfg = Release R21|Any CPU
		{E39B5060-9ACC-082A-7DE9-F1E918ECD7C3}.Release R21|x64.Build.0 = Release R21|Any CPU
		{E39B5060-9ACC-082A-7DE9-F1E918ECD7C3}.Release R22|x64.ActiveCfg = Release R22|Any CPU
		{E39B5060-9ACC-082A-7DE9-F1E918ECD7C3}.Release R22|x64.Build.0 = Release R22|Any CPU
		{E39B5060-9ACC-082A-7DE9-F1E918ECD7C3}.Release R23|x64.ActiveCfg = Release R23|Any CPU
		{E39B5060-9ACC-082A-7DE9-F1E918ECD7C3}.Release R23|x64.Build.0 = Release R23|Any CPU
		{E39B5060-9ACC-082A-7DE9-F1E918ECD7C3}.Release R24|x64.ActiveCfg = Release R24|Any CPU
		{E39B5060-9ACC-082A-7DE9-F1E918ECD7C3}.Release R24|x64.Build.0 = Release R24|Any CPU
		{E39B5060-9ACC-082A-7DE9-F1E918ECD7C3}.Release R25|x64.ActiveCfg = Release R25|Any CPU
		{E39B5060-9ACC-082A-7DE9-F1E918ECD7C3}.Release R25|x64.Build.0 = Release R25|Any CPU
		{9A6F6526-01D7-4372-BBDE-A70DF35DF598}.Debug R19|x64.ActiveCfg = Debug|Any CPU
		{9A6F6526-01D7-4372-BBDE-A70DF35DF598}.Debug R19|x64.Build.0 = Debug|Any CPU
		{9A6F6526-01D7-4372-BBDE-A70DF35DF598}.Debug R20|x64.ActiveCfg = Debug|Any CPU
		{9A6F6526-01D7-4372-BBDE-A70DF35DF598}.Debug R20|x64.Build.0 = Debug|Any CPU
		{9A6F6526-01D7-4372-BBDE-A70DF35DF598}.Debug R21|x64.ActiveCfg = Debug|Any CPU
		{9A6F6526-01D7-4372-BBDE-A70DF35DF598}.Debug R21|x64.Build.0 = Debug|Any CPU
		{9A6F6526-01D7-4372-BBDE-A70DF35DF598}.Debug R22|x64.ActiveCfg = Debug|Any CPU
		{9A6F6526-01D7-4372-BBDE-A70DF35DF598}.Debug R22|x64.Build.0 = Debug|Any CPU
		{9A6F6526-01D7-4372-BBDE-A70DF35DF598}.Debug R23|x64.ActiveCfg = Debug|Any CPU
		{9A6F6526-01D7-4372-BBDE-A70DF35DF598}.Debug R23|x64.Build.0 = Debug|Any CPU
		{9A6F6526-01D7-4372-BBDE-A70DF35DF598}.Debug R24|x64.ActiveCfg = Debug|Any CPU
		{9A6F6526-01D7-4372-BBDE-A70DF35DF598}.Debug R24|x64.Build.0 = Debug|Any CPU
		{9A6F6526-01D7-4372-BBDE-A70DF35DF598}.Debug R25|x64.ActiveCfg = Debug R25|x64
		{9A6F6526-01D7-4372-BBDE-A70DF35DF598}.Debug R25|x64.Build.0 = Debug R25|x64
		{9A6F6526-01D7-4372-BBDE-A70DF35DF598}.Release R19|x64.ActiveCfg = Release|Any CPU
		{9A6F6526-01D7-4372-BBDE-A70DF35DF598}.Release R19|x64.Build.0 = Release|Any CPU
		{9A6F6526-01D7-4372-BBDE-A70DF35DF598}.Release R20|x64.ActiveCfg = Release|Any CPU
		{9A6F6526-01D7-4372-BBDE-A70DF35DF598}.Release R20|x64.Build.0 = Release|Any CPU
		{9A6F6526-01D7-4372-BBDE-A70DF35DF598}.Release R21|x64.ActiveCfg = Release|Any CPU
		{9A6F6526-01D7-4372-BBDE-A70DF35DF598}.Release R21|x64.Build.0 = Release|Any CPU
		{9A6F6526-01D7-4372-BBDE-A70DF35DF598}.Release R22|x64.ActiveCfg = Release|Any CPU
		{9A6F6526-01D7-4372-BBDE-A70DF35DF598}.Release R22|x64.Build.0 = Release|Any CPU
		{9A6F6526-01D7-4372-BBDE-A70DF35DF598}.Release R23|x64.ActiveCfg = Release|Any CPU
		{9A6F6526-01D7-4372-BBDE-A70DF35DF598}.Release R23|x64.Build.0 = Release|Any CPU
		{9A6F6526-01D7-4372-BBDE-A70DF35DF598}.Release R24|x64.ActiveCfg = Release|Any CPU
		{9A6F6526-01D7-4372-BBDE-A70DF35DF598}.Release R24|x64.Build.0 = Release|Any CPU
		{9A6F6526-01D7-4372-BBDE-A70DF35DF598}.Release R25|x64.ActiveCfg = Release|Any CPU
		{9A6F6526-01D7-4372-BBDE-A70DF35DF598}.Release R25|x64.Build.0 = Release|Any CPU
	EndGlobalSection
	GlobalSection(SolutionProperties) = preSolution
		HideSolutionNode = FALSE
	EndGlobalSection
	GlobalSection(ExtensibilityGlobals) = postSolution
		SolutionGuid = {F6FBF6E2-5609-44E4-9BDA-D785D2D07AFC}
	EndGlobalSection
EndGlobal
